// !$*UTF8*$!
{
	archiveVersion = 1;
	classes = {
	};
	objectVersion = 73;
	objects = {

/* Begin PBXBuildFile section */
		750497EC2DFBFCFC00FF32D5 /* org.eof.tools.VSPDriver.dext in Copy VSP Driver DEXT */ = {isa = PBXBuildFile; fileRef = 88B40D572D4B666700DFE7C5 /* org.eof.tools.VSPDriver.dext */; settings = {ATTRIBUTES = (RemoveHeadersOnCopy, ); }; };
		75508F722DFB362E006597BD /* DriverKit.framework in Frameworks */ = {isa = PBXBuildFile; fileRef = 88906F492D4CCACB00E500BB /* DriverKit.framework */; };
		75508F742DFB363A006597BD /* SerialDriverKit.framework in Frameworks */ = {isa = PBXBuildFile; fileRef = 75508F732DFB363A006597BD /* SerialDriverKit.framework */; };
		7550B79F2DFB3C7C006597BD /* QtStateMachine.framework in Embed Libraries */ = {isa = PBXBuildFile; fileRef = 7550B7902DFB3C7C006597BD /* QtStateMachine.framework */; settings = {ATTRIBUTES = (CodeSignOnCopy, RemoveHeadersOnCopy, ); }; };
		7550B7A02DFB3C7C006597BD /* QtWidgets.framework in Embed Libraries */ = {isa = PBXBuildFile; fileRef = 7550B7912DFB3C7C006597BD /* QtWidgets.framework */; settings = {ATTRIBUTES = (CodeSignOnCopy, RemoveHeadersOnCopy, ); }; };
		7550B7A12DFB3C7C006597BD /* QtVirtualKeyboardSettings.framework in Embed Libraries */ = {isa = PBXBuildFile; fileRef = 7550B7922DFB3C7C006597BD /* QtVirtualKeyboardSettings.framework */; settings = {ATTRIBUTES = (CodeSignOnCopy, RemoveHeadersOnCopy, ); }; };
		7550B7A22DFB3C7C006597BD /* QtCore.framework in Embed Libraries */ = {isa = PBXBuildFile; fileRef = 7550B7932DFB3C7C006597BD /* QtCore.framework */; settings = {ATTRIBUTES = (CodeSignOnCopy, RemoveHeadersOnCopy, ); }; };
		7550B7A32DFB3C7C006597BD /* QtXml.framework in Embed Libraries */ = {isa = PBXBuildFile; fileRef = 7550B7942DFB3C7C006597BD /* QtXml.framework */; settings = {ATTRIBUTES = (CodeSignOnCopy, RemoveHeadersOnCopy, ); }; };
		7550B7A42DFB3C7C006597BD /* QtVirtualKeyboard.framework in Embed Libraries */ = {isa = PBXBuildFile; fileRef = 7550B7952DFB3C7C006597BD /* QtVirtualKeyboard.framework */; settings = {ATTRIBUTES = (CodeSignOnCopy, RemoveHeadersOnCopy, ); }; };
		7550B7A52DFB3C7C006597BD /* QtSerialPort.framework in Embed Libraries */ = {isa = PBXBuildFile; fileRef = 7550B7962DFB3C7C006597BD /* QtSerialPort.framework */; settings = {ATTRIBUTES = (CodeSignOnCopy, RemoveHeadersOnCopy, ); }; };
		7550B7A62DFB3C7C006597BD /* QtGui.framework in Embed Libraries */ = {isa = PBXBuildFile; fileRef = 7550B7972DFB3C7C006597BD /* QtGui.framework */; settings = {ATTRIBUTES = (CodeSignOnCopy, RemoveHeadersOnCopy, ); }; };
		7550B7A72DFB3C7C006597BD /* QtDBus.framework in Embed Libraries */ = {isa = PBXBuildFile; fileRef = 7550B7982DFB3C7C006597BD /* QtDBus.framework */; settings = {ATTRIBUTES = (CodeSignOnCopy, RemoveHeadersOnCopy, ); }; };
		7550B7A82DFB3C7C006597BD /* QtSerialBus.framework in Embed Libraries */ = {isa = PBXBuildFile; fileRef = 7550B7992DFB3C7C006597BD /* QtSerialBus.framework */; settings = {ATTRIBUTES = (CodeSignOnCopy, RemoveHeadersOnCopy, ); }; };
		7550B7A92DFB3C7C006597BD /* QtCore5Compat.framework in Embed Libraries */ = {isa = PBXBuildFile; fileRef = 7550B79A2DFB3C7C006597BD /* QtCore5Compat.framework */; settings = {ATTRIBUTES = (CodeSignOnCopy, RemoveHeadersOnCopy, ); }; };
		7550B7AA2DFB3C7C006597BD /* QtNetworkAuth.framework in Embed Libraries */ = {isa = PBXBuildFile; fileRef = 7550B79B2DFB3C7C006597BD /* QtNetworkAuth.framework */; settings = {ATTRIBUTES = (CodeSignOnCopy, RemoveHeadersOnCopy, ); }; };
		7550B7AB2DFB3C7C006597BD /* QtSensors.framework in Embed Libraries */ = {isa = PBXBuildFile; fileRef = 7550B79C2DFB3C7C006597BD /* QtSensors.framework */; settings = {ATTRIBUTES = (CodeSignOnCopy, RemoveHeadersOnCopy, ); }; };
		7550B7AC2DFB3C7C006597BD /* QtNetwork.framework in Embed Libraries */ = {isa = PBXBuildFile; fileRef = 7550B79D2DFB3C7C006597BD /* QtNetwork.framework */; settings = {ATTRIBUTES = (CodeSignOnCopy, RemoveHeadersOnCopy, ); }; };
		7550B7AD2DFB3C7C006597BD /* QtConcurrent.framework in Embed Libraries */ = {isa = PBXBuildFile; fileRef = 7550B79E2DFB3C7C006597BD /* QtConcurrent.framework */; settings = {ATTRIBUTES = (CodeSignOnCopy, RemoveHeadersOnCopy, ); }; };
		880539ED2D4BAFBF00E55104 /* Assets.xcassets in Resources */ = {isa = PBXBuildFile; fileRef = 880539EC2D4BAFBF00E55104 /* Assets.xcassets */; };
		883C30A22D6F1C550029BE30 /* IOKit.framework in Frameworks */ = {isa = PBXBuildFile; fileRef = 883C30A12D6F1C550029BE30 /* IOKit.framework */; };
		883C30A32D6F1C610029BE30 /* CoreFoundation.framework in Frameworks */ = {isa = PBXBuildFile; fileRef = 8854A99E2D5DB1E400C27252 /* CoreFoundation.framework */; };
		884F6EC72D59A5C90066353A /* VSPUserClient.cpp in Sources */ = {isa = PBXBuildFile; fileRef = 884F6EC62D59A5C90066353A /* VSPUserClient.cpp */; };
		88698B912D76DDD70008EF6B /* vspclient_16x16@2x.png in Resources */ = {isa = PBXBuildFile; fileRef = 88698B882D76DDD70008EF6B /* vspclient_16x16@2x.png */; };
		88698B922D76DDD70008EF6B /* vspclient_128x128.png in Resources */ = {isa = PBXBuildFile; fileRef = 88698B8B2D76DDD70008EF6B /* vspclient_128x128.png */; };
		88698B932D76DDD70008EF6B /* vspclient_256x256@2x.png in Resources */ = {isa = PBXBuildFile; fileRef = 88698B8E2D76DDD70008EF6B /* vspclient_256x256@2x.png */; };
		88698B942D76DDD70008EF6B /* vspclient_512x512@2x.png in Resources */ = {isa = PBXBuildFile; fileRef = 88698B902D76DDD70008EF6B /* vspclient_512x512@2x.png */; };
		88698B952D76DDD70008EF6B /* vspclient_32x32.png in Resources */ = {isa = PBXBuildFile; fileRef = 88698B892D76DDD70008EF6B /* vspclient_32x32.png */; };
		88698B962D76DDD70008EF6B /* vspclient_32x32@2x.png in Resources */ = {isa = PBXBuildFile; fileRef = 88698B8A2D76DDD70008EF6B /* vspclient_32x32@2x.png */; };
		88698B972D76DDD70008EF6B /* vspclient_256x256.png in Resources */ = {isa = PBXBuildFile; fileRef = 88698B8D2D76DDD70008EF6B /* vspclient_256x256.png */; };
		88698B982D76DDD70008EF6B /* vspclient_128x128@2x.png in Resources */ = {isa = PBXBuildFile; fileRef = 88698B8C2D76DDD70008EF6B /* vspclient_128x128@2x.png */; };
		88698B992D76DDD70008EF6B /* vspclient_512x512.png in Resources */ = {isa = PBXBuildFile; fileRef = 88698B8F2D76DDD70008EF6B /* vspclient_512x512.png */; };
		88698B9A2D76DDD70008EF6B /* vspclient_16x16.png in Resources */ = {isa = PBXBuildFile; fileRef = 88698B872D76DDD70008EF6B /* vspclient_16x16.png */; };
		886B50982D805192007BE2EC /* VSPSetup.framework in Frameworks */ = {isa = PBXBuildFile; fileRef = 886B508A2D805141007BE2EC /* VSPSetup.framework */; };
		886B50992D805196007BE2EC /* VSPController.framework in Frameworks */ = {isa = PBXBuildFile; fileRef = 886B50832D805115007BE2EC /* VSPController.framework */; };
		886B509A2D805199007BE2EC /* VSPClientUI.framework in Frameworks */ = {isa = PBXBuildFile; fileRef = 886B50912D805161007BE2EC /* VSPClientUI.framework */; };
		886B509B2D8051B7007BE2EC /* VSPSetup.framework in Embed Libraries */ = {isa = PBXBuildFile; fileRef = 886B508A2D805141007BE2EC /* VSPSetup.framework */; settings = {ATTRIBUTES = (CodeSignOnCopy, RemoveHeadersOnCopy, ); }; };
		886B509C2D8051C0007BE2EC /* VSPController.framework in Embed Libraries */ = {isa = PBXBuildFile; fileRef = 886B50832D805115007BE2EC /* VSPController.framework */; settings = {ATTRIBUTES = (CodeSignOnCopy, RemoveHeadersOnCopy, ); }; };
		886B509D2D8051C5007BE2EC /* VSPClientUI.framework in Embed Libraries */ = {isa = PBXBuildFile; fileRef = 886B50912D805161007BE2EC /* VSPClientUI.framework */; settings = {ATTRIBUTES = (CodeSignOnCopy, RemoveHeadersOnCopy, ); }; };
		88878E1A2D7A085F00092D65 /* Foundation.framework in Frameworks */ = {isa = PBXBuildFile; fileRef = 885DE9332D5E82CD00CFECEE /* Foundation.framework */; };
		88878E1C2D7A09EB00092D65 /* VSPInfoDialog.m in Sources */ = {isa = PBXBuildFile; fileRef = 88878E1B2D7A09EB00092D65 /* VSPInfoDialog.m */; };
		8899C34A2D525AD800E17727 /* VSPSerialPort.iig in Sources */ = {isa = PBXBuildFile; fileRef = 8899C3492D525AD800E17727 /* VSPSerialPort.iig */; };
		8899C34C2D525AFB00E17727 /* VSPSerialPort.cpp in Sources */ = {isa = PBXBuildFile; fileRef = 8899C34B2D525AFB00E17727 /* VSPSerialPort.cpp */; };
		889E8EBC2D4DF4BF002F387A /* VSPLogger.h in Headers */ = {isa = PBXBuildFile; fileRef = 889E8EBB2D4DF4BF002F387A /* VSPLogger.h */; };
		88A6714A2D68DDE000CE4E12 /* vspclient.icns in Resources */ = {isa = PBXBuildFile; fileRef = 88A671312D68DDE000CE4E12 /* vspclient.icns */; };
		88A6714B2D68DDE000CE4E12 /* InfoPlist.strings in Resources */ = {isa = PBXBuildFile; fileRef = 88A671472D68DDE000CE4E12 /* InfoPlist.strings */; };
		88B40D5E2D4B666700DFE7C5 /* VSPDriver.cpp in Sources */ = {isa = PBXBuildFile; fileRef = 88B40D5D2D4B666700DFE7C5 /* VSPDriver.cpp */; };
		88B40D602D4B666700DFE7C5 /* VSPDriver.iig in Sources */ = {isa = PBXBuildFile; fileRef = 88B40D5F2D4B666700DFE7C5 /* VSPDriver.iig */; };
		88B47EC82D59B30600868CA5 /* VSPUserClient.iig in Sources */ = {isa = PBXBuildFile; fileRef = 884F6EC42D59A58D0066353A /* VSPUserClient.iig */; };
		88B47ECA2D59B43800868CA5 /* VSPController.h in Headers */ = {isa = PBXBuildFile; fileRef = 88B47EC92D59B43800868CA5 /* VSPController.h */; };
		88DA7BA92D532C6800C8F759 /* LICENSE in Resources */ = {isa = PBXBuildFile; fileRef = 88DA7BA72D532C6700C8F759 /* LICENSE */; };
		88F5D93D2D59E85B007A6E1F /* VSPInstallApp.swift in Sources */ = {isa = PBXBuildFile; fileRef = 88F5D93C2D59E85B007A6E1F /* VSPInstallApp.swift */; };
		88F5D9402D59E933007A6E1F /* VSPDriverClient.cpp in Sources */ = {isa = PBXBuildFile; fileRef = 88F5D93F2D59E933007A6E1F /* VSPDriverClient.cpp */; };
/* End PBXBuildFile section */

/* Begin PBXContainerItemProxy section */
		750497ED2DFBFDC200FF32D5 /* PBXContainerItemProxy */ = {
			isa = PBXContainerItemProxy;
			containerPortal = 88B40D4E2D4B666700DFE7C5 /* Project object */;
			proxyType = 1;
			remoteGlobalIDString = 88B40D562D4B666700DFE7C5;
			remoteInfo = VSPDriver;
		};
		886B50822D805115007BE2EC /* PBXContainerItemProxy */ = {
			isa = PBXContainerItemProxy;
			containerPortal = 886B507D2D805115007BE2EC /* VSPController.xcodeproj */;
			proxyType = 2;
			remoteGlobalIDString = DBCE78BB6407523D91A55299;
			remoteInfo = VSPController;
		};
		886B50892D805141007BE2EC /* PBXContainerItemProxy */ = {
			isa = PBXContainerItemProxy;
			containerPortal = 886B50842D805141007BE2EC /* VSPSetup.xcodeproj */;
			proxyType = 2;
			remoteGlobalIDString = 4500675966A2DEF7F86C5DA1;
			remoteInfo = VSPSetup;
		};
		886B50902D805161007BE2EC /* PBXContainerItemProxy */ = {
			isa = PBXContainerItemProxy;
			containerPortal = 886B508B2D805161007BE2EC /* VSPClientUI.xcodeproj */;
			proxyType = 2;
			remoteGlobalIDString = C1DAE4978C5BADCF56BE1E50;
			remoteInfo = VSPClientUI;
		};
		886B50922D805174007BE2EC /* PBXContainerItemProxy */ = {
			isa = PBXContainerItemProxy;
			containerPortal = 886B50842D805141007BE2EC /* VSPSetup.xcodeproj */;
			proxyType = 1;
			remoteGlobalIDString = BA4CAC41205C9B966CB5498A;
			remoteInfo = VSPSetup;
		};
		886B50942D805178007BE2EC /* PBXContainerItemProxy */ = {
			isa = PBXContainerItemProxy;
			containerPortal = 886B507D2D805115007BE2EC /* VSPController.xcodeproj */;
			proxyType = 1;
			remoteGlobalIDString = 6440C3D75D1634369A890855;
			remoteInfo = VSPController;
		};
		886B50962D80517C007BE2EC /* PBXContainerItemProxy */ = {
			isa = PBXContainerItemProxy;
			containerPortal = 886B508B2D805161007BE2EC /* VSPClientUI.xcodeproj */;
			proxyType = 1;
			remoteGlobalIDString = 878B097E357DCE03CBAB35D0;
			remoteInfo = VSPClientUI;
		};
/* End PBXContainerItemProxy section */

/* Begin PBXCopyFilesBuildPhase section */
		750497EB2DFBFCD300FF32D5 /* Copy VSP Driver DEXT */ = {
			isa = PBXCopyFilesBuildPhase;
			buildActionMask = 2147483647;
			dstPath = "$(SYSTEM_EXTENSIONS_FOLDER_PATH)";
			dstSubfolderSpec = 16;
			files = (
				750497EC2DFBFCFC00FF32D5 /* org.eof.tools.VSPDriver.dext in Copy VSP Driver DEXT */,
			);
			name = "Copy VSP Driver DEXT";
			runOnlyForDeploymentPostprocessing = 0;
		};
		883C30372D6EDEDB0029BE30 /* Copy QT Plugins - canbus */ = {
			isa = PBXCopyFilesBuildPhase;
			buildActionMask = 2147483647;
			dstPath = canbus;
			dstSubfolderSpec = 13;
			files = (
			);
			name = "Copy QT Plugins - canbus";
			runOnlyForDeploymentPostprocessing = 0;
		};
		883C30402D6EDFA60029BE30 /* Copy QT Plugins - iconengines */ = {
			isa = PBXCopyFilesBuildPhase;
			buildActionMask = 2147483647;
			dstPath = iconengines;
			dstSubfolderSpec = 13;
			files = (
			);
			name = "Copy QT Plugins - iconengines";
			runOnlyForDeploymentPostprocessing = 0;
		};
		883C30432D6EE0450029BE30 /* Copy QT Plugins - imageformats */ = {
			isa = PBXCopyFilesBuildPhase;
			buildActionMask = 2147483647;
			dstPath = imageformats;
			dstSubfolderSpec = 13;
			files = (
			);
			name = "Copy QT Plugins - imageformats";
			runOnlyForDeploymentPostprocessing = 0;
		};
		883C305A2D6EE0A10029BE30 /* Copy QT Plugins - networkinformation */ = {
			isa = PBXCopyFilesBuildPhase;
			buildActionMask = 2147483647;
			dstPath = networkinformation;
			dstSubfolderSpec = 13;
			files = (
			);
			name = "Copy QT Plugins - networkinformation";
			runOnlyForDeploymentPostprocessing = 0;
		};
		883C305D2D6EE0EE0029BE30 /* Copy QT Plugins - platforminputcontexts */ = {
			isa = PBXCopyFilesBuildPhase;
			buildActionMask = 2147483647;
			dstPath = platforminputcontexts;
			dstSubfolderSpec = 13;
			files = (
			);
			name = "Copy QT Plugins - platforminputcontexts";
			runOnlyForDeploymentPostprocessing = 0;
		};
		883C30602D6EE1390029BE30 /* Copy QT Plugins - platforms */ = {
			isa = PBXCopyFilesBuildPhase;
			buildActionMask = 2147483647;
			dstPath = platforms;
			dstSubfolderSpec = 13;
			files = (
			);
			name = "Copy QT Plugins - platforms";
			runOnlyForDeploymentPostprocessing = 0;
		};
		883C30632D6EE18E0029BE30 /* Copy QT Plugins - styles */ = {
			isa = PBXCopyFilesBuildPhase;
			buildActionMask = 2147483647;
			dstPath = styles;
			dstSubfolderSpec = 13;
			files = (
			);
			name = "Copy QT Plugins - styles";
			runOnlyForDeploymentPostprocessing = 0;
		};
		883C30662D6EE1D50029BE30 /* Copy QT Plugins - tls */ = {
			isa = PBXCopyFilesBuildPhase;
			buildActionMask = 2147483647;
			dstPath = tls;
			dstSubfolderSpec = 13;
			files = (
			);
			name = "Copy QT Plugins - tls";
			runOnlyForDeploymentPostprocessing = 0;
		};
		8869B5072D627FCD002643D9 /* Embed Libraries */ = {
			isa = PBXCopyFilesBuildPhase;
			buildActionMask = 12;
			dstPath = "";
			dstSubfolderSpec = 10;
			files = (
				7550B7A22DFB3C7C006597BD /* QtCore.framework in Embed Libraries */,
				7550B7A92DFB3C7C006597BD /* QtCore5Compat.framework in Embed Libraries */,
				7550B7AD2DFB3C7C006597BD /* QtConcurrent.framework in Embed Libraries */,
				7550B7A72DFB3C7C006597BD /* QtDBus.framework in Embed Libraries */,
				7550B7A62DFB3C7C006597BD /* QtGui.framework in Embed Libraries */,
				7550B7AC2DFB3C7C006597BD /* QtNetwork.framework in Embed Libraries */,
				7550B7AA2DFB3C7C006597BD /* QtNetworkAuth.framework in Embed Libraries */,
				7550B7A52DFB3C7C006597BD /* QtSerialPort.framework in Embed Libraries */,
				7550B7A82DFB3C7C006597BD /* QtSerialBus.framework in Embed Libraries */,
				7550B7AB2DFB3C7C006597BD /* QtSensors.framework in Embed Libraries */,
				7550B79F2DFB3C7C006597BD /* QtStateMachine.framework in Embed Libraries */,
				7550B7A02DFB3C7C006597BD /* QtWidgets.framework in Embed Libraries */,
				7550B7A12DFB3C7C006597BD /* QtVirtualKeyboardSettings.framework in Embed Libraries */,
				7550B7A42DFB3C7C006597BD /* QtVirtualKeyboard.framework in Embed Libraries */,
				7550B7A32DFB3C7C006597BD /* QtXml.framework in Embed Libraries */,
				886B509D2D8051C5007BE2EC /* VSPClientUI.framework in Embed Libraries */,
				886B509C2D8051C0007BE2EC /* VSPController.framework in Embed Libraries */,
				886B509B2D8051B7007BE2EC /* VSPSetup.framework in Embed Libraries */,
			);
			name = "Embed Libraries";
			runOnlyForDeploymentPostprocessing = 0;
		};
/* End PBXCopyFilesBuildPhase section */

/* Begin PBXFileReference section */
		75508F732DFB363A006597BD /* SerialDriverKit.framework */ = {isa = PBXFileReference; lastKnownFileType = wrapper.framework; name = SerialDriverKit.framework; path = Platforms/DriverKit.platform/Developer/SDKs/DriverKit24.5.sdk/System/DriverKit/System/Library/Frameworks/SerialDriverKit.framework; sourceTree = DEVELOPER_DIR; };
		7550B7902DFB3C7C006597BD /* QtStateMachine.framework */ = {isa = PBXFileReference; lastKnownFileType = wrapper.framework; name = QtStateMachine.framework; path = ../../../Qt/6.9.1/macos/lib/QtStateMachine.framework; sourceTree = "<group>"; };
		7550B7912DFB3C7C006597BD /* QtWidgets.framework */ = {isa = PBXFileReference; lastKnownFileType = wrapper.framework; name = QtWidgets.framework; path = ../../../Qt/6.9.1/macos/lib/QtWidgets.framework; sourceTree = "<group>"; };
		7550B7922DFB3C7C006597BD /* QtVirtualKeyboardSettings.framework */ = {isa = PBXFileReference; lastKnownFileType = wrapper.framework; name = QtVirtualKeyboardSettings.framework; path = ../../../Qt/6.9.1/macos/lib/QtVirtualKeyboardSettings.framework; sourceTree = "<group>"; };
		7550B7932DFB3C7C006597BD /* QtCore.framework */ = {isa = PBXFileReference; lastKnownFileType = wrapper.framework; name = QtCore.framework; path = ../../../Qt/6.9.1/macos/lib/QtCore.framework; sourceTree = "<group>"; };
		7550B7942DFB3C7C006597BD /* QtXml.framework */ = {isa = PBXFileReference; lastKnownFileType = wrapper.framework; name = QtXml.framework; path = ../../../Qt/6.9.1/macos/lib/QtXml.framework; sourceTree = "<group>"; };
		7550B7952DFB3C7C006597BD /* QtVirtualKeyboard.framework */ = {isa = PBXFileReference; lastKnownFileType = wrapper.framework; name = QtVirtualKeyboard.framework; path = ../../../Qt/6.9.1/macos/lib/QtVirtualKeyboard.framework; sourceTree = "<group>"; };
		7550B7962DFB3C7C006597BD /* QtSerialPort.framework */ = {isa = PBXFileReference; lastKnownFileType = wrapper.framework; name = QtSerialPort.framework; path = ../../../Qt/6.9.1/macos/lib/QtSerialPort.framework; sourceTree = "<group>"; };
		7550B7972DFB3C7C006597BD /* QtGui.framework */ = {isa = PBXFileReference; lastKnownFileType = wrapper.framework; name = QtGui.framework; path = ../../../Qt/6.9.1/macos/lib/QtGui.framework; sourceTree = "<group>"; };
		7550B7982DFB3C7C006597BD /* QtDBus.framework */ = {isa = PBXFileReference; lastKnownFileType = wrapper.framework; name = QtDBus.framework; path = ../../../Qt/6.9.1/macos/lib/QtDBus.framework; sourceTree = "<group>"; };
		7550B7992DFB3C7C006597BD /* QtSerialBus.framework */ = {isa = PBXFileReference; lastKnownFileType = wrapper.framework; name = QtSerialBus.framework; path = ../../../Qt/6.9.1/macos/lib/QtSerialBus.framework; sourceTree = "<group>"; };
		7550B79A2DFB3C7C006597BD /* QtCore5Compat.framework */ = {isa = PBXFileReference; lastKnownFileType = wrapper.framework; name = QtCore5Compat.framework; path = ../../../Qt/6.9.1/macos/lib/QtCore5Compat.framework; sourceTree = "<group>"; };
		7550B79B2DFB3C7C006597BD /* QtNetworkAuth.framework */ = {isa = PBXFileReference; lastKnownFileType = wrapper.framework; name = QtNetworkAuth.framework; path = ../../../Qt/6.9.1/macos/lib/QtNetworkAuth.framework; sourceTree = "<group>"; };
		7550B79C2DFB3C7C006597BD /* QtSensors.framework */ = {isa = PBXFileReference; lastKnownFileType = wrapper.framework; name = QtSensors.framework; path = ../../../Qt/6.9.1/macos/lib/QtSensors.framework; sourceTree = "<group>"; };
		7550B79D2DFB3C7C006597BD /* QtNetwork.framework */ = {isa = PBXFileReference; lastKnownFileType = wrapper.framework; name = QtNetwork.framework; path = ../../../Qt/6.9.1/macos/lib/QtNetwork.framework; sourceTree = "<group>"; };
		7550B79E2DFB3C7C006597BD /* QtConcurrent.framework */ = {isa = PBXFileReference; lastKnownFileType = wrapper.framework; name = QtConcurrent.framework; path = ../../../Qt/6.9.1/macos/lib/QtConcurrent.framework; sourceTree = "<group>"; };
		880539E82D4BAFBD00E55104 /* VSPClient.app */ = {isa = PBXFileReference; explicitFileType = wrapper.application; includeInIndex = 0; path = VSPClient.app; sourceTree = BUILT_PRODUCTS_DIR; };
		880539EC2D4BAFBF00E55104 /* Assets.xcassets */ = {isa = PBXFileReference; lastKnownFileType = folder.assetcatalog; path = Assets.xcassets; sourceTree = "<group>"; };
		880539F12D4BAFBF00E55104 /* VSPClient.entitlements */ = {isa = PBXFileReference; lastKnownFileType = text.plist.entitlements; path = VSPClient.entitlements; sourceTree = "<group>"; };
		880539F52D4BB0F900E55104 /* Info.plist */ = {isa = PBXFileReference; fileEncoding = 4; lastKnownFileType = text.plist.xml; path = Info.plist; sourceTree = "<group>"; };
		883C30A12D6F1C550029BE30 /* IOKit.framework */ = {isa = PBXFileReference; lastKnownFileType = wrapper.framework; name = IOKit.framework; path = System/Library/Frameworks/IOKit.framework; sourceTree = SDKROOT; };
		884F6EC42D59A58D0066353A /* VSPUserClient.iig */ = {isa = PBXFileReference; lastKnownFileType = sourcecode.iig; path = VSPUserClient.iig; sourceTree = "<group>"; xcLanguageSpecificationIdentifier = xcode.lang.objcpp; };
		884F6EC62D59A5C90066353A /* VSPUserClient.cpp */ = {isa = PBXFileReference; lastKnownFileType = sourcecode.cpp.cpp; path = VSPUserClient.cpp; sourceTree = "<group>"; };
		8854A99E2D5DB1E400C27252 /* CoreFoundation.framework */ = {isa = PBXFileReference; lastKnownFileType = wrapper.framework; name = CoreFoundation.framework; path = System/Library/Frameworks/CoreFoundation.framework; sourceTree = SDKROOT; };
		8854A9BA2D5DED8A00C27252 /* VSPDriverClient.hpp */ = {isa = PBXFileReference; lastKnownFileType = sourcecode.cpp.h; path = VSPDriverClient.hpp; sourceTree = "<group>"; };
		885DE9332D5E82CD00CFECEE /* Foundation.framework */ = {isa = PBXFileReference; lastKnownFileType = wrapper.framework; name = Foundation.framework; path = System/Library/Frameworks/Foundation.framework; sourceTree = SDKROOT; };
		88667D6A2D53474900DFA26E /* VSPDriver-Full.log */ = {isa = PBXFileReference; fileEncoding = 4; lastKnownFileType = text; path = "VSPDriver-Full.log"; sourceTree = "<group>"; };
		88698B872D76DDD70008EF6B /* vspclient_16x16.png */ = {isa = PBXFileReference; lastKnownFileType = image.png; path = vspclient_16x16.png; sourceTree = "<group>"; };
		88698B882D76DDD70008EF6B /* vspclient_16x16@2x.png */ = {isa = PBXFileReference; lastKnownFileType = image.png; path = "vspclient_16x16@2x.png"; sourceTree = "<group>"; };
		88698B892D76DDD70008EF6B /* vspclient_32x32.png */ = {isa = PBXFileReference; lastKnownFileType = image.png; path = vspclient_32x32.png; sourceTree = "<group>"; };
		88698B8A2D76DDD70008EF6B /* vspclient_32x32@2x.png */ = {isa = PBXFileReference; lastKnownFileType = image.png; path = "vspclient_32x32@2x.png"; sourceTree = "<group>"; };
		88698B8B2D76DDD70008EF6B /* vspclient_128x128.png */ = {isa = PBXFileReference; lastKnownFileType = image.png; path = vspclient_128x128.png; sourceTree = "<group>"; };
		88698B8C2D76DDD70008EF6B /* vspclient_128x128@2x.png */ = {isa = PBXFileReference; lastKnownFileType = image.png; path = "vspclient_128x128@2x.png"; sourceTree = "<group>"; };
		88698B8D2D76DDD70008EF6B /* vspclient_256x256.png */ = {isa = PBXFileReference; lastKnownFileType = image.png; path = vspclient_256x256.png; sourceTree = "<group>"; };
		88698B8E2D76DDD70008EF6B /* vspclient_256x256@2x.png */ = {isa = PBXFileReference; lastKnownFileType = image.png; path = "vspclient_256x256@2x.png"; sourceTree = "<group>"; };
		88698B8F2D76DDD70008EF6B /* vspclient_512x512.png */ = {isa = PBXFileReference; lastKnownFileType = image.png; path = vspclient_512x512.png; sourceTree = "<group>"; };
		88698B902D76DDD70008EF6B /* vspclient_512x512@2x.png */ = {isa = PBXFileReference; lastKnownFileType = image.png; path = "vspclient_512x512@2x.png"; sourceTree = "<group>"; };
		886B507D2D805115007BE2EC /* VSPController.xcodeproj */ = {isa = PBXFileReference; lastKnownFileType = "wrapper.pb-project"; name = VSPController.xcodeproj; path = VSPController/xcode/VSPController.xcodeproj; sourceTree = "<group>"; };
		886B50842D805141007BE2EC /* VSPSetup.xcodeproj */ = {isa = PBXFileReference; lastKnownFileType = "wrapper.pb-project"; name = VSPSetup.xcodeproj; path = VSPSetup/xcode/VSPSetup.xcodeproj; sourceTree = "<group>"; };
		886B508B2D805161007BE2EC /* VSPClientUI.xcodeproj */ = {isa = PBXFileReference; lastKnownFileType = "wrapper.pb-project"; name = VSPClientUI.xcodeproj; path = VSPClientUI/xcode/VSPClientUI.xcodeproj; sourceTree = "<group>"; };
		8884826D2D61192900F3BAD7 /* Cocoa.framework */ = {isa = PBXFileReference; lastKnownFileType = wrapper.framework; name = Cocoa.framework; path = System/Library/Frameworks/Cocoa.framework; sourceTree = SDKROOT; };
		88878E1B2D7A09EB00092D65 /* VSPInfoDialog.m */ = {isa = PBXFileReference; lastKnownFileType = sourcecode.c.objc; path = VSPInfoDialog.m; sourceTree = "<group>"; };
		88906F452D4CCA9400E500BB /* VSPClient-Bridging-Header.h */ = {isa = PBXFileReference; lastKnownFileType = sourcecode.c.h; path = "VSPClient-Bridging-Header.h"; sourceTree = "<group>"; };
		88906F492D4CCACB00E500BB /* DriverKit.framework */ = {isa = PBXFileReference; lastKnownFileType = wrapper.framework; name = DriverKit.framework; path = System/Library/Frameworks/DriverKit.framework; sourceTree = SDKROOT; };
		8899C3492D525AD800E17727 /* VSPSerialPort.iig */ = {isa = PBXFileReference; lastKnownFileType = sourcecode.iig; path = VSPSerialPort.iig; sourceTree = "<group>"; };
		8899C34B2D525AFB00E17727 /* VSPSerialPort.cpp */ = {isa = PBXFileReference; lastKnownFileType = sourcecode.cpp.cpp; path = VSPSerialPort.cpp; sourceTree = "<group>"; };
		889E8EBB2D4DF4BF002F387A /* VSPLogger.h */ = {isa = PBXFileReference; lastKnownFileType = sourcecode.c.h; path = VSPLogger.h; sourceTree = "<group>"; };
		88A6712E2D68DDE000CE4E12 /* progress.gif */ = {isa = PBXFileReference; lastKnownFileType = image.gif; path = progress.gif; sourceTree = "<group>"; };
		88A6712F2D68DDE000CE4E12 /* progress2.gif */ = {isa = PBXFileReference; lastKnownFileType = image.gif; path = progress2.gif; sourceTree = "<group>"; };
		88A671312D68DDE000CE4E12 /* vspclient.icns */ = {isa = PBXFileReference; lastKnownFileType = image.icns; path = vspclient.icns; sourceTree = "<group>"; };
		88A671452D68DDE000CE4E12 /* de */ = {isa = PBXFileReference; lastKnownFileType = text.plist.strings; name = de; path = de.lproj/InfoPlist.strings; sourceTree = "<group>"; };
		88A671462D68DDE000CE4E12 /* en */ = {isa = PBXFileReference; lastKnownFileType = text.plist.strings; name = en; path = en.lproj/InfoPlist.strings; sourceTree = "<group>"; };
		88AB34E92D64937300260D19 /* make.sh */ = {isa = PBXFileReference; lastKnownFileType = text.script.sh; path = make.sh; sourceTree = "<group>"; };
		88AB34EA2D64937300260D19 /* VSPDriver-PortLink.log */ = {isa = PBXFileReference; lastKnownFileType = text; path = "VSPDriver-PortLink.log"; sourceTree = "<group>"; };
		88AEEFF62D5233D4007F2A4C /* IOReg-Outline.md */ = {isa = PBXFileReference; lastKnownFileType = net.daringfireball.markdown; path = "IOReg-Outline.md"; sourceTree = "<group>"; };
		88B40D572D4B666700DFE7C5 /* org.eof.tools.VSPDriver.dext */ = {isa = PBXFileReference; explicitFileType = "wrapper.driver-extension"; includeInIndex = 0; path = org.eof.tools.VSPDriver.dext; sourceTree = BUILT_PRODUCTS_DIR; };
		88B40D5D2D4B666700DFE7C5 /* VSPDriver.cpp */ = {isa = PBXFileReference; lastKnownFileType = sourcecode.cpp.cpp; path = VSPDriver.cpp; sourceTree = "<group>"; };
		88B40D5F2D4B666700DFE7C5 /* VSPDriver.iig */ = {isa = PBXFileReference; lastKnownFileType = sourcecode.iig; path = VSPDriver.iig; sourceTree = "<group>"; };
		88B40D612D4B666700DFE7C5 /* Info.plist */ = {isa = PBXFileReference; lastKnownFileType = text.plist.xml; path = Info.plist; sourceTree = "<group>"; };
		88B40D702D4B85ED00DFE7C5 /* VSPDriver.entitlements */ = {isa = PBXFileReference; lastKnownFileType = text.plist.entitlements; path = VSPDriver.entitlements; sourceTree = "<group>"; };
		88B47EC92D59B43800868CA5 /* VSPController.h */ = {isa = PBXFileReference; lastKnownFileType = sourcecode.c.h; path = VSPController.h; sourceTree = "<group>"; };
		88DA7BA62D532C6700C8F759 /* README.md */ = {isa = PBXFileReference; fileEncoding = 4; lastKnownFileType = net.daringfireball.markdown; path = README.md; sourceTree = "<group>"; };
		88DA7BA72D532C6700C8F759 /* LICENSE */ = {isa = PBXFileReference; fileEncoding = 4; lastKnownFileType = text; path = LICENSE; sourceTree = "<group>"; };
		88F12FDF2DCDBE3500E0486A /* AVFoundation.framework */ = {isa = PBXFileReference; lastKnownFileType = wrapper.framework; name = AVFoundation.framework; path = System/Library/Frameworks/AVFoundation.framework; sourceTree = SDKROOT; };
		88F12FEE2DCDBEC900E0486A /* EventKit.framework */ = {isa = PBXFileReference; lastKnownFileType = wrapper.framework; name = EventKit.framework; path = System/Library/Frameworks/EventKit.framework; sourceTree = SDKROOT; };
		88F12FF02DCDBECE00E0486A /* Contacts.framework */ = {isa = PBXFileReference; lastKnownFileType = wrapper.framework; name = Contacts.framework; path = System/Library/Frameworks/Contacts.framework; sourceTree = SDKROOT; };
		88F12FF22DCDBED600E0486A /* IOBluetooth.framework */ = {isa = PBXFileReference; lastKnownFileType = wrapper.framework; name = IOBluetooth.framework; path = System/Library/Frameworks/IOBluetooth.framework; sourceTree = SDKROOT; };
		88F12FF32DCDBED600E0486A /* CoreBluetooth.framework */ = {isa = PBXFileReference; lastKnownFileType = wrapper.framework; name = CoreBluetooth.framework; path = System/Library/Frameworks/CoreBluetooth.framework; sourceTree = SDKROOT; };
		88F5D93C2D59E85B007A6E1F /* VSPInstallApp.swift */ = {isa = PBXFileReference; lastKnownFileType = sourcecode.swift; path = VSPInstallApp.swift; sourceTree = "<group>"; };
		88F5D93F2D59E933007A6E1F /* VSPDriverClient.cpp */ = {isa = PBXFileReference; lastKnownFileType = sourcecode.cpp.cpp; path = VSPDriverClient.cpp; sourceTree = "<group>"; };
/* End PBXFileReference section */

/* Begin PBXFileSystemSynchronizedBuildFileExceptionSet section */
		75508DED2DFB3418006597BD /* PBXFileSystemSynchronizedBuildFileExceptionSet */ = {
			isa = PBXFileSystemSynchronizedBuildFileExceptionSet;
			membershipExceptions = (
				assetimporters/libassimp.dylib,
				assetimporters/libassimp.dylib.dSYM,
				canbus/libqtpassthrucanbus.dylib,
				canbus/libqtpassthrucanbus.dylib.dSYM,
				canbus/libqtpeakcanbus.dylib,
				canbus/libqtpeakcanbus.dylib.dSYM,
				canbus/libqttinycanbus.dylib,
				canbus/libqttinycanbus.dylib.dSYM,
				canbus/libqtvirtualcanbus.dylib,
				canbus/libqtvirtualcanbus.dylib.dSYM,
				designer/libqquickwidget.dylib,
				designer/libqquickwidget.dylib.dSYM,
				designer/libqwebengineview.dylib,
				designer/libqwebengineview.dylib.dSYM,
				generic/libqinsighttracker.dylib,
				generic/libqtuiotouchplugin.dylib,
				generic/libqtuiotouchplugin.dylib.dSYM,
				geometryloaders/libdefaultgeometryloader.dylib,
				geometryloaders/libdefaultgeometryloader.dylib.dSYM,
				geometryloaders/libgltfgeometryloader.dylib,
				geometryloaders/libgltfgeometryloader.dylib.dSYM,
				geoservices/libqtgeoservices_itemsoverlay.dylib,
				geoservices/libqtgeoservices_itemsoverlay.dylib.dSYM,
				geoservices/libqtgeoservices_osm.dylib,
				geoservices/libqtgeoservices_osm.dylib.dSYM,
				help/libhelpplugin.dylib,
				help/libhelpplugin.dylib.dSYM,
				iconengines/libqsvgicon.dylib,
				iconengines/libqsvgicon.dylib.dSYM,
				imageformats/libqgif.dylib,
				imageformats/libqgif.dylib.dSYM,
				imageformats/libqicns.dylib,
				imageformats/libqicns.dylib.dSYM,
				imageformats/libqico.dylib,
				imageformats/libqico.dylib.dSYM,
				imageformats/libqjpeg.dylib,
				imageformats/libqjpeg.dylib.dSYM,
				imageformats/libqmacheif.dylib,
				imageformats/libqmacheif.dylib.dSYM,
				imageformats/libqmacjp2.dylib,
				imageformats/libqmacjp2.dylib.dSYM,
				imageformats/libqpdf.dylib,
				imageformats/libqpdf.dylib.dSYM,
				imageformats/libqsvg.dylib,
				imageformats/libqsvg.dylib.dSYM,
				imageformats/libqtga.dylib,
				imageformats/libqtga.dylib.dSYM,
				imageformats/libqtiff.dylib,
				imageformats/libqtiff.dylib.dSYM,
				imageformats/libqwbmp.dylib,
				imageformats/libqwbmp.dylib.dSYM,
				imageformats/libqwebp.dylib,
				imageformats/libqwebp.dylib.dSYM,
				multimedia/libdarwinmediaplugin.dylib,
				multimedia/libdarwinmediaplugin.dylib.dSYM,
				multimedia/libffmpegmediaplugin.dylib,
				multimedia/libffmpegmediaplugin.dylib.dSYM,
				networkinformation/libqscnetworkreachability.dylib,
				networkinformation/libqscnetworkreachability.dylib.dSYM,
				permissions/libqdarwinbluetoothpermission.a,
				permissions/libqdarwinbluetoothpermission.prl,
				permissions/libqdarwincalendarpermission.a,
				permissions/libqdarwincalendarpermission.prl,
				permissions/libqdarwincamerapermission.a,
				permissions/libqdarwincamerapermission.prl,
				permissions/libqdarwincontactspermission.a,
				permissions/libqdarwincontactspermission.prl,
				permissions/libqdarwinlocationpermission.a,
				permissions/libqdarwinlocationpermission.prl,
				permissions/libqdarwinmicrophonepermission.a,
				permissions/libqdarwinmicrophonepermission.prl,
				"permissions/objects-RelWithDebInfo/QDarwinBluetoothPermissionPlugin_init/QDarwinBluetoothPermissionPlugin_init.cpp.o",
				"permissions/objects-RelWithDebInfo/QDarwinCalendarPermissionPlugin_init/QDarwinCalendarPermissionPlugin_init.cpp.o",
				"permissions/objects-RelWithDebInfo/QDarwinCameraPermissionPlugin_init/QDarwinCameraPermissionPlugin_init.cpp.o",
				"permissions/objects-RelWithDebInfo/QDarwinContactsPermissionPlugin_init/QDarwinContactsPermissionPlugin_init.cpp.o",
				"permissions/objects-RelWithDebInfo/QDarwinLocationPermissionPlugin_init/QDarwinLocationPermissionPlugin_init.cpp.o",
				"permissions/objects-RelWithDebInfo/QDarwinMicrophonePermissionPlugin_init/QDarwinMicrophonePermissionPlugin_init.cpp.o",
				platforminputcontexts/libqtvirtualkeyboardplugin.dylib,
				platforminputcontexts/libqtvirtualkeyboardplugin.dylib.dSYM,
				platforms/libqcocoa.dylib,
				platforms/libqcocoa.dylib.dSYM,
				platforms/libqminimal.dylib,
				platforms/libqminimal.dylib.dSYM,
				platforms/libqoffscreen.dylib,
				platforms/libqoffscreen.dylib.dSYM,
				position/libqtposition_cl.dylib,
				position/libqtposition_cl.dylib.dSYM,
				position/libqtposition_nmea.dylib,
				position/libqtposition_nmea.dylib.dSYM,
				position/libqtposition_positionpoll.dylib,
				position/libqtposition_positionpoll.dylib.dSYM,
				qmllint/libquicklintplugin.dylib,
				qmllint/libquicklintplugin.dylib.dSYM,
				qmlls/libqmllsquickplugin.dylib,
				qmlls/libqmllsquickplugin.dylib.dSYM,
				qmltooling/libqmldbg_debugger.dylib,
				qmltooling/libqmldbg_debugger.dylib.dSYM,
				qmltooling/libqmldbg_inspector.dylib,
				qmltooling/libqmldbg_inspector.dylib.dSYM,
				qmltooling/libqmldbg_local.dylib,
				qmltooling/libqmldbg_local.dylib.dSYM,
				qmltooling/libqmldbg_messages.dylib,
				qmltooling/libqmldbg_messages.dylib.dSYM,
				qmltooling/libqmldbg_native.dylib,
				qmltooling/libqmldbg_native.dylib.dSYM,
				qmltooling/libqmldbg_nativedebugger.dylib,
				qmltooling/libqmldbg_nativedebugger.dylib.dSYM,
				qmltooling/libqmldbg_preview.dylib,
				qmltooling/libqmldbg_preview.dylib.dSYM,
				qmltooling/libqmldbg_profiler.dylib,
				qmltooling/libqmldbg_profiler.dylib.dSYM,
				qmltooling/libqmldbg_quick3dprofiler.dylib,
				qmltooling/libqmldbg_quick3dprofiler.dylib.dSYM,
				qmltooling/libqmldbg_quickprofiler.dylib,
				qmltooling/libqmldbg_quickprofiler.dylib.dSYM,
				qmltooling/libqmldbg_server.dylib,
				qmltooling/libqmldbg_server.dylib.dSYM,
				qmltooling/libqmldbg_tcp.dylib,
				qmltooling/libqmldbg_tcp.dylib.dSYM,
				renderers/libopenglrenderer.dylib,
				renderers/libopenglrenderer.dylib.dSYM,
				renderers/librhirenderer.dylib,
				renderers/librhirenderer.dylib.dSYM,
				renderplugins/libscene2d.dylib,
				renderplugins/libscene2d.dylib.dSYM,
				sceneparsers/libassimpsceneimport.dylib,
				sceneparsers/libassimpsceneimport.dylib.dSYM,
				sceneparsers/libgltfsceneexport.dylib,
				sceneparsers/libgltfsceneexport.dylib.dSYM,
				sceneparsers/libgltfsceneimport.dylib,
				sceneparsers/libgltfsceneimport.dylib.dSYM,
				scxmldatamodel/libqscxmlecmascriptdatamodel.dylib,
				scxmldatamodel/libqscxmlecmascriptdatamodel.dylib.dSYM,
				sensors/libqtsensors_generic.dylib,
				sensors/libqtsensors_generic.dylib.dSYM,
				sqldrivers/libqsqlite.dylib,
				sqldrivers/libqsqlite.dylib.dSYM,
				sqldrivers/libqsqlmimer.dylib,
				sqldrivers/libqsqlmimer.dylib.dSYM,
				sqldrivers/libqsqlodbc.dylib,
				sqldrivers/libqsqlodbc.dylib.dSYM,
				sqldrivers/libqsqlpsql.dylib,
				sqldrivers/libqsqlpsql.dylib.dSYM,
				styles/libqmacstyle.dylib,
				styles/libqmacstyle.dylib.dSYM,
				texttospeech/libqtexttospeech_mock.dylib,
				texttospeech/libqtexttospeech_mock.dylib.dSYM,
				texttospeech/libqtexttospeech_speechdarwin.dylib,
				texttospeech/libqtexttospeech_speechdarwin.dylib.dSYM,
				tls/libqcertonlybackend.dylib,
				tls/libqcertonlybackend.dylib.dSYM,
				tls/libqopensslbackend.dylib,
				tls/libqopensslbackend.dylib.dSYM,
				tls/libqsecuretransportbackend.dylib,
				tls/libqsecuretransportbackend.dylib.dSYM,
				webview/libqtwebview_darwin.dylib,
				webview/libqtwebview_darwin.dylib.dSYM,
				webview/libqtwebview_webengine.dylib,
				webview/libqtwebview_webengine.dylib.dSYM,
			);
			target = 880539E72D4BAFBD00E55104 /* VSPClient */;
		};
/* End PBXFileSystemSynchronizedBuildFileExceptionSet section */

/* Begin PBXFileSystemSynchronizedGroupBuildPhaseMembershipExceptionSet section */
		75508DCC2DFB334B006597BD /* PBXFileSystemSynchronizedGroupBuildPhaseMembershipExceptionSet */ = {
			isa = PBXFileSystemSynchronizedGroupBuildPhaseMembershipExceptionSet;
			attributesByRelativePath = {
				canbus/libqtpassthrucanbus.dylib = (
					CodeSignOnCopy,
				);
				canbus/libqtpeakcanbus.dylib = (
					CodeSignOnCopy,
				);
				canbus/libqttinycanbus.dylib = (
					CodeSignOnCopy,
				);
				canbus/libqtvirtualcanbus.dylib = (
					CodeSignOnCopy,
				);
			};
			buildPhase = 883C30372D6EDEDB0029BE30 /* Copy QT Plugins - canbus */;
			membershipExceptions = (
				canbus/libqtpassthrucanbus.dylib,
				canbus/libqtpeakcanbus.dylib,
				canbus/libqttinycanbus.dylib,
				canbus/libqtvirtualcanbus.dylib,
			);
		};
		75508DD12DFB3363006597BD /* PBXFileSystemSynchronizedGroupBuildPhaseMembershipExceptionSet */ = {
			isa = PBXFileSystemSynchronizedGroupBuildPhaseMembershipExceptionSet;
			attributesByRelativePath = {
				iconengines/libqsvgicon.dylib = (
					CodeSignOnCopy,
				);
			};
			buildPhase = 883C30402D6EDFA60029BE30 /* Copy QT Plugins - iconengines */;
			membershipExceptions = (
				iconengines/libqsvgicon.dylib,
			);
		};
		75508DD32DFB3381006597BD /* PBXFileSystemSynchronizedGroupBuildPhaseMembershipExceptionSet */ = {
			isa = PBXFileSystemSynchronizedGroupBuildPhaseMembershipExceptionSet;
			attributesByRelativePath = {
				imageformats/libqgif.dylib = (
					CodeSignOnCopy,
				);
				imageformats/libqicns.dylib = (
					CodeSignOnCopy,
				);
				imageformats/libqico.dylib = (
					CodeSignOnCopy,
				);
				imageformats/libqjpeg.dylib = (
					CodeSignOnCopy,
				);
				imageformats/libqmacheif.dylib = (
					CodeSignOnCopy,
				);
				imageformats/libqmacjp2.dylib = (
					CodeSignOnCopy,
				);
				imageformats/libqpdf.dylib = (
					CodeSignOnCopy,
				);
				imageformats/libqsvg.dylib = (
					CodeSignOnCopy,
				);
				imageformats/libqtga.dylib = (
					CodeSignOnCopy,
				);
				imageformats/libqtiff.dylib = (
					CodeSignOnCopy,
				);
				imageformats/libqwbmp.dylib = (
					CodeSignOnCopy,
				);
				imageformats/libqwebp.dylib = (
					CodeSignOnCopy,
				);
			};
			buildPhase = 883C30432D6EE0450029BE30 /* Copy QT Plugins - imageformats */;
			membershipExceptions = (
				imageformats/libqgif.dylib,
				imageformats/libqicns.dylib,
				imageformats/libqico.dylib,
				imageformats/libqjpeg.dylib,
				imageformats/libqmacheif.dylib,
				imageformats/libqmacjp2.dylib,
				imageformats/libqpdf.dylib,
				imageformats/libqsvg.dylib,
				imageformats/libqtga.dylib,
				imageformats/libqtiff.dylib,
				imageformats/libqwbmp.dylib,
				imageformats/libqwebp.dylib,
			);
		};
		75508DE02DFB33BD006597BD /* PBXFileSystemSynchronizedGroupBuildPhaseMembershipExceptionSet */ = {
			isa = PBXFileSystemSynchronizedGroupBuildPhaseMembershipExceptionSet;
			attributesByRelativePath = {
				networkinformation/libqscnetworkreachability.dylib = (
					CodeSignOnCopy,
				);
			};
			buildPhase = 883C305A2D6EE0A10029BE30 /* Copy QT Plugins - networkinformation */;
			membershipExceptions = (
				networkinformation/libqscnetworkreachability.dylib,
			);
		};
		75508DE22DFB33C6006597BD /* PBXFileSystemSynchronizedGroupBuildPhaseMembershipExceptionSet */ = {
			isa = PBXFileSystemSynchronizedGroupBuildPhaseMembershipExceptionSet;
			attributesByRelativePath = {
				platforminputcontexts/libqtvirtualkeyboardplugin.dylib = (
					CodeSignOnCopy,
				);
			};
			buildPhase = 883C305D2D6EE0EE0029BE30 /* Copy QT Plugins - platforminputcontexts */;
			membershipExceptions = (
				platforminputcontexts/libqtvirtualkeyboardplugin.dylib,
			);
		};
		75508DE42DFB33D4006597BD /* PBXFileSystemSynchronizedGroupBuildPhaseMembershipExceptionSet */ = {
			isa = PBXFileSystemSynchronizedGroupBuildPhaseMembershipExceptionSet;
			attributesByRelativePath = {
				platforms/libqcocoa.dylib = (
					CodeSignOnCopy,
				);
				platforms/libqminimal.dylib = (
					CodeSignOnCopy,
				);
				platforms/libqoffscreen.dylib = (
					CodeSignOnCopy,
				);
			};
			buildPhase = 883C30602D6EE1390029BE30 /* Copy QT Plugins - platforms */;
			membershipExceptions = (
				platforms/libqcocoa.dylib,
				platforms/libqminimal.dylib,
				platforms/libqoffscreen.dylib,
			);
		};
		75508DE82DFB33E5006597BD /* PBXFileSystemSynchronizedGroupBuildPhaseMembershipExceptionSet */ = {
			isa = PBXFileSystemSynchronizedGroupBuildPhaseMembershipExceptionSet;
			attributesByRelativePath = {
				styles/libqmacstyle.dylib = (
					CodeSignOnCopy,
				);
			};
			buildPhase = 883C30632D6EE18E0029BE30 /* Copy QT Plugins - styles */;
			membershipExceptions = (
				styles/libqmacstyle.dylib,
			);
		};
		75508DEA2DFB33F3006597BD /* PBXFileSystemSynchronizedGroupBuildPhaseMembershipExceptionSet */ = {
			isa = PBXFileSystemSynchronizedGroupBuildPhaseMembershipExceptionSet;
			attributesByRelativePath = {
				tls/libqcertonlybackend.dylib = (
					CodeSignOnCopy,
				);
				tls/libqopensslbackend.dylib = (
					CodeSignOnCopy,
				);
				tls/libqsecuretransportbackend.dylib = (
					CodeSignOnCopy,
				);
			};
			buildPhase = 883C30662D6EE1D50029BE30 /* Copy QT Plugins - tls */;
			membershipExceptions = (
				tls/libqcertonlybackend.dylib,
				tls/libqopensslbackend.dylib,
				tls/libqsecuretransportbackend.dylib,
			);
		};
/* End PBXFileSystemSynchronizedGroupBuildPhaseMembershipExceptionSet section */

/* Begin PBXFileSystemSynchronizedRootGroup section */
		75508D2B2DFB3314006597BD /* plugins */ = {isa = PBXFileSystemSynchronizedRootGroup; exceptions = (75508DED2DFB3418006597BD /* PBXFileSystemSynchronizedBuildFileExceptionSet */, 75508DCC2DFB334B006597BD /* PBXFileSystemSynchronizedGroupBuildPhaseMembershipExceptionSet */, 75508DD12DFB3363006597BD /* PBXFileSystemSynchronizedGroupBuildPhaseMembershipExceptionSet */, 75508DD32DFB3381006597BD /* PBXFileSystemSynchronizedGroupBuildPhaseMembershipExceptionSet */, 75508DE02DFB33BD006597BD /* PBXFileSystemSynchronizedGroupBuildPhaseMembershipExceptionSet */, 75508DE22DFB33C6006597BD /* PBXFileSystemSynchronizedGroupBuildPhaseMembershipExceptionSet */, 75508DE42DFB33D4006597BD /* PBXFileSystemSynchronizedGroupBuildPhaseMembershipExceptionSet */, 75508DE82DFB33E5006597BD /* PBXFileSystemSynchronizedGroupBuildPhaseMembershipExceptionSet */, 75508DEA2DFB33F3006597BD /* PBXFileSystemSynchronizedGroupBuildPhaseMembershipExceptionSet */, ); explicitFileTypes = {}; explicitFolders = (); name = plugins; path = /Users/Bjoern.Eschrich/Qt/6.9.1/macos/plugins; sourceTree = "<absolute>"; };
/* End PBXFileSystemSynchronizedRootGroup section */

/* Begin PBXFrameworksBuildPhase section */
		880539E52D4BAFBD00E55104 /* Frameworks */ = {
			isa = PBXFrameworksBuildPhase;
			buildActionMask = 2147483647;
			files = (
				883C30A32D6F1C610029BE30 /* CoreFoundation.framework in Frameworks */,
				88878E1A2D7A085F00092D65 /* Foundation.framework in Frameworks */,
				883C30A22D6F1C550029BE30 /* IOKit.framework in Frameworks */,
				886B50992D805196007BE2EC /* VSPController.framework in Frameworks */,
				886B50982D805192007BE2EC /* VSPSetup.framework in Frameworks */,
				886B509A2D805199007BE2EC /* VSPClientUI.framework in Frameworks */,
			);
			runOnlyForDeploymentPostprocessing = 0;
		};
		88B40D542D4B666700DFE7C5 /* Frameworks */ = {
			isa = PBXFrameworksBuildPhase;
			buildActionMask = 2147483647;
			files = (
				75508F722DFB362E006597BD /* DriverKit.framework in Frameworks */,
				75508F742DFB363A006597BD /* SerialDriverKit.framework in Frameworks */,
			);
			runOnlyForDeploymentPostprocessing = 0;
		};
/* End PBXFrameworksBuildPhase section */

/* Begin PBXGroup section */
		7550B7AE2DFB3C8D006597BD /* QT_6.9.1 */ = {
			isa = PBXGroup;
			children = (
				7550B79E2DFB3C7C006597BD /* QtConcurrent.framework */,
				7550B7932DFB3C7C006597BD /* QtCore.framework */,
				7550B79A2DFB3C7C006597BD /* QtCore5Compat.framework */,
				7550B7982DFB3C7C006597BD /* QtDBus.framework */,
				7550B7972DFB3C7C006597BD /* QtGui.framework */,
				7550B79D2DFB3C7C006597BD /* QtNetwork.framework */,
				7550B79B2DFB3C7C006597BD /* QtNetworkAuth.framework */,
				7550B79C2DFB3C7C006597BD /* QtSensors.framework */,
				7550B7992DFB3C7C006597BD /* QtSerialBus.framework */,
				7550B7962DFB3C7C006597BD /* QtSerialPort.framework */,
				7550B7902DFB3C7C006597BD /* QtStateMachine.framework */,
				7550B7952DFB3C7C006597BD /* QtVirtualKeyboard.framework */,
				7550B7922DFB3C7C006597BD /* QtVirtualKeyboardSettings.framework */,
				7550B7912DFB3C7C006597BD /* QtWidgets.framework */,
				7550B7942DFB3C7C006597BD /* QtXml.framework */,
				75508D2B2DFB3314006597BD /* plugins */,
			);
			path = QT_6.9.1;
			sourceTree = "<group>";
		};
		880539E92D4BAFBD00E55104 /* VSPClient */ = {
			isa = PBXGroup;
			children = (
				88A671482D68DDE000CE4E12 /* Resources */,
				880539F12D4BAFBF00E55104 /* VSPClient.entitlements */,
				880539F52D4BB0F900E55104 /* Info.plist */,
				88906F452D4CCA9400E500BB /* VSPClient-Bridging-Header.h */,
				88F5D93C2D59E85B007A6E1F /* VSPInstallApp.swift */,
				88878E1B2D7A09EB00092D65 /* VSPInfoDialog.m */,
				88F5D93F2D59E933007A6E1F /* VSPDriverClient.cpp */,
				8854A9BA2D5DED8A00C27252 /* VSPDriverClient.hpp */,
				880539EC2D4BAFBF00E55104 /* Assets.xcassets */,
			);
			path = VSPClient;
			sourceTree = "<group>";
		};
		886B507E2D805115007BE2EC /* Products */ = {
			isa = PBXGroup;
			children = (
				886B50832D805115007BE2EC /* VSPController.framework */,
			);
			name = Products;
			sourceTree = "<group>";
		};
		886B50852D805141007BE2EC /* Products */ = {
			isa = PBXGroup;
			children = (
				886B508A2D805141007BE2EC /* VSPSetup.framework */,
			);
			name = Products;
			sourceTree = "<group>";
		};
		886B508C2D805161007BE2EC /* Products */ = {
			isa = PBXGroup;
			children = (
				886B50912D805161007BE2EC /* VSPClientUI.framework */,
			);
			name = Products;
			sourceTree = "<group>";
		};
		88A671302D68DDE000CE4E12 /* ani */ = {
			isa = PBXGroup;
			children = (
				88A6712E2D68DDE000CE4E12 /* progress.gif */,
				88A6712F2D68DDE000CE4E12 /* progress2.gif */,
			);
			path = ani;
			sourceTree = "<group>";
		};
		88A671322D68DDE000CE4E12 /* icns */ = {
			isa = PBXGroup;
			children = (
				88A671312D68DDE000CE4E12 /* vspclient.icns */,
			);
			path = icns;
			sourceTree = "<group>";
		};
		88A671442D68DDE000CE4E12 /* png */ = {
			isa = PBXGroup;
			children = (
				88698B872D76DDD70008EF6B /* vspclient_16x16.png */,
				88698B882D76DDD70008EF6B /* vspclient_16x16@2x.png */,
				88698B892D76DDD70008EF6B /* vspclient_32x32.png */,
				88698B8A2D76DDD70008EF6B /* vspclient_32x32@2x.png */,
				88698B8B2D76DDD70008EF6B /* vspclient_128x128.png */,
				88698B8C2D76DDD70008EF6B /* vspclient_128x128@2x.png */,
				88698B8D2D76DDD70008EF6B /* vspclient_256x256.png */,
				88698B8E2D76DDD70008EF6B /* vspclient_256x256@2x.png */,
				88698B8F2D76DDD70008EF6B /* vspclient_512x512.png */,
				88698B902D76DDD70008EF6B /* vspclient_512x512@2x.png */,
			);
			path = png;
			sourceTree = "<group>";
		};
		88A671482D68DDE000CE4E12 /* Resources */ = {
			isa = PBXGroup;
			children = (
				88A671302D68DDE000CE4E12 /* ani */,
				88A671322D68DDE000CE4E12 /* icns */,
				88A671442D68DDE000CE4E12 /* png */,
				88A671472D68DDE000CE4E12 /* InfoPlist.strings */,
			);
			path = Resources;
			sourceTree = "<group>";
		};
		88B40D4D2D4B666700DFE7C5 = {
			isa = PBXGroup;
			children = (
				7550B7AE2DFB3C8D006597BD /* QT_6.9.1 */,
				88B40D5C2D4B666700DFE7C5 /* VSPDriver */,
				880539E92D4BAFBD00E55104 /* VSPClient */,
				886B508B2D805161007BE2EC /* VSPClientUI.xcodeproj */,
				886B50842D805141007BE2EC /* VSPSetup.xcodeproj */,
				886B507D2D805115007BE2EC /* VSPController.xcodeproj */,
				88DA7BA72D532C6700C8F759 /* LICENSE */,
				88AB34EA2D64937300260D19 /* VSPDriver-PortLink.log */,
				88667D6A2D53474900DFA26E /* VSPDriver-Full.log */,
				88AEEFF62D5233D4007F2A4C /* IOReg-Outline.md */,
				88DA7BA62D532C6700C8F759 /* README.md */,
				88AB34E92D64937300260D19 /* make.sh */,
				88B40D592D4B666700DFE7C5 /* Frameworks */,
				88B40D582D4B666700DFE7C5 /* Products */,
			);
			sourceTree = "<group>";
		};
		88B40D582D4B666700DFE7C5 /* Products */ = {
			isa = PBXGroup;
			children = (
				88B40D572D4B666700DFE7C5 /* org.eof.tools.VSPDriver.dext */,
				880539E82D4BAFBD00E55104 /* VSPClient.app */,
			);
			name = Products;
			sourceTree = "<group>";
		};
		88B40D592D4B666700DFE7C5 /* Frameworks */ = {
			isa = PBXGroup;
			children = (
				88F12FF32DCDBED600E0486A /* CoreBluetooth.framework */,
				88F12FF22DCDBED600E0486A /* IOBluetooth.framework */,
				88F12FF02DCDBECE00E0486A /* Contacts.framework */,
				88F12FEE2DCDBEC900E0486A /* EventKit.framework */,
				88F12FDF2DCDBE3500E0486A /* AVFoundation.framework */,
				883C30A12D6F1C550029BE30 /* IOKit.framework */,
				8884826D2D61192900F3BAD7 /* Cocoa.framework */,
				885DE9332D5E82CD00CFECEE /* Foundation.framework */,
				8854A99E2D5DB1E400C27252 /* CoreFoundation.framework */,
				75508F732DFB363A006597BD /* SerialDriverKit.framework */,
				88906F492D4CCACB00E500BB /* DriverKit.framework */,
			);
			name = Frameworks;
			sourceTree = "<group>";
		};
		88B40D5C2D4B666700DFE7C5 /* VSPDriver */ = {
			isa = PBXGroup;
			children = (
				88B40D5F2D4B666700DFE7C5 /* VSPDriver.iig */,
				88B40D5D2D4B666700DFE7C5 /* VSPDriver.cpp */,
				8899C3492D525AD800E17727 /* VSPSerialPort.iig */,
				8899C34B2D525AFB00E17727 /* VSPSerialPort.cpp */,
				884F6EC42D59A58D0066353A /* VSPUserClient.iig */,
				884F6EC62D59A5C90066353A /* VSPUserClient.cpp */,
				88B47EC92D59B43800868CA5 /* VSPController.h */,
				889E8EBB2D4DF4BF002F387A /* VSPLogger.h */,
				88B40D702D4B85ED00DFE7C5 /* VSPDriver.entitlements */,
				88B40D612D4B666700DFE7C5 /* Info.plist */,
			);
			path = VSPDriver;
			sourceTree = "<group>";
		};
/* End PBXGroup section */

/* Begin PBXHeadersBuildPhase section */
		88B40D522D4B666700DFE7C5 /* Headers */ = {
			isa = PBXHeadersBuildPhase;
			buildActionMask = 2147483647;
			files = (
				889E8EBC2D4DF4BF002F387A /* VSPLogger.h in Headers */,
				88B47ECA2D59B43800868CA5 /* VSPController.h in Headers */,
			);
			runOnlyForDeploymentPostprocessing = 0;
		};
/* End PBXHeadersBuildPhase section */

/* Begin PBXNativeTarget section */
		880539E72D4BAFBD00E55104 /* VSPClient */ = {
			isa = PBXNativeTarget;
			buildConfigurationList = 880539F22D4BAFBF00E55104 /* Build configuration list for PBXNativeTarget "VSPClient" */;
			buildPhases = (
				880539E42D4BAFBD00E55104 /* Sources */,
				880539E52D4BAFBD00E55104 /* Frameworks */,
				8869B5072D627FCD002643D9 /* Embed Libraries */,
				880539E62D4BAFBD00E55104 /* Resources */,
				883C30372D6EDEDB0029BE30 /* Copy QT Plugins - canbus */,
				883C30402D6EDFA60029BE30 /* Copy QT Plugins - iconengines */,
				883C30432D6EE0450029BE30 /* Copy QT Plugins - imageformats */,
				883C305A2D6EE0A10029BE30 /* Copy QT Plugins - networkinformation */,
				883C305D2D6EE0EE0029BE30 /* Copy QT Plugins - platforminputcontexts */,
				883C30602D6EE1390029BE30 /* Copy QT Plugins - platforms */,
				883C30632D6EE18E0029BE30 /* Copy QT Plugins - styles */,
				883C30662D6EE1D50029BE30 /* Copy QT Plugins - tls */,
				750497EB2DFBFCD300FF32D5 /* Copy VSP Driver DEXT */,
			);
			buildRules = (
			);
			dependencies = (
				750497EE2DFBFDC200FF32D5 /* PBXTargetDependency */,
				886B50972D80517C007BE2EC /* PBXTargetDependency */,
				886B50952D805178007BE2EC /* PBXTargetDependency */,
				886B50932D805174007BE2EC /* PBXTargetDependency */,
			);
			fileSystemSynchronizedGroups = (
				75508D2B2DFB3314006597BD /* plugins */,
			);
			name = VSPClient;
			packageProductDependencies = (
			);
			productName = VSPInstall;
			productReference = 880539E82D4BAFBD00E55104 /* VSPClient.app */;
			productType = "com.apple.product-type.application";
		};
		88B40D562D4B666700DFE7C5 /* VSPDriver */ = {
			isa = PBXNativeTarget;
			buildConfigurationList = 88B40D642D4B666700DFE7C5 /* Build configuration list for PBXNativeTarget "VSPDriver" */;
			buildPhases = (
				88B40D522D4B666700DFE7C5 /* Headers */,
				88B40D532D4B666700DFE7C5 /* Sources */,
				88B40D542D4B666700DFE7C5 /* Frameworks */,
				88B40D552D4B666700DFE7C5 /* Resources */,
			);
			buildRules = (
			);
			dependencies = (
			);
			name = VSPDriver;
			productName = VSPDriver;
			productReference = 88B40D572D4B666700DFE7C5 /* org.eof.tools.VSPDriver.dext */;
			productType = "com.apple.product-type.driver-extension";
		};
/* End PBXNativeTarget section */

/* Begin PBXProject section */
		88B40D4E2D4B666700DFE7C5 /* Project object */ = {
			isa = PBXProject;
			attributes = {
				BuildIndependentTargetsInParallel = 1;
				LastSwiftUpdateCheck = 1420;
				LastUpgradeCheck = 1640;
				TargetAttributes = {
					880539E72D4BAFBD00E55104 = {
						CreatedOnToolsVersion = 14.2;
						LastSwiftMigration = 1420;
					};
					88B40D562D4B666700DFE7C5 = {
						CreatedOnToolsVersion = 14.2;
					};
				};
			};
			buildConfigurationList = 88B40D512D4B666700DFE7C5 /* Build configuration list for PBXProject "VSPDriver_arm64" */;
			developmentRegion = en;
			hasScannedForEncodings = 0;
			knownRegions = (
				en,
				Base,
				de,
			);
			mainGroup = 88B40D4D2D4B666700DFE7C5;
			packageReferences = (
			);
			preferredProjectObjectVersion = 56;
			productRefGroup = 88B40D582D4B666700DFE7C5 /* Products */;
			projectDirPath = "";
			projectReferences = (
				{
					ProductGroup = 886B508C2D805161007BE2EC /* Products */;
					ProjectRef = 886B508B2D805161007BE2EC /* VSPClientUI.xcodeproj */;
				},
				{
					ProductGroup = 886B507E2D805115007BE2EC /* Products */;
					ProjectRef = 886B507D2D805115007BE2EC /* VSPController.xcodeproj */;
				},
				{
					ProductGroup = 886B50852D805141007BE2EC /* Products */;
					ProjectRef = 886B50842D805141007BE2EC /* VSPSetup.xcodeproj */;
				},
			);
			projectRoot = "";
			targets = (
				88B40D562D4B666700DFE7C5 /* VSPDriver */,
				880539E72D4BAFBD00E55104 /* VSPClient */,
			);
		};
/* End PBXProject section */

/* Begin PBXReferenceProxy section */
		886B50832D805115007BE2EC /* VSPController.framework */ = {
			isa = PBXReferenceProxy;
			fileType = wrapper.framework;
			path = VSPController.framework;
			remoteRef = 886B50822D805115007BE2EC /* PBXContainerItemProxy */;
			sourceTree = BUILT_PRODUCTS_DIR;
		};
		886B508A2D805141007BE2EC /* VSPSetup.framework */ = {
			isa = PBXReferenceProxy;
			fileType = wrapper.framework;
			path = VSPSetup.framework;
			remoteRef = 886B50892D805141007BE2EC /* PBXContainerItemProxy */;
			sourceTree = BUILT_PRODUCTS_DIR;
		};
		886B50912D805161007BE2EC /* VSPClientUI.framework */ = {
			isa = PBXReferenceProxy;
			fileType = wrapper.framework;
			path = VSPClientUI.framework;
			remoteRef = 886B50902D805161007BE2EC /* PBXContainerItemProxy */;
			sourceTree = BUILT_PRODUCTS_DIR;
		};
/* End PBXReferenceProxy section */

/* Begin PBXResourcesBuildPhase section */
		880539E62D4BAFBD00E55104 /* Resources */ = {
			isa = PBXResourcesBuildPhase;
			buildActionMask = 2147483647;
			files = (
				88698B912D76DDD70008EF6B /* vspclient_16x16@2x.png in Resources */,
				88698B922D76DDD70008EF6B /* vspclient_128x128.png in Resources */,
				88698B932D76DDD70008EF6B /* vspclient_256x256@2x.png in Resources */,
				88698B942D76DDD70008EF6B /* vspclient_512x512@2x.png in Resources */,
				88698B952D76DDD70008EF6B /* vspclient_32x32.png in Resources */,
				88698B962D76DDD70008EF6B /* vspclient_32x32@2x.png in Resources */,
				88698B972D76DDD70008EF6B /* vspclient_256x256.png in Resources */,
				88698B982D76DDD70008EF6B /* vspclient_128x128@2x.png in Resources */,
				88698B992D76DDD70008EF6B /* vspclient_512x512.png in Resources */,
				88698B9A2D76DDD70008EF6B /* vspclient_16x16.png in Resources */,
				88DA7BA92D532C6800C8F759 /* LICENSE in Resources */,
				880539ED2D4BAFBF00E55104 /* Assets.xcassets in Resources */,
				88A6714B2D68DDE000CE4E12 /* InfoPlist.strings in Resources */,
				88A6714A2D68DDE000CE4E12 /* vspclient.icns in Resources */,
			);
			runOnlyForDeploymentPostprocessing = 0;
		};
		88B40D552D4B666700DFE7C5 /* Resources */ = {
			isa = PBXResourcesBuildPhase;
			buildActionMask = 2147483647;
			files = (
			);
			runOnlyForDeploymentPostprocessing = 0;
		};
/* End PBXResourcesBuildPhase section */

/* Begin PBXSourcesBuildPhase section */
		880539E42D4BAFBD00E55104 /* Sources */ = {
			isa = PBXSourcesBuildPhase;
			buildActionMask = 2147483647;
			files = (
				88F5D9402D59E933007A6E1F /* VSPDriverClient.cpp in Sources */,
				88878E1C2D7A09EB00092D65 /* VSPInfoDialog.m in Sources */,
				88F5D93D2D59E85B007A6E1F /* VSPInstallApp.swift in Sources */,
			);
			runOnlyForDeploymentPostprocessing = 0;
		};
		88B40D532D4B666700DFE7C5 /* Sources */ = {
			isa = PBXSourcesBuildPhase;
			buildActionMask = 2147483647;
			files = (
				88B47EC82D59B30600868CA5 /* VSPUserClient.iig in Sources */,
				884F6EC72D59A5C90066353A /* VSPUserClient.cpp in Sources */,
				8899C34A2D525AD800E17727 /* VSPSerialPort.iig in Sources */,
				8899C34C2D525AFB00E17727 /* VSPSerialPort.cpp in Sources */,
				88B40D602D4B666700DFE7C5 /* VSPDriver.iig in Sources */,
				88B40D5E2D4B666700DFE7C5 /* VSPDriver.cpp in Sources */,
			);
			runOnlyForDeploymentPostprocessing = 0;
		};
/* End PBXSourcesBuildPhase section */

/* Begin PBXTargetDependency section */
		750497EE2DFBFDC200FF32D5 /* PBXTargetDependency */ = {
			isa = PBXTargetDependency;
			target = 88B40D562D4B666700DFE7C5 /* VSPDriver */;
			targetProxy = 750497ED2DFBFDC200FF32D5 /* PBXContainerItemProxy */;
		};
		886B50932D805174007BE2EC /* PBXTargetDependency */ = {
			isa = PBXTargetDependency;
			name = VSPSetup;
			targetProxy = 886B50922D805174007BE2EC /* PBXContainerItemProxy */;
		};
		886B50952D805178007BE2EC /* PBXTargetDependency */ = {
			isa = PBXTargetDependency;
			name = VSPController;
			targetProxy = 886B50942D805178007BE2EC /* PBXContainerItemProxy */;
		};
		886B50972D80517C007BE2EC /* PBXTargetDependency */ = {
			isa = PBXTargetDependency;
			name = VSPClientUI;
			targetProxy = 886B50962D80517C007BE2EC /* PBXContainerItemProxy */;
		};
/* End PBXTargetDependency section */

/* Begin PBXVariantGroup section */
		88A671472D68DDE000CE4E12 /* InfoPlist.strings */ = {
			isa = PBXVariantGroup;
			children = (
				88A671452D68DDE000CE4E12 /* de */,
				88A671462D68DDE000CE4E12 /* en */,
			);
			name = InfoPlist.strings;
			sourceTree = "<group>";
		};
/* End PBXVariantGroup section */

/* Begin XCBuildConfiguration section */
		880539F32D4BAFBF00E55104 /* Debug */ = {
			isa = XCBuildConfiguration;
			buildSettings = {
				ALWAYS_SEARCH_USER_PATHS = YES;
				ARCHS = "$(ARCHS_STANDARD)";
				ASSETCATALOG_COMPILER_APPICON_NAME = AppIcon;
				ASSETCATALOG_COMPILER_GLOBAL_ACCENT_COLOR_NAME = AccentColor;
				ASSETCATALOG_COMPILER_INCLUDE_ALL_APPICON_ASSETS = YES;
				CLANG_ENABLE_MODULES = NO;
				CODE_SIGN_ENTITLEMENTS = VSPClient/VSPClient.entitlements;
				CODE_SIGN_IDENTITY = "Apple Development";
				CODE_SIGN_STYLE = Automatic;
				COMBINE_HIDPI_IMAGES = YES;
				CURRENT_PROJECT_VERSION = 36;
				DEAD_CODE_STRIPPING = YES;
				ENABLE_APP_SANDBOX = YES;
				ENABLE_HARDENED_RUNTIME = YES;
				ENABLE_USER_SCRIPT_SANDBOXING = NO;
				ENABLE_USER_SELECTED_FILES = readwrite;
				FRAMEWORK_SEARCH_PATHS = (
					"$(PROJECT_DIR)/QT",
					"$(HOME)/Qt/6.8.2/macos/lib",
					"$(inherited)",
				);
				GENERATE_INFOPLIST_FILE = YES;
				HEADER_SEARCH_PATHS = (
					"$(inherited)",
					"$(PROJECT_DIR)/QT/**",
				);
				INFOPLIST_FILE = VSPClient/Info.plist;
				INFOPLIST_KEY_CFBundleDisplayName = "Virtual Serial Port Controller";
				INFOPLIST_KEY_LSApplicationCategoryType = "public.app-category.developer-tools";
				INFOPLIST_KEY_NSDesktopFolderUsageDescription = "Require acces to file for VSP test.";
				INFOPLIST_KEY_NSDocumentsFolderUsageDescription = "Require acces to file for VSP test.";
				INFOPLIST_KEY_NSDownloadsFolderUsageDescription = "Require acces to file for VSP test.";
				INFOPLIST_KEY_NSHumanReadableCopyright = "Copyright © 2025 by EoF Software Labs";
				INFOPLIST_KEY_NSPrincipalClass = NSApplication;
				INFOPLIST_KEY_OSBundleUsageDescription = "Required to Control the Virtual Serial Port links";
				LD_RUNPATH_SEARCH_PATHS = (
					"@executable_path/../Frameworks",
					"@executable_path/../PlugIns/canbus",
					"@executable_path/../PlugIns/iconengines",
					"@executable_path/../PlugIns/imageformats",
					"@executable_path/../PlugIns/networkinformation",
					"@executable_path/../PlugIns/platforminputcontexts",
					"@executable_path/../PlugIns/platforms",
					"@executable_path/../PlugIns/styles",
					"@executable_path/../PlugIns/tls",
					"$(inherited)",
				);
				LIBRARY_SEARCH_PATHS = (
					"$(PROJECT_DIR)/QT",
					"$(SDKROOT)/usr/lib/system",
					"$(inherited)",
					"$(PROJECT_DIR)/QT-6.8.2/plugins/permissions",
				);
				MACOSX_DEPLOYMENT_TARGET = 12.2;
				MARKETING_VERSION = 1.9;
				PRODUCT_BUNDLE_IDENTIFIER = org.eof.tools.VSPClient;
				PRODUCT_NAME = "$(TARGET_NAME)";
				PROVISIONING_PROFILE_SPECIFIER = "";
				REEXPORTED_LIBRARY_PATHS = "";
				REGISTER_APP_GROUPS = YES;
				SDKROOT = macosx;
				SWIFT_ACTIVE_COMPILATION_CONDITIONS = DEBUG;
				SWIFT_EMIT_LOC_STRINGS = YES;
				SWIFT_OBJC_BRIDGING_HEADER = "VSPClient/VSPClient-Bridging-Header.h";
				SWIFT_OPTIMIZATION_LEVEL = "-Onone";
				SWIFT_VERSION = 5.0;
				_EXPERIMENTAL_SWIFT_EXPLICIT_MODULES = YES;
			};
			name = Debug;
		};
		880539F42D4BAFBF00E55104 /* Release */ = {
			isa = XCBuildConfiguration;
			buildSettings = {
				ALWAYS_SEARCH_USER_PATHS = YES;
				ARCHS = "$(ARCHS_STANDARD)";
				ASSETCATALOG_COMPILER_APPICON_NAME = AppIcon;
				ASSETCATALOG_COMPILER_GLOBAL_ACCENT_COLOR_NAME = AccentColor;
				ASSETCATALOG_COMPILER_INCLUDE_ALL_APPICON_ASSETS = YES;
				CLANG_ENABLE_MODULES = NO;
				CODE_SIGN_ENTITLEMENTS = VSPClient/VSPClient.entitlements;
				CODE_SIGN_IDENTITY = "Apple Development";
				CODE_SIGN_STYLE = Automatic;
				COMBINE_HIDPI_IMAGES = YES;
				CURRENT_PROJECT_VERSION = 36;
				DEAD_CODE_STRIPPING = YES;
				ENABLE_APP_SANDBOX = YES;
				ENABLE_HARDENED_RUNTIME = YES;
				ENABLE_USER_SCRIPT_SANDBOXING = NO;
				ENABLE_USER_SELECTED_FILES = readwrite;
				FRAMEWORK_SEARCH_PATHS = (
					"$(PROJECT_DIR)/QT",
					"$(HOME)/Qt/6.8.2/macos/lib",
					"$(inherited)",
				);
				GENERATE_INFOPLIST_FILE = YES;
				HEADER_SEARCH_PATHS = (
					"$(inherited)",
					"$(PROJECT_DIR)/QT/**",
				);
				INFOPLIST_FILE = VSPClient/Info.plist;
				INFOPLIST_KEY_CFBundleDisplayName = "Virtual Serial Port Controller";
				INFOPLIST_KEY_LSApplicationCategoryType = "public.app-category.developer-tools";
				INFOPLIST_KEY_NSDesktopFolderUsageDescription = "Require acces to file for VSP test.";
				INFOPLIST_KEY_NSDocumentsFolderUsageDescription = "Require acces to file for VSP test.";
				INFOPLIST_KEY_NSDownloadsFolderUsageDescription = "Require acces to file for VSP test.";
				INFOPLIST_KEY_NSHumanReadableCopyright = "Copyright © 2025 by EoF Software Labs";
				INFOPLIST_KEY_NSPrincipalClass = NSApplication;
				INFOPLIST_KEY_OSBundleUsageDescription = "Required to Control the Virtual Serial Port links";
				LD_RUNPATH_SEARCH_PATHS = (
					"@executable_path/../Frameworks",
					"@executable_path/../PlugIns/canbus",
					"@executable_path/../PlugIns/iconengines",
					"@executable_path/../PlugIns/imageformats",
					"@executable_path/../PlugIns/networkinformation",
					"@executable_path/../PlugIns/platforminputcontexts",
					"@executable_path/../PlugIns/platforms",
					"@executable_path/../PlugIns/styles",
					"@executable_path/../PlugIns/tls",
					"$(inherited)",
				);
				LIBRARY_SEARCH_PATHS = (
					"$(PROJECT_DIR)/QT",
					"$(SDKROOT)/usr/lib/system",
					"$(inherited)",
					"$(PROJECT_DIR)/QT-6.8.2/plugins/permissions",
				);
				MACOSX_DEPLOYMENT_TARGET = 12.2;
				MARKETING_VERSION = 1.9;
				PRODUCT_BUNDLE_IDENTIFIER = org.eof.tools.VSPClient;
				PRODUCT_NAME = "$(TARGET_NAME)";
				PROVISIONING_PROFILE_SPECIFIER = "";
				REEXPORTED_LIBRARY_PATHS = "";
				REGISTER_APP_GROUPS = YES;
				SDKROOT = macosx;
				SWIFT_COMPILATION_MODE = wholemodule;
				SWIFT_EMIT_LOC_STRINGS = YES;
				SWIFT_OBJC_BRIDGING_HEADER = "VSPClient/VSPClient-Bridging-Header.h";
				SWIFT_OPTIMIZATION_LEVEL = "-O";
				SWIFT_VERSION = 5.0;
				_EXPERIMENTAL_SWIFT_EXPLICIT_MODULES = YES;
			};
			name = Release;
		};
		88B40D622D4B666700DFE7C5 /* Debug */ = {
			isa = XCBuildConfiguration;
			buildSettings = {
				ALLOW_TARGET_PLATFORM_SPECIALIZATION = YES;
				ALWAYS_SEARCH_USER_PATHS = NO;
				ASSETCATALOG_COMPILER_GENERATE_SWIFT_ASSET_SYMBOL_EXTENSIONS = YES;
				CLANG_ANALYZER_LOCALIZABILITY_NONLOCALIZED = YES;
				CLANG_ANALYZER_NONNULL = YES;
				CLANG_ANALYZER_NUMBER_OBJECT_CONVERSION = YES_AGGRESSIVE;
				CLANG_CXX_LANGUAGE_STANDARD = "gnu++20";
				CLANG_ENABLE_MODULES = YES;
				CLANG_ENABLE_OBJC_ARC = YES;
				CLANG_ENABLE_OBJC_WEAK = YES;
				CLANG_WARN_BLOCK_CAPTURE_AUTORELEASING = YES;
				CLANG_WARN_BOOL_CONVERSION = YES;
				CLANG_WARN_COMMA = YES;
				CLANG_WARN_CONSTANT_CONVERSION = YES;
				CLANG_WARN_DEPRECATED_OBJC_IMPLEMENTATIONS = YES;
				CLANG_WARN_DIRECT_OBJC_ISA_USAGE = YES_ERROR;
				CLANG_WARN_DOCUMENTATION_COMMENTS = YES;
				CLANG_WARN_EMPTY_BODY = YES;
				CLANG_WARN_ENUM_CONVERSION = YES;
				CLANG_WARN_INFINITE_RECURSION = YES;
				CLANG_WARN_INT_CONVERSION = YES;
				CLANG_WARN_NON_LITERAL_NULL_CONVERSION = YES;
				CLANG_WARN_OBJC_IMPLICIT_RETAIN_SELF = YES;
				CLANG_WARN_OBJC_LITERAL_CONVERSION = YES;
				CLANG_WARN_OBJC_ROOT_CLASS = YES_ERROR;
				CLANG_WARN_QUOTED_INCLUDE_IN_FRAMEWORK_HEADER = YES;
				CLANG_WARN_RANGE_LOOP_ANALYSIS = YES;
				CLANG_WARN_STRICT_PROTOTYPES = YES;
				CLANG_WARN_SUSPICIOUS_MOVE = YES;
				CLANG_WARN_UNGUARDED_AVAILABILITY = YES_AGGRESSIVE;
				CLANG_WARN_UNREACHABLE_CODE = YES;
				CLANG_WARN__DUPLICATE_METHOD_MATCH = YES;
				COPY_PHASE_STRIP = NO;
				DEAD_CODE_STRIPPING = YES;
				DEBUG_INFORMATION_FORMAT = dwarf;
				DEVELOPMENT_TEAM = 83NQU389JN;
				DRIVERKIT_DEPLOYMENT_TARGET = 20.0;
				ENABLE_STRICT_OBJC_MSGSEND = YES;
				ENABLE_TESTABILITY = YES;
				ENABLE_USER_SCRIPT_SANDBOXING = NO;
				GCC_C_LANGUAGE_STANDARD = gnu11;
				GCC_DYNAMIC_NO_PIC = NO;
				GCC_NO_COMMON_BLOCKS = YES;
				GCC_OPTIMIZATION_LEVEL = 0;
				GCC_PREPROCESSOR_DEFINITIONS = (
					"DEBUG=1",
					"$(inherited)",
				);
				GCC_WARN_64_TO_32_BIT_CONVERSION = YES;
				GCC_WARN_ABOUT_RETURN_TYPE = YES_ERROR;
				GCC_WARN_UNDECLARED_SELECTOR = YES;
				GCC_WARN_UNINITIALIZED_AUTOS = YES_AGGRESSIVE;
				GCC_WARN_UNUSED_FUNCTION = YES;
				GCC_WARN_UNUSED_VARIABLE = YES;
				MACOSX_DEPLOYMENT_TARGET = 12.2;
				MTL_ENABLE_DEBUG_INFO = INCLUDE_SOURCE;
				MTL_FAST_MATH = YES;
				ONLY_ACTIVE_ARCH = YES;
				SDKROOT = macosx;
				SWIFT_COMPILATION_MODE = wholemodule;
				SWIFT_VERSION = 6.0;
				_EXPERIMENTAL_SWIFT_EXPLICIT_MODULES = YES;
			};
			name = Debug;
		};
		88B40D632D4B666700DFE7C5 /* Release */ = {
			isa = XCBuildConfiguration;
			buildSettings = {
				ALLOW_TARGET_PLATFORM_SPECIALIZATION = YES;
				ALWAYS_SEARCH_USER_PATHS = NO;
				ASSETCATALOG_COMPILER_GENERATE_SWIFT_ASSET_SYMBOL_EXTENSIONS = YES;
				CLANG_ANALYZER_LOCALIZABILITY_NONLOCALIZED = YES;
				CLANG_ANALYZER_NONNULL = YES;
				CLANG_ANALYZER_NUMBER_OBJECT_CONVERSION = YES_AGGRESSIVE;
				CLANG_CXX_LANGUAGE_STANDARD = "gnu++20";
				CLANG_ENABLE_MODULES = YES;
				CLANG_ENABLE_OBJC_ARC = YES;
				CLANG_ENABLE_OBJC_WEAK = YES;
				CLANG_WARN_BLOCK_CAPTURE_AUTORELEASING = YES;
				CLANG_WARN_BOOL_CONVERSION = YES;
				CLANG_WARN_COMMA = YES;
				CLANG_WARN_CONSTANT_CONVERSION = YES;
				CLANG_WARN_DEPRECATED_OBJC_IMPLEMENTATIONS = YES;
				CLANG_WARN_DIRECT_OBJC_ISA_USAGE = YES_ERROR;
				CLANG_WARN_DOCUMENTATION_COMMENTS = YES;
				CLANG_WARN_EMPTY_BODY = YES;
				CLANG_WARN_ENUM_CONVERSION = YES;
				CLANG_WARN_INFINITE_RECURSION = YES;
				CLANG_WARN_INT_CONVERSION = YES;
				CLANG_WARN_NON_LITERAL_NULL_CONVERSION = YES;
				CLANG_WARN_OBJC_IMPLICIT_RETAIN_SELF = YES;
				CLANG_WARN_OBJC_LITERAL_CONVERSION = YES;
				CLANG_WARN_OBJC_ROOT_CLASS = YES_ERROR;
				CLANG_WARN_QUOTED_INCLUDE_IN_FRAMEWORK_HEADER = YES;
				CLANG_WARN_RANGE_LOOP_ANALYSIS = YES;
				CLANG_WARN_STRICT_PROTOTYPES = YES;
				CLANG_WARN_SUSPICIOUS_MOVE = YES;
				CLANG_WARN_UNGUARDED_AVAILABILITY = YES_AGGRESSIVE;
				CLANG_WARN_UNREACHABLE_CODE = YES;
				CLANG_WARN__DUPLICATE_METHOD_MATCH = YES;
				COPY_PHASE_STRIP = NO;
				DEAD_CODE_STRIPPING = YES;
				DEBUG_INFORMATION_FORMAT = "dwarf-with-dsym";
				DEVELOPMENT_TEAM = 83NQU389JN;
				DRIVERKIT_DEPLOYMENT_TARGET = 20.0;
				ENABLE_NS_ASSERTIONS = NO;
				ENABLE_STRICT_OBJC_MSGSEND = YES;
				ENABLE_USER_SCRIPT_SANDBOXING = NO;
				GCC_C_LANGUAGE_STANDARD = gnu11;
				GCC_NO_COMMON_BLOCKS = YES;
				GCC_WARN_64_TO_32_BIT_CONVERSION = YES;
				GCC_WARN_ABOUT_RETURN_TYPE = YES_ERROR;
				GCC_WARN_UNDECLARED_SELECTOR = YES;
				GCC_WARN_UNINITIALIZED_AUTOS = YES_AGGRESSIVE;
				GCC_WARN_UNUSED_FUNCTION = YES;
				GCC_WARN_UNUSED_VARIABLE = YES;
				MACOSX_DEPLOYMENT_TARGET = 12.2;
				MTL_ENABLE_DEBUG_INFO = NO;
				MTL_FAST_MATH = YES;
				SDKROOT = macosx;
				SWIFT_COMPILATION_MODE = wholemodule;
				SWIFT_VERSION = 6.0;
				_EXPERIMENTAL_SWIFT_EXPLICIT_MODULES = YES;
			};
			name = Release;
		};
		88B40D652D4B666700DFE7C5 /* Debug */ = {
			isa = XCBuildConfiguration;
			buildSettings = {
				AD_HOC_CODE_SIGNING_ALLOWED = YES;
				CLANG_OPTIMIZATION_PROFILE_FILE = "$(SRCROOT)/$(PROJECT_NAME).profdata";
				CODE_SIGN_ENTITLEMENTS = VSPDriver/VSPDriver.entitlements;
				CODE_SIGN_IDENTITY = "Apple Development";
				CODE_SIGN_STYLE = Automatic;
				CURRENT_PROJECT_VERSION = 36;
				DRIVERKIT_DEPLOYMENT_TARGET = 21.6;
				ENABLE_USER_SELECTED_FILES = readonly;
				FRAMEWORK_SEARCH_PATHS = (
					"$(inherited)",
					"$(SDKROOT)/System/DriverKit/System/Library/Frameworks",
				);
				GENERATE_INFOPLIST_FILE = YES;
				INFOPLIST_FILE = VSPDriver/Info.plist;
				INFOPLIST_KEY_CFBundleDisplayName = "Virtual Serial Port Driver";
				INFOPLIST_KEY_NSHumanReadableCopyright = "Copyright © 2025 by EoF Software Labs";
				INFOPLIST_KEY_OSBundleUsageDescription = "Provide virtual serial port";
				LIBRARY_SEARCH_PATHS = (
					"$(inherited)",
					"$(SDKROOT)/System/DriverKit/usr/lib/system",
				);
				MARKETING_VERSION = 1.9;
				PRODUCT_BUNDLE_IDENTIFIER = org.eof.tools.VSPDriver;
				PRODUCT_NAME = "$(inherited)";
				PROVISIONING_PROFILE_SPECIFIER = "";
				RUN_CLANG_STATIC_ANALYZER = YES;
				SDKROOT = driverkit;
				SKIP_INSTALL = YES;
				SWIFT_EMIT_LOC_STRINGS = YES;
			};
			name = Debug;
		};
		88B40D662D4B666700DFE7C5 /* Release */ = {
			isa = XCBuildConfiguration;
			buildSettings = {
				AD_HOC_CODE_SIGNING_ALLOWED = YES;
				CLANG_OPTIMIZATION_PROFILE_FILE = "$(SRCROOT)/$(PROJECT_NAME).profdata";
				CODE_SIGN_ENTITLEMENTS = VSPDriver/VSPDriver.entitlements;
				CODE_SIGN_IDENTITY = "Apple Development";
				CODE_SIGN_STYLE = Automatic;
				CURRENT_PROJECT_VERSION = 36;
				DRIVERKIT_DEPLOYMENT_TARGET = 21.6;
				ENABLE_USER_SELECTED_FILES = readonly;
				FRAMEWORK_SEARCH_PATHS = (
					"$(inherited)",
					"$(SDKROOT)/System/DriverKit/System/Library/Frameworks",
				);
				GENERATE_INFOPLIST_FILE = YES;
				INFOPLIST_FILE = VSPDriver/Info.plist;
				INFOPLIST_KEY_CFBundleDisplayName = "Virtual Serial Port Driver";
				INFOPLIST_KEY_NSHumanReadableCopyright = "Copyright © 2025 by EoF Software Labs";
				INFOPLIST_KEY_OSBundleUsageDescription = "Provide virtual serial port";
				LIBRARY_SEARCH_PATHS = (
					"$(inherited)",
					"$(SDKROOT)/System/DriverKit/usr/lib/system",
				);
				MARKETING_VERSION = 1.9;
				PRODUCT_BUNDLE_IDENTIFIER = org.eof.tools.VSPDriver;
				PRODUCT_NAME = "$(inherited)";
				PROVISIONING_PROFILE_SPECIFIER = "";
				RUN_CLANG_STATIC_ANALYZER = YES;
				SDKROOT = driverkit;
				SKIP_INSTALL = YES;
				SWIFT_EMIT_LOC_STRINGS = YES;
			};
			name = Release;
		};
/* End XCBuildConfiguration section */

/* Begin XCConfigurationList section */
		880539F22D4BAFBF00E55104 /* Build configuration list for PBXNativeTarget "VSPClient" */ = {
			isa = XCConfigurationList;
			buildConfigurations = (
				880539F32D4BAFBF00E55104 /* Debug */,
				880539F42D4BAFBF00E55104 /* Release */,
			);
			defaultConfigurationIsVisible = 0;
			defaultConfigurationName = Debug;
		};
		88B40D512D4B666700DFE7C5 /* Build configuration list for PBXProject "VSPDriver_arm64" */ = {
			isa = XCConfigurationList;
			buildConfigurations = (
				88B40D622D4B666700DFE7C5 /* Debug */,
				88B40D632D4B666700DFE7C5 /* Release */,
			);
			defaultConfigurationIsVisible = 0;
			defaultConfigurationName = Debug;
		};
		88B40D642D4B666700DFE7C5 /* Build configuration list for PBXNativeTarget "VSPDriver" */ = {
			isa = XCConfigurationList;
			buildConfigurations = (
				88B40D652D4B666700DFE7C5 /* Debug */,
				88B40D662D4B666700DFE7C5 /* Release */,
			);
			defaultConfigurationIsVisible = 0;
			defaultConfigurationName = Debug;
		};
/* End XCConfigurationList section */
	};
	rootObject = 88B40D4E2D4B666700DFE7C5 /* Project object */;
}
