// !$*UTF8*$!
{
	archiveVersion = 1;
	classes = {
	};
	objectVersion = 56;
	objects = {

/* Begin PBXBuildFile section */
		880539ED2D4BAFBF00E55104 /* Assets.xcassets in Resources */ = {isa = PBXBuildFile; fileRef = 880539EC2D4BAFBF00E55104 /* Assets.xcassets */; };
		883C30152D6EDEB20029BE30 /* QtQmlMeta.framework in Frameworks */ = {isa = PBXBuildFile; fileRef = 883C30042D6EDEB10029BE30 /* QtQmlMeta.framework */; };
		883C30162D6EDEB20029BE30 /* QtQmlMeta.framework in Embed Libraries */ = {isa = PBXBuildFile; fileRef = 883C30042D6EDEB10029BE30 /* QtQmlMeta.framework */; settings = {ATTRIBUTES = (CodeSignOnCopy, RemoveHeadersOnCopy, ); }; };
		883C30172D6EDEB20029BE30 /* QtDBus.framework in Frameworks */ = {isa = PBXBuildFile; fileRef = 883C30052D6EDEB10029BE30 /* QtDBus.framework */; };
		883C30182D6EDEB20029BE30 /* QtDBus.framework in Embed Libraries */ = {isa = PBXBuildFile; fileRef = 883C30052D6EDEB10029BE30 /* QtDBus.framework */; settings = {ATTRIBUTES = (CodeSignOnCopy, RemoveHeadersOnCopy, ); }; };
		883C30192D6EDEB20029BE30 /* QtXml.framework in Frameworks */ = {isa = PBXBuildFile; fileRef = 883C30062D6EDEB10029BE30 /* QtXml.framework */; };
		883C301A2D6EDEB20029BE30 /* QtXml.framework in Embed Libraries */ = {isa = PBXBuildFile; fileRef = 883C30062D6EDEB10029BE30 /* QtXml.framework */; settings = {ATTRIBUTES = (CodeSignOnCopy, RemoveHeadersOnCopy, ); }; };
		883C301B2D6EDEB20029BE30 /* QtSerialPort.framework in Frameworks */ = {isa = PBXBuildFile; fileRef = 883C30072D6EDEB10029BE30 /* QtSerialPort.framework */; };
		883C301C2D6EDEB20029BE30 /* QtSerialPort.framework in Embed Libraries */ = {isa = PBXBuildFile; fileRef = 883C30072D6EDEB10029BE30 /* QtSerialPort.framework */; settings = {ATTRIBUTES = (CodeSignOnCopy, RemoveHeadersOnCopy, ); }; };
		883C301D2D6EDEB20029BE30 /* QtVirtualKeyboard.framework in Frameworks */ = {isa = PBXBuildFile; fileRef = 883C30082D6EDEB20029BE30 /* QtVirtualKeyboard.framework */; };
		883C301E2D6EDEB20029BE30 /* QtVirtualKeyboard.framework in Embed Libraries */ = {isa = PBXBuildFile; fileRef = 883C30082D6EDEB20029BE30 /* QtVirtualKeyboard.framework */; settings = {ATTRIBUTES = (CodeSignOnCopy, RemoveHeadersOnCopy, ); }; };
		883C301F2D6EDEB20029BE30 /* QtConcurrent.framework in Frameworks */ = {isa = PBXBuildFile; fileRef = 883C30092D6EDEB20029BE30 /* QtConcurrent.framework */; };
		883C30202D6EDEB20029BE30 /* QtConcurrent.framework in Embed Libraries */ = {isa = PBXBuildFile; fileRef = 883C30092D6EDEB20029BE30 /* QtConcurrent.framework */; settings = {ATTRIBUTES = (CodeSignOnCopy, RemoveHeadersOnCopy, ); }; };
		883C30212D6EDEB20029BE30 /* QtNetwork.framework in Frameworks */ = {isa = PBXBuildFile; fileRef = 883C300A2D6EDEB20029BE30 /* QtNetwork.framework */; };
		883C30222D6EDEB20029BE30 /* QtNetwork.framework in Embed Libraries */ = {isa = PBXBuildFile; fileRef = 883C300A2D6EDEB20029BE30 /* QtNetwork.framework */; settings = {ATTRIBUTES = (CodeSignOnCopy, RemoveHeadersOnCopy, ); }; };
		883C30232D6EDEB20029BE30 /* QtWidgets.framework in Frameworks */ = {isa = PBXBuildFile; fileRef = 883C300B2D6EDEB20029BE30 /* QtWidgets.framework */; };
		883C30242D6EDEB20029BE30 /* QtWidgets.framework in Embed Libraries */ = {isa = PBXBuildFile; fileRef = 883C300B2D6EDEB20029BE30 /* QtWidgets.framework */; settings = {ATTRIBUTES = (CodeSignOnCopy, RemoveHeadersOnCopy, ); }; };
		883C30252D6EDEB20029BE30 /* QtQuick.framework in Frameworks */ = {isa = PBXBuildFile; fileRef = 883C300C2D6EDEB20029BE30 /* QtQuick.framework */; };
		883C30262D6EDEB20029BE30 /* QtQuick.framework in Embed Libraries */ = {isa = PBXBuildFile; fileRef = 883C300C2D6EDEB20029BE30 /* QtQuick.framework */; settings = {ATTRIBUTES = (CodeSignOnCopy, RemoveHeadersOnCopy, ); }; };
		883C30272D6EDEB20029BE30 /* QtOpenGL.framework in Frameworks */ = {isa = PBXBuildFile; fileRef = 883C300D2D6EDEB20029BE30 /* QtOpenGL.framework */; };
		883C30282D6EDEB20029BE30 /* QtOpenGL.framework in Embed Libraries */ = {isa = PBXBuildFile; fileRef = 883C300D2D6EDEB20029BE30 /* QtOpenGL.framework */; settings = {ATTRIBUTES = (CodeSignOnCopy, RemoveHeadersOnCopy, ); }; };
		883C30292D6EDEB20029BE30 /* QtQmlWorkerScript.framework in Frameworks */ = {isa = PBXBuildFile; fileRef = 883C300E2D6EDEB20029BE30 /* QtQmlWorkerScript.framework */; };
		883C302A2D6EDEB20029BE30 /* QtQmlWorkerScript.framework in Embed Libraries */ = {isa = PBXBuildFile; fileRef = 883C300E2D6EDEB20029BE30 /* QtQmlWorkerScript.framework */; settings = {ATTRIBUTES = (CodeSignOnCopy, RemoveHeadersOnCopy, ); }; };
		883C302B2D6EDEB20029BE30 /* QtQml.framework in Frameworks */ = {isa = PBXBuildFile; fileRef = 883C300F2D6EDEB20029BE30 /* QtQml.framework */; };
		883C302C2D6EDEB20029BE30 /* QtQml.framework in Embed Libraries */ = {isa = PBXBuildFile; fileRef = 883C300F2D6EDEB20029BE30 /* QtQml.framework */; settings = {ATTRIBUTES = (CodeSignOnCopy, RemoveHeadersOnCopy, ); }; };
		883C302D2D6EDEB20029BE30 /* QtGui.framework in Frameworks */ = {isa = PBXBuildFile; fileRef = 883C30102D6EDEB20029BE30 /* QtGui.framework */; };
		883C302E2D6EDEB20029BE30 /* QtGui.framework in Embed Libraries */ = {isa = PBXBuildFile; fileRef = 883C30102D6EDEB20029BE30 /* QtGui.framework */; settings = {ATTRIBUTES = (CodeSignOnCopy, RemoveHeadersOnCopy, ); }; };
		883C302F2D6EDEB20029BE30 /* QtCore.framework in Frameworks */ = {isa = PBXBuildFile; fileRef = 883C30112D6EDEB20029BE30 /* QtCore.framework */; };
		883C30302D6EDEB20029BE30 /* QtCore.framework in Embed Libraries */ = {isa = PBXBuildFile; fileRef = 883C30112D6EDEB20029BE30 /* QtCore.framework */; settings = {ATTRIBUTES = (CodeSignOnCopy, RemoveHeadersOnCopy, ); }; };
		883C30312D6EDEB20029BE30 /* QtQmlModels.framework in Frameworks */ = {isa = PBXBuildFile; fileRef = 883C30122D6EDEB20029BE30 /* QtQmlModels.framework */; };
		883C30322D6EDEB20029BE30 /* QtQmlModels.framework in Embed Libraries */ = {isa = PBXBuildFile; fileRef = 883C30122D6EDEB20029BE30 /* QtQmlModels.framework */; settings = {ATTRIBUTES = (CodeSignOnCopy, RemoveHeadersOnCopy, ); }; };
		883C30332D6EDEB20029BE30 /* QtSerialBus.framework in Frameworks */ = {isa = PBXBuildFile; fileRef = 883C30132D6EDEB20029BE30 /* QtSerialBus.framework */; };
		883C30342D6EDEB20029BE30 /* QtSerialBus.framework in Embed Libraries */ = {isa = PBXBuildFile; fileRef = 883C30132D6EDEB20029BE30 /* QtSerialBus.framework */; settings = {ATTRIBUTES = (CodeSignOnCopy, RemoveHeadersOnCopy, ); }; };
		883C30352D6EDEB20029BE30 /* QtSvg.framework in Frameworks */ = {isa = PBXBuildFile; fileRef = 883C30142D6EDEB20029BE30 /* QtSvg.framework */; };
		883C30362D6EDEB20029BE30 /* QtSvg.framework in Embed Libraries */ = {isa = PBXBuildFile; fileRef = 883C30142D6EDEB20029BE30 /* QtSvg.framework */; settings = {ATTRIBUTES = (CodeSignOnCopy, RemoveHeadersOnCopy, ); }; };
		883C303C2D6EDF710029BE30 /* libqtvirtualcanbus.dylib in Copy QT Plugins - canbus */ = {isa = PBXBuildFile; fileRef = 883C30382D6EDF710029BE30 /* libqtvirtualcanbus.dylib */; settings = {ATTRIBUTES = (CodeSignOnCopy, ); }; };
		883C303D2D6EDF710029BE30 /* libqtpassthrucanbus.dylib in Copy QT Plugins - canbus */ = {isa = PBXBuildFile; fileRef = 883C30392D6EDF710029BE30 /* libqtpassthrucanbus.dylib */; settings = {ATTRIBUTES = (CodeSignOnCopy, ); }; };
		883C303E2D6EDF710029BE30 /* libqtpeakcanbus.dylib in Copy QT Plugins - canbus */ = {isa = PBXBuildFile; fileRef = 883C303A2D6EDF710029BE30 /* libqtpeakcanbus.dylib */; settings = {ATTRIBUTES = (CodeSignOnCopy, ); }; };
		883C303F2D6EDF710029BE30 /* libqttinycanbus.dylib in Copy QT Plugins - canbus */ = {isa = PBXBuildFile; fileRef = 883C303B2D6EDF710029BE30 /* libqttinycanbus.dylib */; settings = {ATTRIBUTES = (CodeSignOnCopy, ); }; };
		883C30422D6EE02D0029BE30 /* libqsvgicon.dylib in Copy QT Plugins - iconengines */ = {isa = PBXBuildFile; fileRef = 883C30412D6EE02D0029BE30 /* libqsvgicon.dylib */; settings = {ATTRIBUTES = (CodeSignOnCopy, ); }; };
		883C304F2D6EE0920029BE30 /* libqmacheif.dylib in Copy QT Plugins - imageformats */ = {isa = PBXBuildFile; fileRef = 883C30442D6EE0910029BE30 /* libqmacheif.dylib */; settings = {ATTRIBUTES = (CodeSignOnCopy, ); }; };
		883C30502D6EE0920029BE30 /* libqgif.dylib in Copy QT Plugins - imageformats */ = {isa = PBXBuildFile; fileRef = 883C30452D6EE0910029BE30 /* libqgif.dylib */; settings = {ATTRIBUTES = (CodeSignOnCopy, ); }; };
		883C30512D6EE0920029BE30 /* libqmacjp2.dylib in Copy QT Plugins - imageformats */ = {isa = PBXBuildFile; fileRef = 883C30462D6EE0910029BE30 /* libqmacjp2.dylib */; settings = {ATTRIBUTES = (CodeSignOnCopy, ); }; };
		883C30522D6EE0920029BE30 /* libqtiff.dylib in Copy QT Plugins - imageformats */ = {isa = PBXBuildFile; fileRef = 883C30472D6EE0910029BE30 /* libqtiff.dylib */; settings = {ATTRIBUTES = (CodeSignOnCopy, ); }; };
		883C30532D6EE0920029BE30 /* libqtga.dylib in Copy QT Plugins - imageformats */ = {isa = PBXBuildFile; fileRef = 883C30482D6EE0910029BE30 /* libqtga.dylib */; settings = {ATTRIBUTES = (CodeSignOnCopy, ); }; };
		883C30542D6EE0920029BE30 /* libqsvg.dylib in Copy QT Plugins - imageformats */ = {isa = PBXBuildFile; fileRef = 883C30492D6EE0910029BE30 /* libqsvg.dylib */; settings = {ATTRIBUTES = (CodeSignOnCopy, ); }; };
		883C30552D6EE0920029BE30 /* libqwbmp.dylib in Copy QT Plugins - imageformats */ = {isa = PBXBuildFile; fileRef = 883C304A2D6EE0920029BE30 /* libqwbmp.dylib */; settings = {ATTRIBUTES = (CodeSignOnCopy, ); }; };
		883C30562D6EE0920029BE30 /* libqicns.dylib in Copy QT Plugins - imageformats */ = {isa = PBXBuildFile; fileRef = 883C304B2D6EE0920029BE30 /* libqicns.dylib */; settings = {ATTRIBUTES = (CodeSignOnCopy, ); }; };
		883C30572D6EE0920029BE30 /* libqwebp.dylib in Copy QT Plugins - imageformats */ = {isa = PBXBuildFile; fileRef = 883C304C2D6EE0920029BE30 /* libqwebp.dylib */; settings = {ATTRIBUTES = (CodeSignOnCopy, ); }; };
		883C30582D6EE0920029BE30 /* libqjpeg.dylib in Copy QT Plugins - imageformats */ = {isa = PBXBuildFile; fileRef = 883C304D2D6EE0920029BE30 /* libqjpeg.dylib */; settings = {ATTRIBUTES = (CodeSignOnCopy, ); }; };
		883C30592D6EE0920029BE30 /* libqico.dylib in Copy QT Plugins - imageformats */ = {isa = PBXBuildFile; fileRef = 883C304E2D6EE0920029BE30 /* libqico.dylib */; settings = {ATTRIBUTES = (CodeSignOnCopy, ); }; };
		883C305C2D6EE0E90029BE30 /* libqscnetworkreachability.dylib in Copy QT Plugins - networkinformation */ = {isa = PBXBuildFile; fileRef = 883C305B2D6EE0E90029BE30 /* libqscnetworkreachability.dylib */; settings = {ATTRIBUTES = (CodeSignOnCopy, ); }; };
		883C305F2D6EE1310029BE30 /* libqtvirtualkeyboardplugin.dylib in Copy QT Plugins - platforminputcontexts */ = {isa = PBXBuildFile; fileRef = 883C305E2D6EE1310029BE30 /* libqtvirtualkeyboardplugin.dylib */; settings = {ATTRIBUTES = (CodeSignOnCopy, ); }; };
		883C30622D6EE1820029BE30 /* libqcocoa.dylib in Copy QT Plugins - platforms */ = {isa = PBXBuildFile; fileRef = 883C30612D6EE1820029BE30 /* libqcocoa.dylib */; settings = {ATTRIBUTES = (CodeSignOnCopy, ); }; };
		883C30652D6EE1C80029BE30 /* libqmacstyle.dylib in Copy QT Plugins - styles */ = {isa = PBXBuildFile; fileRef = 883C30642D6EE1C80029BE30 /* libqmacstyle.dylib */; settings = {ATTRIBUTES = (CodeSignOnCopy, ); }; };
		883C306A2D6EE20A0029BE30 /* libqopensslbackend.dylib in Copy QT Plugins - tls */ = {isa = PBXBuildFile; fileRef = 883C30672D6EE20A0029BE30 /* libqopensslbackend.dylib */; settings = {ATTRIBUTES = (CodeSignOnCopy, ); }; };
		883C306B2D6EE20A0029BE30 /* libqsecuretransportbackend.dylib in Copy QT Plugins - tls */ = {isa = PBXBuildFile; fileRef = 883C30682D6EE20A0029BE30 /* libqsecuretransportbackend.dylib */; settings = {ATTRIBUTES = (CodeSignOnCopy, ); }; };
		883C306C2D6EE20A0029BE30 /* libqcertonlybackend.dylib in Copy QT Plugins - tls */ = {isa = PBXBuildFile; fileRef = 883C30692D6EE20A0029BE30 /* libqcertonlybackend.dylib */; settings = {ATTRIBUTES = (CodeSignOnCopy, ); }; };
		883C309B2D6F12090029BE30 /* VSPClientUI.framework in Embed Libraries */ = {isa = PBXBuildFile; fileRef = 883C30982D6F12090029BE30 /* VSPClientUI.framework */; settings = {ATTRIBUTES = (CodeSignOnCopy, RemoveHeadersOnCopy, ); }; };
		883C309C2D6F12090029BE30 /* VSPSetup.framework in Embed Libraries */ = {isa = PBXBuildFile; fileRef = 883C30992D6F12090029BE30 /* VSPSetup.framework */; settings = {ATTRIBUTES = (CodeSignOnCopy, RemoveHeadersOnCopy, ); }; };
		883C309D2D6F12090029BE30 /* VSPController.framework in Embed Libraries */ = {isa = PBXBuildFile; fileRef = 883C309A2D6F12090029BE30 /* VSPController.framework */; settings = {ATTRIBUTES = (CodeSignOnCopy, RemoveHeadersOnCopy, ); }; };
		883C309E2D6F12470029BE30 /* VSPClientUI.framework in Frameworks */ = {isa = PBXBuildFile; fileRef = 883C30982D6F12090029BE30 /* VSPClientUI.framework */; };
		883C309F2D6F12470029BE30 /* VSPController.framework in Frameworks */ = {isa = PBXBuildFile; fileRef = 883C309A2D6F12090029BE30 /* VSPController.framework */; };
		883C30A02D6F12470029BE30 /* VSPSetup.framework in Frameworks */ = {isa = PBXBuildFile; fileRef = 883C30992D6F12090029BE30 /* VSPSetup.framework */; };
		883C30A22D6F1C550029BE30 /* IOKit.framework in Frameworks */ = {isa = PBXBuildFile; fileRef = 883C30A12D6F1C550029BE30 /* IOKit.framework */; };
		883C30A32D6F1C610029BE30 /* CoreFoundation.framework in Frameworks */ = {isa = PBXBuildFile; fileRef = 8854A99E2D5DB1E400C27252 /* CoreFoundation.framework */; };
		883C30A52D6F1C7B0029BE30 /* DriverKit.framework in Frameworks */ = {isa = PBXBuildFile; fileRef = 883C30A42D6F1C7B0029BE30 /* DriverKit.framework */; };
		883C30A72D6F1C810029BE30 /* SerialDriverKit.framework in Frameworks */ = {isa = PBXBuildFile; fileRef = 883C30A62D6F1C810029BE30 /* SerialDriverKit.framework */; };
		884F6EC72D59A5C90066353A /* VSPUserClient.cpp in Sources */ = {isa = PBXBuildFile; fileRef = 884F6EC62D59A5C90066353A /* VSPUserClient.cpp */; };
		88698B912D76DDD70008EF6B /* vspclient_16x16@2x.png in Resources */ = {isa = PBXBuildFile; fileRef = 88698B882D76DDD70008EF6B /* vspclient_16x16@2x.png */; };
		88698B922D76DDD70008EF6B /* vspclient_128x128.png in Resources */ = {isa = PBXBuildFile; fileRef = 88698B8B2D76DDD70008EF6B /* vspclient_128x128.png */; };
		88698B932D76DDD70008EF6B /* vspclient_256x256@2x.png in Resources */ = {isa = PBXBuildFile; fileRef = 88698B8E2D76DDD70008EF6B /* vspclient_256x256@2x.png */; };
		88698B942D76DDD70008EF6B /* vspclient_512x512@2x.png in Resources */ = {isa = PBXBuildFile; fileRef = 88698B902D76DDD70008EF6B /* vspclient_512x512@2x.png */; };
		88698B952D76DDD70008EF6B /* vspclient_32x32.png in Resources */ = {isa = PBXBuildFile; fileRef = 88698B892D76DDD70008EF6B /* vspclient_32x32.png */; };
		88698B962D76DDD70008EF6B /* vspclient_32x32@2x.png in Resources */ = {isa = PBXBuildFile; fileRef = 88698B8A2D76DDD70008EF6B /* vspclient_32x32@2x.png */; };
		88698B972D76DDD70008EF6B /* vspclient_256x256.png in Resources */ = {isa = PBXBuildFile; fileRef = 88698B8D2D76DDD70008EF6B /* vspclient_256x256.png */; };
		88698B982D76DDD70008EF6B /* vspclient_128x128@2x.png in Resources */ = {isa = PBXBuildFile; fileRef = 88698B8C2D76DDD70008EF6B /* vspclient_128x128@2x.png */; };
		88698B992D76DDD70008EF6B /* vspclient_512x512.png in Resources */ = {isa = PBXBuildFile; fileRef = 88698B8F2D76DDD70008EF6B /* vspclient_512x512.png */; };
		88698B9A2D76DDD70008EF6B /* vspclient_16x16.png in Resources */ = {isa = PBXBuildFile; fileRef = 88698B872D76DDD70008EF6B /* vspclient_16x16.png */; };
		88878E1A2D7A085F00092D65 /* Foundation.framework in Frameworks */ = {isa = PBXBuildFile; fileRef = 885DE9332D5E82CD00CFECEE /* Foundation.framework */; };
		88878E1C2D7A09EB00092D65 /* VSPInfoDialog.m in Sources */ = {isa = PBXBuildFile; fileRef = 88878E1B2D7A09EB00092D65 /* VSPInfoDialog.m */; };
		8899C34A2D525AD800E17727 /* VSPSerialPort.iig in Sources */ = {isa = PBXBuildFile; fileRef = 8899C3492D525AD800E17727 /* VSPSerialPort.iig */; };
		8899C34C2D525AFB00E17727 /* VSPSerialPort.cpp in Sources */ = {isa = PBXBuildFile; fileRef = 8899C34B2D525AFB00E17727 /* VSPSerialPort.cpp */; };
		889E8EBC2D4DF4BF002F387A /* VSPLogger.h in Headers */ = {isa = PBXBuildFile; fileRef = 889E8EBB2D4DF4BF002F387A /* VSPLogger.h */; };
		88A6714A2D68DDE000CE4E12 /* vspclient.icns in Resources */ = {isa = PBXBuildFile; fileRef = 88A671312D68DDE000CE4E12 /* vspclient.icns */; };
		88A6714B2D68DDE000CE4E12 /* InfoPlist.strings in Resources */ = {isa = PBXBuildFile; fileRef = 88A671472D68DDE000CE4E12 /* InfoPlist.strings */; };
		88B40D5E2D4B666700DFE7C5 /* VSPDriver.cpp in Sources */ = {isa = PBXBuildFile; fileRef = 88B40D5D2D4B666700DFE7C5 /* VSPDriver.cpp */; };
		88B40D602D4B666700DFE7C5 /* VSPDriver.iig in Sources */ = {isa = PBXBuildFile; fileRef = 88B40D5F2D4B666700DFE7C5 /* VSPDriver.iig */; };
		88B47EC82D59B30600868CA5 /* VSPUserClient.iig in Sources */ = {isa = PBXBuildFile; fileRef = 884F6EC42D59A58D0066353A /* VSPUserClient.iig */; };
		88B47ECA2D59B43800868CA5 /* VSPController.h in Headers */ = {isa = PBXBuildFile; fileRef = 88B47EC92D59B43800868CA5 /* VSPController.h */; };
		88BEFD842D4BCF8900CD40E6 /* org.eof.tools.VSPDriver.dext in Embed System Extensions */ = {isa = PBXBuildFile; fileRef = 88B40D572D4B666700DFE7C5 /* org.eof.tools.VSPDriver.dext */; settings = {ATTRIBUTES = (RemoveHeadersOnCopy, ); }; };
		88DA7BA92D532C6800C8F759 /* LICENSE in Resources */ = {isa = PBXBuildFile; fileRef = 88DA7BA72D532C6700C8F759 /* LICENSE */; };
		88F5D93D2D59E85B007A6E1F /* VSPInstallApp.swift in Sources */ = {isa = PBXBuildFile; fileRef = 88F5D93C2D59E85B007A6E1F /* VSPInstallApp.swift */; };
		88F5D9402D59E933007A6E1F /* VSPDriverClient.cpp in Sources */ = {isa = PBXBuildFile; fileRef = 88F5D93F2D59E933007A6E1F /* VSPDriverClient.cpp */; };
/* End PBXBuildFile section */

/* Begin PBXContainerItemProxy section */
		88BEFD692D4BC16200CD40E6 /* PBXContainerItemProxy */ = {
			isa = PBXContainerItemProxy;
			containerPortal = 88B40D4E2D4B666700DFE7C5 /* Project object */;
			proxyType = 1;
			remoteGlobalIDString = 88B40D562D4B666700DFE7C5;
			remoteInfo = VSPDriver;
		};
/* End PBXContainerItemProxy section */

/* Begin PBXCopyFilesBuildPhase section */
		883C30372D6EDEDB0029BE30 /* Copy QT Plugins - canbus */ = {
			isa = PBXCopyFilesBuildPhase;
			buildActionMask = 2147483647;
			dstPath = canbus;
			dstSubfolderSpec = 13;
			files = (
				883C303C2D6EDF710029BE30 /* libqtvirtualcanbus.dylib in Copy QT Plugins - canbus */,
				883C303D2D6EDF710029BE30 /* libqtpassthrucanbus.dylib in Copy QT Plugins - canbus */,
				883C303E2D6EDF710029BE30 /* libqtpeakcanbus.dylib in Copy QT Plugins - canbus */,
				883C303F2D6EDF710029BE30 /* libqttinycanbus.dylib in Copy QT Plugins - canbus */,
			);
			name = "Copy QT Plugins - canbus";
			runOnlyForDeploymentPostprocessing = 0;
		};
		883C30402D6EDFA60029BE30 /* Copy QT Plugins - iconengines */ = {
			isa = PBXCopyFilesBuildPhase;
			buildActionMask = 2147483647;
			dstPath = iconengines;
			dstSubfolderSpec = 13;
			files = (
				883C30422D6EE02D0029BE30 /* libqsvgicon.dylib in Copy QT Plugins - iconengines */,
			);
			name = "Copy QT Plugins - iconengines";
			runOnlyForDeploymentPostprocessing = 0;
		};
		883C30432D6EE0450029BE30 /* Copy QT Plugins - imageformats */ = {
			isa = PBXCopyFilesBuildPhase;
			buildActionMask = 2147483647;
			dstPath = imageformats;
			dstSubfolderSpec = 13;
			files = (
				883C304F2D6EE0920029BE30 /* libqmacheif.dylib in Copy QT Plugins - imageformats */,
				883C30502D6EE0920029BE30 /* libqgif.dylib in Copy QT Plugins - imageformats */,
				883C30512D6EE0920029BE30 /* libqmacjp2.dylib in Copy QT Plugins - imageformats */,
				883C30522D6EE0920029BE30 /* libqtiff.dylib in Copy QT Plugins - imageformats */,
				883C30532D6EE0920029BE30 /* libqtga.dylib in Copy QT Plugins - imageformats */,
				883C30542D6EE0920029BE30 /* libqsvg.dylib in Copy QT Plugins - imageformats */,
				883C30552D6EE0920029BE30 /* libqwbmp.dylib in Copy QT Plugins - imageformats */,
				883C30562D6EE0920029BE30 /* libqicns.dylib in Copy QT Plugins - imageformats */,
				883C30572D6EE0920029BE30 /* libqwebp.dylib in Copy QT Plugins - imageformats */,
				883C30582D6EE0920029BE30 /* libqjpeg.dylib in Copy QT Plugins - imageformats */,
				883C30592D6EE0920029BE30 /* libqico.dylib in Copy QT Plugins - imageformats */,
			);
			name = "Copy QT Plugins - imageformats";
			runOnlyForDeploymentPostprocessing = 0;
		};
		883C305A2D6EE0A10029BE30 /* Copy QT Plugins - networkinformation */ = {
			isa = PBXCopyFilesBuildPhase;
			buildActionMask = 2147483647;
			dstPath = networkinformation;
			dstSubfolderSpec = 13;
			files = (
				883C305C2D6EE0E90029BE30 /* libqscnetworkreachability.dylib in Copy QT Plugins - networkinformation */,
			);
			name = "Copy QT Plugins - networkinformation";
			runOnlyForDeploymentPostprocessing = 0;
		};
		883C305D2D6EE0EE0029BE30 /* Copy QT Plugins - platforminputcontexts */ = {
			isa = PBXCopyFilesBuildPhase;
			buildActionMask = 2147483647;
			dstPath = platforminputcontexts;
			dstSubfolderSpec = 13;
			files = (
				883C305F2D6EE1310029BE30 /* libqtvirtualkeyboardplugin.dylib in Copy QT Plugins - platforminputcontexts */,
			);
			name = "Copy QT Plugins - platforminputcontexts";
			runOnlyForDeploymentPostprocessing = 0;
		};
		883C30602D6EE1390029BE30 /* Copy QT Plugins - platforms */ = {
			isa = PBXCopyFilesBuildPhase;
			buildActionMask = 2147483647;
			dstPath = platforms;
			dstSubfolderSpec = 13;
			files = (
				883C30622D6EE1820029BE30 /* libqcocoa.dylib in Copy QT Plugins - platforms */,
			);
			name = "Copy QT Plugins - platforms";
			runOnlyForDeploymentPostprocessing = 0;
		};
		883C30632D6EE18E0029BE30 /* Copy QT Plugins - styles */ = {
			isa = PBXCopyFilesBuildPhase;
			buildActionMask = 2147483647;
			dstPath = styles;
			dstSubfolderSpec = 13;
			files = (
				883C30652D6EE1C80029BE30 /* libqmacstyle.dylib in Copy QT Plugins - styles */,
			);
			name = "Copy QT Plugins - styles";
			runOnlyForDeploymentPostprocessing = 0;
		};
		883C30662D6EE1D50029BE30 /* Copy QT Plugins - tls */ = {
			isa = PBXCopyFilesBuildPhase;
			buildActionMask = 2147483647;
			dstPath = tls;
			dstSubfolderSpec = 13;
			files = (
				883C306A2D6EE20A0029BE30 /* libqopensslbackend.dylib in Copy QT Plugins - tls */,
				883C306B2D6EE20A0029BE30 /* libqsecuretransportbackend.dylib in Copy QT Plugins - tls */,
				883C306C2D6EE20A0029BE30 /* libqcertonlybackend.dylib in Copy QT Plugins - tls */,
			);
			name = "Copy QT Plugins - tls";
			runOnlyForDeploymentPostprocessing = 0;
		};
		8869B5072D627FCD002643D9 /* Embed Libraries */ = {
			isa = PBXCopyFilesBuildPhase;
			buildActionMask = 12;
			dstPath = "";
			dstSubfolderSpec = 10;
			files = (
				883C309B2D6F12090029BE30 /* VSPClientUI.framework in Embed Libraries */,
				883C309C2D6F12090029BE30 /* VSPSetup.framework in Embed Libraries */,
				883C309D2D6F12090029BE30 /* VSPController.framework in Embed Libraries */,
				883C301A2D6EDEB20029BE30 /* QtXml.framework in Embed Libraries */,
				883C30222D6EDEB20029BE30 /* QtNetwork.framework in Embed Libraries */,
				883C30262D6EDEB20029BE30 /* QtQuick.framework in Embed Libraries */,
				883C30342D6EDEB20029BE30 /* QtSerialBus.framework in Embed Libraries */,
				883C30242D6EDEB20029BE30 /* QtWidgets.framework in Embed Libraries */,
				883C302E2D6EDEB20029BE30 /* QtGui.framework in Embed Libraries */,
				883C30322D6EDEB20029BE30 /* QtQmlModels.framework in Embed Libraries */,
				883C302A2D6EDEB20029BE30 /* QtQmlWorkerScript.framework in Embed Libraries */,
				883C30182D6EDEB20029BE30 /* QtDBus.framework in Embed Libraries */,
				883C30162D6EDEB20029BE30 /* QtQmlMeta.framework in Embed Libraries */,
				883C30282D6EDEB20029BE30 /* QtOpenGL.framework in Embed Libraries */,
				883C301E2D6EDEB20029BE30 /* QtVirtualKeyboard.framework in Embed Libraries */,
				883C30302D6EDEB20029BE30 /* QtCore.framework in Embed Libraries */,
				883C30362D6EDEB20029BE30 /* QtSvg.framework in Embed Libraries */,
				883C302C2D6EDEB20029BE30 /* QtQml.framework in Embed Libraries */,
				883C301C2D6EDEB20029BE30 /* QtSerialPort.framework in Embed Libraries */,
				883C30202D6EDEB20029BE30 /* QtConcurrent.framework in Embed Libraries */,
			);
			name = "Embed Libraries";
			runOnlyForDeploymentPostprocessing = 0;
		};
		88BEFD792D4BC84A00CD40E6 /* Embed System Extensions */ = {
			isa = PBXCopyFilesBuildPhase;
			buildActionMask = 12;
			dstPath = "$(SYSTEM_EXTENSIONS_FOLDER_PATH)";
			dstSubfolderSpec = 16;
			files = (
				88BEFD842D4BCF8900CD40E6 /* org.eof.tools.VSPDriver.dext in Embed System Extensions */,
			);
			name = "Embed System Extensions";
			runOnlyForDeploymentPostprocessing = 0;
		};
/* End PBXCopyFilesBuildPhase section */

/* Begin PBXFileReference section */
		880539E82D4BAFBD00E55104 /* VSPClient.app */ = {isa = PBXFileReference; explicitFileType = wrapper.application; includeInIndex = 0; path = VSPClient.app; sourceTree = BUILT_PRODUCTS_DIR; };
		880539EC2D4BAFBF00E55104 /* Assets.xcassets */ = {isa = PBXFileReference; lastKnownFileType = folder.assetcatalog; path = Assets.xcassets; sourceTree = "<group>"; };
		880539F12D4BAFBF00E55104 /* VSPClient.entitlements */ = {isa = PBXFileReference; lastKnownFileType = text.plist.entitlements; path = VSPClient.entitlements; sourceTree = "<group>"; };
		880539F52D4BB0F900E55104 /* Info.plist */ = {isa = PBXFileReference; fileEncoding = 4; lastKnownFileType = text.plist.xml; path = Info.plist; sourceTree = "<group>"; };
		883C30042D6EDEB10029BE30 /* QtQmlMeta.framework */ = {isa = PBXFileReference; lastKnownFileType = wrapper.framework; name = QtQmlMeta.framework; path = ../../Qt/6.8.2/macos/lib/QtQmlMeta.framework; sourceTree = "<group>"; };
		883C30052D6EDEB10029BE30 /* QtDBus.framework */ = {isa = PBXFileReference; lastKnownFileType = wrapper.framework; name = QtDBus.framework; path = ../../Qt/6.8.2/macos/lib/QtDBus.framework; sourceTree = "<group>"; };
		883C30062D6EDEB10029BE30 /* QtXml.framework */ = {isa = PBXFileReference; lastKnownFileType = wrapper.framework; name = QtXml.framework; path = ../../Qt/6.8.2/macos/lib/QtXml.framework; sourceTree = "<group>"; };
		883C30072D6EDEB10029BE30 /* QtSerialPort.framework */ = {isa = PBXFileReference; lastKnownFileType = wrapper.framework; name = QtSerialPort.framework; path = ../../Qt/6.8.2/macos/lib/QtSerialPort.framework; sourceTree = "<group>"; };
		883C30082D6EDEB20029BE30 /* QtVirtualKeyboard.framework */ = {isa = PBXFileReference; lastKnownFileType = wrapper.framework; name = QtVirtualKeyboard.framework; path = ../../Qt/6.8.2/macos/lib/QtVirtualKeyboard.framework; sourceTree = "<group>"; };
		883C30092D6EDEB20029BE30 /* QtConcurrent.framework */ = {isa = PBXFileReference; lastKnownFileType = wrapper.framework; name = QtConcurrent.framework; path = ../../Qt/6.8.2/macos/lib/QtConcurrent.framework; sourceTree = "<group>"; };
		883C300A2D6EDEB20029BE30 /* QtNetwork.framework */ = {isa = PBXFileReference; lastKnownFileType = wrapper.framework; name = QtNetwork.framework; path = ../../Qt/6.8.2/macos/lib/QtNetwork.framework; sourceTree = "<group>"; };
		883C300B2D6EDEB20029BE30 /* QtWidgets.framework */ = {isa = PBXFileReference; lastKnownFileType = wrapper.framework; name = QtWidgets.framework; path = ../../Qt/6.8.2/macos/lib/QtWidgets.framework; sourceTree = "<group>"; };
		883C300C2D6EDEB20029BE30 /* QtQuick.framework */ = {isa = PBXFileReference; lastKnownFileType = wrapper.framework; name = QtQuick.framework; path = ../../Qt/6.8.2/macos/lib/QtQuick.framework; sourceTree = "<group>"; };
		883C300D2D6EDEB20029BE30 /* QtOpenGL.framework */ = {isa = PBXFileReference; lastKnownFileType = wrapper.framework; name = QtOpenGL.framework; path = ../../Qt/6.8.2/macos/lib/QtOpenGL.framework; sourceTree = "<group>"; };
		883C300E2D6EDEB20029BE30 /* QtQmlWorkerScript.framework */ = {isa = PBXFileReference; lastKnownFileType = wrapper.framework; name = QtQmlWorkerScript.framework; path = ../../Qt/6.8.2/macos/lib/QtQmlWorkerScript.framework; sourceTree = "<group>"; };
		883C300F2D6EDEB20029BE30 /* QtQml.framework */ = {isa = PBXFileReference; lastKnownFileType = wrapper.framework; name = QtQml.framework; path = ../../Qt/6.8.2/macos/lib/QtQml.framework; sourceTree = "<group>"; };
		883C30102D6EDEB20029BE30 /* QtGui.framework */ = {isa = PBXFileReference; lastKnownFileType = wrapper.framework; name = QtGui.framework; path = ../../Qt/6.8.2/macos/lib/QtGui.framework; sourceTree = "<group>"; };
		883C30112D6EDEB20029BE30 /* QtCore.framework */ = {isa = PBXFileReference; lastKnownFileType = wrapper.framework; name = QtCore.framework; path = ../../Qt/6.8.2/macos/lib/QtCore.framework; sourceTree = "<group>"; };
		883C30122D6EDEB20029BE30 /* QtQmlModels.framework */ = {isa = PBXFileReference; lastKnownFileType = wrapper.framework; name = QtQmlModels.framework; path = ../../Qt/6.8.2/macos/lib/QtQmlModels.framework; sourceTree = "<group>"; };
		883C30132D6EDEB20029BE30 /* QtSerialBus.framework */ = {isa = PBXFileReference; lastKnownFileType = wrapper.framework; name = QtSerialBus.framework; path = ../../Qt/6.8.2/macos/lib/QtSerialBus.framework; sourceTree = "<group>"; };
		883C30142D6EDEB20029BE30 /* QtSvg.framework */ = {isa = PBXFileReference; lastKnownFileType = wrapper.framework; name = QtSvg.framework; path = ../../Qt/6.8.2/macos/lib/QtSvg.framework; sourceTree = "<group>"; };
		883C30382D6EDF710029BE30 /* libqtvirtualcanbus.dylib */ = {isa = PBXFileReference; lastKnownFileType = "compiled.mach-o.bundle"; name = libqtvirtualcanbus.dylib; path = ../../../Qt/6.8.2/macos/plugins/canbus/libqtvirtualcanbus.dylib; sourceTree = "<group>"; };
		883C30392D6EDF710029BE30 /* libqtpassthrucanbus.dylib */ = {isa = PBXFileReference; lastKnownFileType = "compiled.mach-o.bundle"; name = libqtpassthrucanbus.dylib; path = ../../../Qt/6.8.2/macos/plugins/canbus/libqtpassthrucanbus.dylib; sourceTree = "<group>"; };
		883C303A2D6EDF710029BE30 /* libqtpeakcanbus.dylib */ = {isa = PBXFileReference; lastKnownFileType = "compiled.mach-o.bundle"; name = libqtpeakcanbus.dylib; path = ../../../Qt/6.8.2/macos/plugins/canbus/libqtpeakcanbus.dylib; sourceTree = "<group>"; };
		883C303B2D6EDF710029BE30 /* libqttinycanbus.dylib */ = {isa = PBXFileReference; lastKnownFileType = "compiled.mach-o.bundle"; name = libqttinycanbus.dylib; path = ../../../Qt/6.8.2/macos/plugins/canbus/libqttinycanbus.dylib; sourceTree = "<group>"; };
		883C30412D6EE02D0029BE30 /* libqsvgicon.dylib */ = {isa = PBXFileReference; lastKnownFileType = "compiled.mach-o.bundle"; name = libqsvgicon.dylib; path = ../../../Qt/6.8.2/macos/plugins/iconengines/libqsvgicon.dylib; sourceTree = "<group>"; };
		883C30442D6EE0910029BE30 /* libqmacheif.dylib */ = {isa = PBXFileReference; lastKnownFileType = "compiled.mach-o.bundle"; name = libqmacheif.dylib; path = ../../../Qt/6.8.2/macos/plugins/imageformats/libqmacheif.dylib; sourceTree = "<group>"; };
		883C30452D6EE0910029BE30 /* libqgif.dylib */ = {isa = PBXFileReference; lastKnownFileType = "compiled.mach-o.bundle"; name = libqgif.dylib; path = ../../../Qt/6.8.2/macos/plugins/imageformats/libqgif.dylib; sourceTree = "<group>"; };
		883C30462D6EE0910029BE30 /* libqmacjp2.dylib */ = {isa = PBXFileReference; lastKnownFileType = "compiled.mach-o.bundle"; name = libqmacjp2.dylib; path = ../../../Qt/6.8.2/macos/plugins/imageformats/libqmacjp2.dylib; sourceTree = "<group>"; };
		883C30472D6EE0910029BE30 /* libqtiff.dylib */ = {isa = PBXFileReference; lastKnownFileType = "compiled.mach-o.bundle"; name = libqtiff.dylib; path = ../../../Qt/6.8.2/macos/plugins/imageformats/libqtiff.dylib; sourceTree = "<group>"; };
		883C30482D6EE0910029BE30 /* libqtga.dylib */ = {isa = PBXFileReference; lastKnownFileType = "compiled.mach-o.bundle"; name = libqtga.dylib; path = ../../../Qt/6.8.2/macos/plugins/imageformats/libqtga.dylib; sourceTree = "<group>"; };
		883C30492D6EE0910029BE30 /* libqsvg.dylib */ = {isa = PBXFileReference; lastKnownFileType = "compiled.mach-o.bundle"; name = libqsvg.dylib; path = ../../../Qt/6.8.2/macos/plugins/imageformats/libqsvg.dylib; sourceTree = "<group>"; };
		883C304A2D6EE0920029BE30 /* libqwbmp.dylib */ = {isa = PBXFileReference; lastKnownFileType = "compiled.mach-o.bundle"; name = libqwbmp.dylib; path = ../../../Qt/6.8.2/macos/plugins/imageformats/libqwbmp.dylib; sourceTree = "<group>"; };
		883C304B2D6EE0920029BE30 /* libqicns.dylib */ = {isa = PBXFileReference; lastKnownFileType = "compiled.mach-o.bundle"; name = libqicns.dylib; path = ../../../Qt/6.8.2/macos/plugins/imageformats/libqicns.dylib; sourceTree = "<group>"; };
		883C304C2D6EE0920029BE30 /* libqwebp.dylib */ = {isa = PBXFileReference; lastKnownFileType = "compiled.mach-o.bundle"; name = libqwebp.dylib; path = ../../../Qt/6.8.2/macos/plugins/imageformats/libqwebp.dylib; sourceTree = "<group>"; };
		883C304D2D6EE0920029BE30 /* libqjpeg.dylib */ = {isa = PBXFileReference; lastKnownFileType = "compiled.mach-o.bundle"; name = libqjpeg.dylib; path = ../../../Qt/6.8.2/macos/plugins/imageformats/libqjpeg.dylib; sourceTree = "<group>"; };
		883C304E2D6EE0920029BE30 /* libqico.dylib */ = {isa = PBXFileReference; lastKnownFileType = "compiled.mach-o.bundle"; name = libqico.dylib; path = ../../../Qt/6.8.2/macos/plugins/imageformats/libqico.dylib; sourceTree = "<group>"; };
		883C305B2D6EE0E90029BE30 /* libqscnetworkreachability.dylib */ = {isa = PBXFileReference; lastKnownFileType = "compiled.mach-o.bundle"; name = libqscnetworkreachability.dylib; path = ../../../Qt/6.8.2/macos/plugins/networkinformation/libqscnetworkreachability.dylib; sourceTree = "<group>"; };
		883C305E2D6EE1310029BE30 /* libqtvirtualkeyboardplugin.dylib */ = {isa = PBXFileReference; lastKnownFileType = "compiled.mach-o.bundle"; name = libqtvirtualkeyboardplugin.dylib; path = ../../../Qt/6.8.2/macos/plugins/platforminputcontexts/libqtvirtualkeyboardplugin.dylib; sourceTree = "<group>"; };
		883C30612D6EE1820029BE30 /* libqcocoa.dylib */ = {isa = PBXFileReference; lastKnownFileType = "compiled.mach-o.bundle"; name = libqcocoa.dylib; path = ../../../Qt/6.8.2/macos/plugins/platforms/libqcocoa.dylib; sourceTree = "<group>"; };
		883C30642D6EE1C80029BE30 /* libqmacstyle.dylib */ = {isa = PBXFileReference; lastKnownFileType = "compiled.mach-o.bundle"; name = libqmacstyle.dylib; path = ../../../Qt/6.8.2/macos/plugins/styles/libqmacstyle.dylib; sourceTree = "<group>"; };
		883C30672D6EE20A0029BE30 /* libqopensslbackend.dylib */ = {isa = PBXFileReference; lastKnownFileType = "compiled.mach-o.bundle"; name = libqopensslbackend.dylib; path = ../../../Qt/6.8.2/macos/plugins/tls/libqopensslbackend.dylib; sourceTree = "<group>"; };
		883C30682D6EE20A0029BE30 /* libqsecuretransportbackend.dylib */ = {isa = PBXFileReference; lastKnownFileType = "compiled.mach-o.bundle"; name = libqsecuretransportbackend.dylib; path = ../../../Qt/6.8.2/macos/plugins/tls/libqsecuretransportbackend.dylib; sourceTree = "<group>"; };
		883C30692D6EE20A0029BE30 /* libqcertonlybackend.dylib */ = {isa = PBXFileReference; lastKnownFileType = "compiled.mach-o.bundle"; name = libqcertonlybackend.dylib; path = ../../../Qt/6.8.2/macos/plugins/tls/libqcertonlybackend.dylib; sourceTree = "<group>"; };
		883C306E2D6EEB3D0029BE30 /* VSPController.framework */ = {isa = PBXFileReference; lastKnownFileType = wrapper.framework; name = VSPController.framework; path = ../VSPClient/build/VSPController/VSPController.framework; sourceTree = "<group>"; };
		883C30712D6EEB520029BE30 /* VSPSetup.framework */ = {isa = PBXFileReference; lastKnownFileType = wrapper.framework; name = VSPSetup.framework; path = ../VSPClient/build/VSPSetup/VSPSetup.framework; sourceTree = "<group>"; };
		883C30772D6EFA600029BE30 /* VSPSetup.framework */ = {isa = PBXFileReference; lastKnownFileType = wrapper.framework; name = VSPSetup.framework; path = QT/VSPSetup.framework; sourceTree = "<group>"; };
		883C30792D6EFA600029BE30 /* VSPController.framework */ = {isa = PBXFileReference; lastKnownFileType = wrapper.framework; name = VSPController.framework; path = QT/VSPController.framework; sourceTree = "<group>"; };
		883C30982D6F12090029BE30 /* VSPClientUI.framework */ = {isa = PBXFileReference; lastKnownFileType = wrapper.framework; path = VSPClientUI.framework; sourceTree = "<group>"; };
		883C30992D6F12090029BE30 /* VSPSetup.framework */ = {isa = PBXFileReference; lastKnownFileType = wrapper.framework; path = VSPSetup.framework; sourceTree = "<group>"; };
		883C309A2D6F12090029BE30 /* VSPController.framework */ = {isa = PBXFileReference; lastKnownFileType = wrapper.framework; path = VSPController.framework; sourceTree = "<group>"; };
		883C30A12D6F1C550029BE30 /* IOKit.framework */ = {isa = PBXFileReference; lastKnownFileType = wrapper.framework; name = IOKit.framework; path = System/Library/Frameworks/IOKit.framework; sourceTree = SDKROOT; };
		883C30A42D6F1C7B0029BE30 /* DriverKit.framework */ = {isa = PBXFileReference; lastKnownFileType = wrapper.framework; name = DriverKit.framework; path = Platforms/DriverKit.platform/Developer/SDKs/DriverKit24.2.sdk/System/DriverKit/System/Library/Frameworks/DriverKit.framework; sourceTree = DEVELOPER_DIR; };
		883C30A62D6F1C810029BE30 /* SerialDriverKit.framework */ = {isa = PBXFileReference; lastKnownFileType = wrapper.framework; name = SerialDriverKit.framework; path = Platforms/DriverKit.platform/Developer/SDKs/DriverKit24.2.sdk/System/DriverKit/System/Library/Frameworks/SerialDriverKit.framework; sourceTree = DEVELOPER_DIR; };
		884F6EC42D59A58D0066353A /* VSPUserClient.iig */ = {isa = PBXFileReference; lastKnownFileType = sourcecode.iig; path = VSPUserClient.iig; sourceTree = "<group>"; xcLanguageSpecificationIdentifier = xcode.lang.objcpp; };
		884F6EC62D59A5C90066353A /* VSPUserClient.cpp */ = {isa = PBXFileReference; lastKnownFileType = sourcecode.cpp.cpp; path = VSPUserClient.cpp; sourceTree = "<group>"; };
		8854A99E2D5DB1E400C27252 /* CoreFoundation.framework */ = {isa = PBXFileReference; lastKnownFileType = wrapper.framework; name = CoreFoundation.framework; path = System/Library/Frameworks/CoreFoundation.framework; sourceTree = SDKROOT; };
		8854A9BA2D5DED8A00C27252 /* VSPDriverClient.hpp */ = {isa = PBXFileReference; lastKnownFileType = sourcecode.cpp.h; path = VSPDriverClient.hpp; sourceTree = "<group>"; };
		885DE9332D5E82CD00CFECEE /* Foundation.framework */ = {isa = PBXFileReference; lastKnownFileType = wrapper.framework; name = Foundation.framework; path = System/Library/Frameworks/Foundation.framework; sourceTree = SDKROOT; };
		88667D6A2D53474900DFA26E /* VSPDriver-Full.log */ = {isa = PBXFileReference; fileEncoding = 4; lastKnownFileType = text; path = "VSPDriver-Full.log"; sourceTree = "<group>"; };
		88698B872D76DDD70008EF6B /* vspclient_16x16.png */ = {isa = PBXFileReference; lastKnownFileType = image.png; path = vspclient_16x16.png; sourceTree = "<group>"; };
		88698B882D76DDD70008EF6B /* vspclient_16x16@2x.png */ = {isa = PBXFileReference; lastKnownFileType = image.png; path = "vspclient_16x16@2x.png"; sourceTree = "<group>"; };
		88698B892D76DDD70008EF6B /* vspclient_32x32.png */ = {isa = PBXFileReference; lastKnownFileType = image.png; path = vspclient_32x32.png; sourceTree = "<group>"; };
		88698B8A2D76DDD70008EF6B /* vspclient_32x32@2x.png */ = {isa = PBXFileReference; lastKnownFileType = image.png; path = "vspclient_32x32@2x.png"; sourceTree = "<group>"; };
		88698B8B2D76DDD70008EF6B /* vspclient_128x128.png */ = {isa = PBXFileReference; lastKnownFileType = image.png; path = vspclient_128x128.png; sourceTree = "<group>"; };
		88698B8C2D76DDD70008EF6B /* vspclient_128x128@2x.png */ = {isa = PBXFileReference; lastKnownFileType = image.png; path = "vspclient_128x128@2x.png"; sourceTree = "<group>"; };
		88698B8D2D76DDD70008EF6B /* vspclient_256x256.png */ = {isa = PBXFileReference; lastKnownFileType = image.png; path = vspclient_256x256.png; sourceTree = "<group>"; };
		88698B8E2D76DDD70008EF6B /* vspclient_256x256@2x.png */ = {isa = PBXFileReference; lastKnownFileType = image.png; path = "vspclient_256x256@2x.png"; sourceTree = "<group>"; };
		88698B8F2D76DDD70008EF6B /* vspclient_512x512.png */ = {isa = PBXFileReference; lastKnownFileType = image.png; path = vspclient_512x512.png; sourceTree = "<group>"; };
		88698B902D76DDD70008EF6B /* vspclient_512x512@2x.png */ = {isa = PBXFileReference; lastKnownFileType = image.png; path = "vspclient_512x512@2x.png"; sourceTree = "<group>"; };
		8884826D2D61192900F3BAD7 /* Cocoa.framework */ = {isa = PBXFileReference; lastKnownFileType = wrapper.framework; name = Cocoa.framework; path = System/Library/Frameworks/Cocoa.framework; sourceTree = SDKROOT; };
		88878E1B2D7A09EB00092D65 /* VSPInfoDialog.m */ = {isa = PBXFileReference; lastKnownFileType = sourcecode.c.objc; path = VSPInfoDialog.m; sourceTree = "<group>"; };
		88906F452D4CCA9400E500BB /* VSPClient-Bridging-Header.h */ = {isa = PBXFileReference; lastKnownFileType = sourcecode.c.h; path = "VSPClient-Bridging-Header.h"; sourceTree = "<group>"; };
		88906F492D4CCACB00E500BB /* DriverKit.framework */ = {isa = PBXFileReference; lastKnownFileType = wrapper.framework; name = DriverKit.framework; path = System/Library/Frameworks/DriverKit.framework; sourceTree = SDKROOT; };
		8899C3492D525AD800E17727 /* VSPSerialPort.iig */ = {isa = PBXFileReference; lastKnownFileType = sourcecode.iig; path = VSPSerialPort.iig; sourceTree = "<group>"; };
		8899C34B2D525AFB00E17727 /* VSPSerialPort.cpp */ = {isa = PBXFileReference; lastKnownFileType = sourcecode.cpp.cpp; path = VSPSerialPort.cpp; sourceTree = "<group>"; };
		889E8EBB2D4DF4BF002F387A /* VSPLogger.h */ = {isa = PBXFileReference; lastKnownFileType = sourcecode.c.h; path = VSPLogger.h; sourceTree = "<group>"; };
		88A6712E2D68DDE000CE4E12 /* progress.gif */ = {isa = PBXFileReference; lastKnownFileType = image.gif; path = progress.gif; sourceTree = "<group>"; };
		88A6712F2D68DDE000CE4E12 /* progress2.gif */ = {isa = PBXFileReference; lastKnownFileType = image.gif; path = progress2.gif; sourceTree = "<group>"; };
		88A671312D68DDE000CE4E12 /* vspclient.icns */ = {isa = PBXFileReference; lastKnownFileType = image.icns; path = vspclient.icns; sourceTree = "<group>"; };
		88A671452D68DDE000CE4E12 /* de */ = {isa = PBXFileReference; lastKnownFileType = text.plist.strings; name = de; path = de.lproj/InfoPlist.strings; sourceTree = "<group>"; };
		88A671462D68DDE000CE4E12 /* en */ = {isa = PBXFileReference; lastKnownFileType = text.plist.strings; name = en; path = en.lproj/InfoPlist.strings; sourceTree = "<group>"; };
		88AB34E92D64937300260D19 /* make.sh */ = {isa = PBXFileReference; lastKnownFileType = text.script.sh; path = make.sh; sourceTree = "<group>"; };
		88AB34EA2D64937300260D19 /* VSPDriver-PortLink.log */ = {isa = PBXFileReference; lastKnownFileType = text; path = "VSPDriver-PortLink.log"; sourceTree = "<group>"; };
		88AEEFF62D5233D4007F2A4C /* IOReg-Outline.md */ = {isa = PBXFileReference; lastKnownFileType = net.daringfireball.markdown; path = "IOReg-Outline.md"; sourceTree = "<group>"; };
		88B40D572D4B666700DFE7C5 /* org.eof.tools.VSPDriver.dext */ = {isa = PBXFileReference; explicitFileType = "wrapper.driver-extension"; includeInIndex = 0; path = org.eof.tools.VSPDriver.dext; sourceTree = BUILT_PRODUCTS_DIR; };
		88B40D5D2D4B666700DFE7C5 /* VSPDriver.cpp */ = {isa = PBXFileReference; lastKnownFileType = sourcecode.cpp.cpp; path = VSPDriver.cpp; sourceTree = "<group>"; };
		88B40D5F2D4B666700DFE7C5 /* VSPDriver.iig */ = {isa = PBXFileReference; lastKnownFileType = sourcecode.iig; path = VSPDriver.iig; sourceTree = "<group>"; };
		88B40D612D4B666700DFE7C5 /* Info.plist */ = {isa = PBXFileReference; lastKnownFileType = text.plist.xml; path = Info.plist; sourceTree = "<group>"; };
		88B40D702D4B85ED00DFE7C5 /* VSPDriver.entitlements */ = {isa = PBXFileReference; lastKnownFileType = text.plist.entitlements; path = VSPDriver.entitlements; sourceTree = "<group>"; };
		88B47EC92D59B43800868CA5 /* VSPController.h */ = {isa = PBXFileReference; lastKnownFileType = sourcecode.c.h; path = VSPController.h; sourceTree = "<group>"; };
		88D46EBC2D639B6C00D58D8A /* klog.sh */ = {isa = PBXFileReference; fileEncoding = 4; lastKnownFileType = text.script.sh; path = klog.sh; sourceTree = "<group>"; };
		88DA7BA62D532C6700C8F759 /* README.md */ = {isa = PBXFileReference; fileEncoding = 4; lastKnownFileType = net.daringfireball.markdown; path = README.md; sourceTree = "<group>"; };
		88DA7BA72D532C6700C8F759 /* LICENSE */ = {isa = PBXFileReference; fileEncoding = 4; lastKnownFileType = text; path = LICENSE; sourceTree = "<group>"; };
		88F5D93C2D59E85B007A6E1F /* VSPInstallApp.swift */ = {isa = PBXFileReference; lastKnownFileType = sourcecode.swift; path = VSPInstallApp.swift; sourceTree = "<group>"; };
		88F5D93F2D59E933007A6E1F /* VSPDriverClient.cpp */ = {isa = PBXFileReference; lastKnownFileType = sourcecode.cpp.cpp; path = VSPDriverClient.cpp; sourceTree = "<group>"; };
/* End PBXFileReference section */

/* Begin PBXFrameworksBuildPhase section */
		880539E52D4BAFBD00E55104 /* Frameworks */ = {
			isa = PBXFrameworksBuildPhase;
			buildActionMask = 2147483647;
			files = (
				883C30A32D6F1C610029BE30 /* CoreFoundation.framework in Frameworks */,
				883C30A22D6F1C550029BE30 /* IOKit.framework in Frameworks */,
				883C309E2D6F12470029BE30 /* VSPClientUI.framework in Frameworks */,
				883C309F2D6F12470029BE30 /* VSPController.framework in Frameworks */,
				883C30A02D6F12470029BE30 /* VSPSetup.framework in Frameworks */,
				883C30232D6EDEB20029BE30 /* QtWidgets.framework in Frameworks */,
				88878E1A2D7A085F00092D65 /* Foundation.framework in Frameworks */,
				883C30172D6EDEB20029BE30 /* QtDBus.framework in Frameworks */,
				883C302D2D6EDEB20029BE30 /* QtGui.framework in Frameworks */,
				883C30292D6EDEB20029BE30 /* QtQmlWorkerScript.framework in Frameworks */,
				883C30352D6EDEB20029BE30 /* QtSvg.framework in Frameworks */,
				883C30332D6EDEB20029BE30 /* QtSerialBus.framework in Frameworks */,
				883C30152D6EDEB20029BE30 /* QtQmlMeta.framework in Frameworks */,
				883C302F2D6EDEB20029BE30 /* QtCore.framework in Frameworks */,
				883C30212D6EDEB20029BE30 /* QtNetwork.framework in Frameworks */,
				883C301F2D6EDEB20029BE30 /* QtConcurrent.framework in Frameworks */,
				883C30312D6EDEB20029BE30 /* QtQmlModels.framework in Frameworks */,
				883C301D2D6EDEB20029BE30 /* QtVirtualKeyboard.framework in Frameworks */,
				883C301B2D6EDEB20029BE30 /* QtSerialPort.framework in Frameworks */,
				883C30272D6EDEB20029BE30 /* QtOpenGL.framework in Frameworks */,
				883C302B2D6EDEB20029BE30 /* QtQml.framework in Frameworks */,
				883C30192D6EDEB20029BE30 /* QtXml.framework in Frameworks */,
				883C30252D6EDEB20029BE30 /* QtQuick.framework in Frameworks */,
			);
			runOnlyForDeploymentPostprocessing = 0;
		};
		88B40D542D4B666700DFE7C5 /* Frameworks */ = {
			isa = PBXFrameworksBuildPhase;
			buildActionMask = 2147483647;
			files = (
				883C30A72D6F1C810029BE30 /* SerialDriverKit.framework in Frameworks */,
				883C30A52D6F1C7B0029BE30 /* DriverKit.framework in Frameworks */,
			);
			runOnlyForDeploymentPostprocessing = 0;
		};
/* End PBXFrameworksBuildPhase section */

/* Begin PBXGroup section */
		880539E92D4BAFBD00E55104 /* VSPClient */ = {
			isa = PBXGroup;
			children = (
				88A671482D68DDE000CE4E12 /* Resources */,
				880539F12D4BAFBF00E55104 /* VSPClient.entitlements */,
				880539F52D4BB0F900E55104 /* Info.plist */,
				88906F452D4CCA9400E500BB /* VSPClient-Bridging-Header.h */,
				88F5D93C2D59E85B007A6E1F /* VSPInstallApp.swift */,
				88878E1B2D7A09EB00092D65 /* VSPInfoDialog.m */,
				88F5D93F2D59E933007A6E1F /* VSPDriverClient.cpp */,
				8854A9BA2D5DED8A00C27252 /* VSPDriverClient.hpp */,
				880539EC2D4BAFBF00E55104 /* Assets.xcassets */,
			);
			path = VSPClient;
			sourceTree = "<group>";
		};
		883C306D2D6EE7CB0029BE30 /* QT */ = {
			isa = PBXGroup;
			children = (
				883C30982D6F12090029BE30 /* VSPClientUI.framework */,
				883C309A2D6F12090029BE30 /* VSPController.framework */,
				883C30992D6F12090029BE30 /* VSPSetup.framework */,
				883C30692D6EE20A0029BE30 /* libqcertonlybackend.dylib */,
				883C30672D6EE20A0029BE30 /* libqopensslbackend.dylib */,
				883C30682D6EE20A0029BE30 /* libqsecuretransportbackend.dylib */,
				883C30642D6EE1C80029BE30 /* libqmacstyle.dylib */,
				883C30612D6EE1820029BE30 /* libqcocoa.dylib */,
				883C305E2D6EE1310029BE30 /* libqtvirtualkeyboardplugin.dylib */,
				883C305B2D6EE0E90029BE30 /* libqscnetworkreachability.dylib */,
				883C30452D6EE0910029BE30 /* libqgif.dylib */,
				883C304B2D6EE0920029BE30 /* libqicns.dylib */,
				883C304E2D6EE0920029BE30 /* libqico.dylib */,
				883C304D2D6EE0920029BE30 /* libqjpeg.dylib */,
				883C30442D6EE0910029BE30 /* libqmacheif.dylib */,
				883C30462D6EE0910029BE30 /* libqmacjp2.dylib */,
				883C30492D6EE0910029BE30 /* libqsvg.dylib */,
				883C30482D6EE0910029BE30 /* libqtga.dylib */,
				883C30472D6EE0910029BE30 /* libqtiff.dylib */,
				883C304A2D6EE0920029BE30 /* libqwbmp.dylib */,
				883C304C2D6EE0920029BE30 /* libqwebp.dylib */,
				883C30412D6EE02D0029BE30 /* libqsvgicon.dylib */,
				883C30392D6EDF710029BE30 /* libqtpassthrucanbus.dylib */,
				883C303A2D6EDF710029BE30 /* libqtpeakcanbus.dylib */,
				883C303B2D6EDF710029BE30 /* libqttinycanbus.dylib */,
				883C30382D6EDF710029BE30 /* libqtvirtualcanbus.dylib */,
			);
			path = QT;
			sourceTree = "<group>";
		};
		88A671302D68DDE000CE4E12 /* ani */ = {
			isa = PBXGroup;
			children = (
				88A6712E2D68DDE000CE4E12 /* progress.gif */,
				88A6712F2D68DDE000CE4E12 /* progress2.gif */,
			);
			path = ani;
			sourceTree = "<group>";
		};
		88A671322D68DDE000CE4E12 /* icns */ = {
			isa = PBXGroup;
			children = (
				88A671312D68DDE000CE4E12 /* vspclient.icns */,
			);
			path = icns;
			sourceTree = "<group>";
		};
		88A671442D68DDE000CE4E12 /* png */ = {
			isa = PBXGroup;
			children = (
				88698B872D76DDD70008EF6B /* vspclient_16x16.png */,
				88698B882D76DDD70008EF6B /* vspclient_16x16@2x.png */,
				88698B892D76DDD70008EF6B /* vspclient_32x32.png */,
				88698B8A2D76DDD70008EF6B /* vspclient_32x32@2x.png */,
				88698B8B2D76DDD70008EF6B /* vspclient_128x128.png */,
				88698B8C2D76DDD70008EF6B /* vspclient_128x128@2x.png */,
				88698B8D2D76DDD70008EF6B /* vspclient_256x256.png */,
				88698B8E2D76DDD70008EF6B /* vspclient_256x256@2x.png */,
				88698B8F2D76DDD70008EF6B /* vspclient_512x512.png */,
				88698B902D76DDD70008EF6B /* vspclient_512x512@2x.png */,
			);
			path = png;
			sourceTree = "<group>";
		};
		88A671482D68DDE000CE4E12 /* Resources */ = {
			isa = PBXGroup;
			children = (
				88A671302D68DDE000CE4E12 /* ani */,
				88A671322D68DDE000CE4E12 /* icns */,
				88A671442D68DDE000CE4E12 /* png */,
				88A671472D68DDE000CE4E12 /* InfoPlist.strings */,
			);
			path = Resources;
			sourceTree = "<group>";
		};
		88B40D4D2D4B666700DFE7C5 = {
			isa = PBXGroup;
			children = (
				88B40D5C2D4B666700DFE7C5 /* VSPDriver */,
				880539E92D4BAFBD00E55104 /* VSPClient */,
				883C306D2D6EE7CB0029BE30 /* QT */,
				88DA7BA72D532C6700C8F759 /* LICENSE */,
				88AB34EA2D64937300260D19 /* VSPDriver-PortLink.log */,
				88667D6A2D53474900DFA26E /* VSPDriver-Full.log */,
				88AEEFF62D5233D4007F2A4C /* IOReg-Outline.md */,
				88DA7BA62D532C6700C8F759 /* README.md */,
				88AB34E92D64937300260D19 /* make.sh */,
				88D46EBC2D639B6C00D58D8A /* klog.sh */,
				88B40D592D4B666700DFE7C5 /* Frameworks */,
				88B40D582D4B666700DFE7C5 /* Products */,
			);
			sourceTree = "<group>";
		};
		88B40D582D4B666700DFE7C5 /* Products */ = {
			isa = PBXGroup;
			children = (
				88B40D572D4B666700DFE7C5 /* org.eof.tools.VSPDriver.dext */,
				880539E82D4BAFBD00E55104 /* VSPClient.app */,
			);
			name = Products;
			sourceTree = "<group>";
		};
		88B40D592D4B666700DFE7C5 /* Frameworks */ = {
			isa = PBXGroup;
			children = (
				883C30A62D6F1C810029BE30 /* SerialDriverKit.framework */,
				883C30A42D6F1C7B0029BE30 /* DriverKit.framework */,
				883C30A12D6F1C550029BE30 /* IOKit.framework */,
				883C30792D6EFA600029BE30 /* VSPController.framework */,
				883C30712D6EEB520029BE30 /* VSPSetup.framework */,
				883C306E2D6EEB3D0029BE30 /* VSPController.framework */,
				883C30772D6EFA600029BE30 /* VSPSetup.framework */,
				883C30092D6EDEB20029BE30 /* QtConcurrent.framework */,
				883C30112D6EDEB20029BE30 /* QtCore.framework */,
				883C30052D6EDEB10029BE30 /* QtDBus.framework */,
				883C30102D6EDEB20029BE30 /* QtGui.framework */,
				883C300A2D6EDEB20029BE30 /* QtNetwork.framework */,
				883C300D2D6EDEB20029BE30 /* QtOpenGL.framework */,
				883C300F2D6EDEB20029BE30 /* QtQml.framework */,
				883C30042D6EDEB10029BE30 /* QtQmlMeta.framework */,
				883C30122D6EDEB20029BE30 /* QtQmlModels.framework */,
				883C300E2D6EDEB20029BE30 /* QtQmlWorkerScript.framework */,
				883C300C2D6EDEB20029BE30 /* QtQuick.framework */,
				883C30132D6EDEB20029BE30 /* QtSerialBus.framework */,
				883C30072D6EDEB10029BE30 /* QtSerialPort.framework */,
				883C30142D6EDEB20029BE30 /* QtSvg.framework */,
				883C30082D6EDEB20029BE30 /* QtVirtualKeyboard.framework */,
				883C300B2D6EDEB20029BE30 /* QtWidgets.framework */,
				883C30062D6EDEB10029BE30 /* QtXml.framework */,
				8884826D2D61192900F3BAD7 /* Cocoa.framework */,
				885DE9332D5E82CD00CFECEE /* Foundation.framework */,
				8854A99E2D5DB1E400C27252 /* CoreFoundation.framework */,
				88906F492D4CCACB00E500BB /* DriverKit.framework */,
			);
			name = Frameworks;
			sourceTree = "<group>";
		};
		88B40D5C2D4B666700DFE7C5 /* VSPDriver */ = {
			isa = PBXGroup;
			children = (
				88B40D5F2D4B666700DFE7C5 /* VSPDriver.iig */,
				88B40D5D2D4B666700DFE7C5 /* VSPDriver.cpp */,
				8899C3492D525AD800E17727 /* VSPSerialPort.iig */,
				8899C34B2D525AFB00E17727 /* VSPSerialPort.cpp */,
				884F6EC42D59A58D0066353A /* VSPUserClient.iig */,
				884F6EC62D59A5C90066353A /* VSPUserClient.cpp */,
				88B47EC92D59B43800868CA5 /* VSPController.h */,
				889E8EBB2D4DF4BF002F387A /* VSPLogger.h */,
				88B40D702D4B85ED00DFE7C5 /* VSPDriver.entitlements */,
				88B40D612D4B666700DFE7C5 /* Info.plist */,
			);
			path = VSPDriver;
			sourceTree = "<group>";
		};
/* End PBXGroup section */

/* Begin PBXHeadersBuildPhase section */
		88B40D522D4B666700DFE7C5 /* Headers */ = {
			isa = PBXHeadersBuildPhase;
			buildActionMask = 2147483647;
			files = (
				889E8EBC2D4DF4BF002F387A /* VSPLogger.h in Headers */,
				88B47ECA2D59B43800868CA5 /* VSPController.h in Headers */,
			);
			runOnlyForDeploymentPostprocessing = 0;
		};
/* End PBXHeadersBuildPhase section */

/* Begin PBXNativeTarget section */
		880539E72D4BAFBD00E55104 /* VSPClient */ = {
			isa = PBXNativeTarget;
			buildConfigurationList = 880539F22D4BAFBF00E55104 /* Build configuration list for PBXNativeTarget "VSPClient" */;
			buildPhases = (
				880539E42D4BAFBD00E55104 /* Sources */,
				880539E52D4BAFBD00E55104 /* Frameworks */,
				8869B5072D627FCD002643D9 /* Embed Libraries */,
				88BEFD792D4BC84A00CD40E6 /* Embed System Extensions */,
				880539E62D4BAFBD00E55104 /* Resources */,
				883C30372D6EDEDB0029BE30 /* Copy QT Plugins - canbus */,
				883C30402D6EDFA60029BE30 /* Copy QT Plugins - iconengines */,
				883C30432D6EE0450029BE30 /* Copy QT Plugins - imageformats */,
				883C305A2D6EE0A10029BE30 /* Copy QT Plugins - networkinformation */,
				883C305D2D6EE0EE0029BE30 /* Copy QT Plugins - platforminputcontexts */,
				883C30602D6EE1390029BE30 /* Copy QT Plugins - platforms */,
				883C30632D6EE18E0029BE30 /* Copy QT Plugins - styles */,
				883C30662D6EE1D50029BE30 /* Copy QT Plugins - tls */,
			);
			buildRules = (
			);
			dependencies = (
				88BEFD6A2D4BC16200CD40E6 /* PBXTargetDependency */,
			);
			name = VSPClient;
			packageProductDependencies = (
			);
			productName = VSPInstall;
			productReference = 880539E82D4BAFBD00E55104 /* VSPClient.app */;
			productType = "com.apple.product-type.application";
		};
		88B40D562D4B666700DFE7C5 /* VSPDriver */ = {
			isa = PBXNativeTarget;
			buildConfigurationList = 88B40D642D4B666700DFE7C5 /* Build configuration list for PBXNativeTarget "VSPDriver" */;
			buildPhases = (
				88B40D522D4B666700DFE7C5 /* Headers */,
				88B40D532D4B666700DFE7C5 /* Sources */,
				88B40D542D4B666700DFE7C5 /* Frameworks */,
				88B40D552D4B666700DFE7C5 /* Resources */,
			);
			buildRules = (
			);
			dependencies = (
			);
			name = VSPDriver;
			productName = VSPDriver;
			productReference = 88B40D572D4B666700DFE7C5 /* org.eof.tools.VSPDriver.dext */;
			productType = "com.apple.product-type.driver-extension";
		};
/* End PBXNativeTarget section */

/* Begin PBXProject section */
		88B40D4E2D4B666700DFE7C5 /* Project object */ = {
			isa = PBXProject;
			attributes = {
				BuildIndependentTargetsInParallel = 1;
				LastSwiftUpdateCheck = 1420;
				LastUpgradeCheck = 1620;
				TargetAttributes = {
					880539E72D4BAFBD00E55104 = {
						CreatedOnToolsVersion = 14.2;
						LastSwiftMigration = 1420;
					};
					88B40D562D4B666700DFE7C5 = {
						CreatedOnToolsVersion = 14.2;
					};
				};
			};
			buildConfigurationList = 88B40D512D4B666700DFE7C5 /* Build configuration list for PBXProject "VSPDriver" */;
			compatibilityVersion = "Xcode 14.0";
			developmentRegion = en;
			hasScannedForEncodings = 0;
			knownRegions = (
				en,
				Base,
				de,
			);
			mainGroup = 88B40D4D2D4B666700DFE7C5;
			packageReferences = (
			);
			productRefGroup = 88B40D582D4B666700DFE7C5 /* Products */;
			projectDirPath = "";
			projectRoot = "";
			targets = (
				88B40D562D4B666700DFE7C5 /* VSPDriver */,
				880539E72D4BAFBD00E55104 /* VSPClient */,
			);
		};
/* End PBXProject section */

/* Begin PBXResourcesBuildPhase section */
		880539E62D4BAFBD00E55104 /* Resources */ = {
			isa = PBXResourcesBuildPhase;
			buildActionMask = 2147483647;
			files = (
				88698B912D76DDD70008EF6B /* vspclient_16x16@2x.png in Resources */,
				88698B922D76DDD70008EF6B /* vspclient_128x128.png in Resources */,
				88698B932D76DDD70008EF6B /* vspclient_256x256@2x.png in Resources */,
				88698B942D76DDD70008EF6B /* vspclient_512x512@2x.png in Resources */,
				88698B952D76DDD70008EF6B /* vspclient_32x32.png in Resources */,
				88698B962D76DDD70008EF6B /* vspclient_32x32@2x.png in Resources */,
				88698B972D76DDD70008EF6B /* vspclient_256x256.png in Resources */,
				88698B982D76DDD70008EF6B /* vspclient_128x128@2x.png in Resources */,
				88698B992D76DDD70008EF6B /* vspclient_512x512.png in Resources */,
				88698B9A2D76DDD70008EF6B /* vspclient_16x16.png in Resources */,
				88DA7BA92D532C6800C8F759 /* LICENSE in Resources */,
				880539ED2D4BAFBF00E55104 /* Assets.xcassets in Resources */,
				88A6714B2D68DDE000CE4E12 /* InfoPlist.strings in Resources */,
				88A6714A2D68DDE000CE4E12 /* vspclient.icns in Resources */,
			);
			runOnlyForDeploymentPostprocessing = 0;
		};
		88B40D552D4B666700DFE7C5 /* Resources */ = {
			isa = PBXResourcesBuildPhase;
			buildActionMask = 2147483647;
			files = (
			);
			runOnlyForDeploymentPostprocessing = 0;
		};
/* End PBXResourcesBuildPhase section */

/* Begin PBXSourcesBuildPhase section */
		880539E42D4BAFBD00E55104 /* Sources */ = {
			isa = PBXSourcesBuildPhase;
			buildActionMask = 2147483647;
			files = (
				88F5D9402D59E933007A6E1F /* VSPDriverClient.cpp in Sources */,
				88878E1C2D7A09EB00092D65 /* VSPInfoDialog.m in Sources */,
				88F5D93D2D59E85B007A6E1F /* VSPInstallApp.swift in Sources */,
			);
			runOnlyForDeploymentPostprocessing = 0;
		};
		88B40D532D4B666700DFE7C5 /* Sources */ = {
			isa = PBXSourcesBuildPhase;
			buildActionMask = 2147483647;
			files = (
				88B47EC82D59B30600868CA5 /* VSPUserClient.iig in Sources */,
				884F6EC72D59A5C90066353A /* VSPUserClient.cpp in Sources */,
				8899C34A2D525AD800E17727 /* VSPSerialPort.iig in Sources */,
				8899C34C2D525AFB00E17727 /* VSPSerialPort.cpp in Sources */,
				88B40D602D4B666700DFE7C5 /* VSPDriver.iig in Sources */,
				88B40D5E2D4B666700DFE7C5 /* VSPDriver.cpp in Sources */,
			);
			runOnlyForDeploymentPostprocessing = 0;
		};
/* End PBXSourcesBuildPhase section */

/* Begin PBXTargetDependency section */
		88BEFD6A2D4BC16200CD40E6 /* PBXTargetDependency */ = {
			isa = PBXTargetDependency;
			target = 88B40D562D4B666700DFE7C5 /* VSPDriver */;
			targetProxy = 88BEFD692D4BC16200CD40E6 /* PBXContainerItemProxy */;
		};
/* End PBXTargetDependency section */

/* Begin PBXVariantGroup section */
		88A671472D68DDE000CE4E12 /* InfoPlist.strings */ = {
			isa = PBXVariantGroup;
			children = (
				88A671452D68DDE000CE4E12 /* de */,
				88A671462D68DDE000CE4E12 /* en */,
			);
			name = InfoPlist.strings;
			sourceTree = "<group>";
		};
/* End PBXVariantGroup section */

/* Begin XCBuildConfiguration section */
		880539F32D4BAFBF00E55104 /* Debug */ = {
			isa = XCBuildConfiguration;
			buildSettings = {
				ARCHS = "$(ARCHS_STANDARD)";
				ASSETCATALOG_COMPILER_APPICON_NAME = AppIcon;
				ASSETCATALOG_COMPILER_GLOBAL_ACCENT_COLOR_NAME = AccentColor;
				ASSETCATALOG_COMPILER_INCLUDE_ALL_APPICON_ASSETS = YES;
				CLANG_ENABLE_MODULES = YES;
				CODE_SIGN_ENTITLEMENTS = VSPClient/VSPClient.entitlements;
				CODE_SIGN_IDENTITY = "Apple Development";
				CODE_SIGN_STYLE = Automatic;
				COMBINE_HIDPI_IMAGES = YES;
				CURRENT_PROJECT_VERSION = 1;
				DEAD_CODE_STRIPPING = YES;
				DEVELOPMENT_TEAM = 83NQU389JN;
				ENABLE_APP_SANDBOX = YES;
				ENABLE_HARDENED_RUNTIME = YES;
				ENABLE_USER_SELECTED_FILES = readwrite;
				FRAMEWORK_SEARCH_PATHS = (
					"$(PROJECT_DIR)/QT",
					"$(HOME)/Qt/6.8.2/macos/lib",
					"$(inherited)",
				);
				GENERATE_INFOPLIST_FILE = YES;
				HEADER_SEARCH_PATHS = (
					"$(inherited)",
					"$(PROJECT_DIR)/QT/**",
				);
				INFOPLIST_FILE = VSPClient/Info.plist;
				INFOPLIST_KEY_CFBundleDisplayName = "Virtual Serial Port Controller";
				INFOPLIST_KEY_LSApplicationCategoryType = "public.app-category.developer-tools";
				INFOPLIST_KEY_NSDesktopFolderUsageDescription = "Require acces to file for VSP test.";
				INFOPLIST_KEY_NSDocumentsFolderUsageDescription = "Require acces to file for VSP test.";
				INFOPLIST_KEY_NSDownloadsFolderUsageDescription = "Require acces to file for VSP test.";
				INFOPLIST_KEY_NSHumanReadableCopyright = "Copyright © 2025 by EoF Software Labs";
				INFOPLIST_KEY_NSPrincipalClass = NSApplication;
				INFOPLIST_KEY_OSBundleUsageDescription = "Required to Control the Virtual Serial Port links";
				LD_RUNPATH_SEARCH_PATHS = (
					"@executable_path/../Frameworks",
					"@executable_path/../PlugIns/canbus",
					"@executable_path/../PlugIns/iconengines",
					"@executable_path/../PlugIns/imageformats",
					"@executable_path/../PlugIns/networkinformation",
					"@executable_path/../PlugIns/platforminputcontexts",
					"@executable_path/../PlugIns/platforms",
					"@executable_path/../PlugIns/styles",
					"@executable_path/../PlugIns/tls",
					"$(inherited)",
				);
				LIBRARY_SEARCH_PATHS = (
					"$(PROJECT_DIR)/QT",
					"$(SDKROOT)/usr/lib/system",
					"$(inherited)",
				);
				MACOSX_DEPLOYMENT_TARGET = 12.2;
				MARKETING_VERSION = 1.8;
				PRODUCT_BUNDLE_IDENTIFIER = org.eof.tools.VSPClient;
				PRODUCT_NAME = "$(TARGET_NAME)";
				PROVISIONING_PROFILE_SPECIFIER = "";
				REEXPORTED_LIBRARY_PATHS = "";
				SDKROOT = macosx;
				SWIFT_ACTIVE_COMPILATION_CONDITIONS = DEBUG;
				SWIFT_EMIT_LOC_STRINGS = YES;
				SWIFT_OBJC_BRIDGING_HEADER = "VSPClient/VSPClient-Bridging-Header.h";
				SWIFT_OPTIMIZATION_LEVEL = "-Onone";
				SWIFT_VERSION = 5.0;
			};
			name = Debug;
		};
		880539F42D4BAFBF00E55104 /* Release */ = {
			isa = XCBuildConfiguration;
			buildSettings = {
				ARCHS = "$(ARCHS_STANDARD)";
				ASSETCATALOG_COMPILER_APPICON_NAME = AppIcon;
				ASSETCATALOG_COMPILER_GLOBAL_ACCENT_COLOR_NAME = AccentColor;
				ASSETCATALOG_COMPILER_INCLUDE_ALL_APPICON_ASSETS = YES;
				CLANG_ENABLE_MODULES = YES;
				CODE_SIGN_ENTITLEMENTS = VSPClient/VSPClient.entitlements;
				CODE_SIGN_IDENTITY = "Apple Development";
				CODE_SIGN_STYLE = Automatic;
				COMBINE_HIDPI_IMAGES = YES;
				CURRENT_PROJECT_VERSION = 1;
				DEAD_CODE_STRIPPING = YES;
				DEVELOPMENT_TEAM = 83NQU389JN;
				ENABLE_APP_SANDBOX = YES;
				ENABLE_HARDENED_RUNTIME = YES;
				ENABLE_USER_SELECTED_FILES = readwrite;
				FRAMEWORK_SEARCH_PATHS = (
					"$(PROJECT_DIR)/QT",
					"$(HOME)/Qt/6.8.2/macos/lib",
					"$(inherited)",
				);
				GENERATE_INFOPLIST_FILE = YES;
				HEADER_SEARCH_PATHS = (
					"$(inherited)",
					"$(PROJECT_DIR)/QT/**",
				);
				INFOPLIST_FILE = VSPClient/Info.plist;
				INFOPLIST_KEY_CFBundleDisplayName = "Virtual Serial Port Controller";
				INFOPLIST_KEY_LSApplicationCategoryType = "public.app-category.developer-tools";
				INFOPLIST_KEY_NSDesktopFolderUsageDescription = "Require acces to file for VSP test.";
				INFOPLIST_KEY_NSDocumentsFolderUsageDescription = "Require acces to file for VSP test.";
				INFOPLIST_KEY_NSDownloadsFolderUsageDescription = "Require acces to file for VSP test.";
				INFOPLIST_KEY_NSHumanReadableCopyright = "Copyright © 2025 by EoF Software Labs";
				INFOPLIST_KEY_NSPrincipalClass = NSApplication;
				INFOPLIST_KEY_OSBundleUsageDescription = "Required to Control the Virtual Serial Port links";
				LD_RUNPATH_SEARCH_PATHS = (
					"@executable_path/../Frameworks",
					"@executable_path/../PlugIns/canbus",
					"@executable_path/../PlugIns/iconengines",
					"@executable_path/../PlugIns/imageformats",
					"@executable_path/../PlugIns/networkinformation",
					"@executable_path/../PlugIns/platforminputcontexts",
					"@executable_path/../PlugIns/platforms",
					"@executable_path/../PlugIns/styles",
					"@executable_path/../PlugIns/tls",
					"$(inherited)",
				);
				LIBRARY_SEARCH_PATHS = (
					"$(PROJECT_DIR)/QT",
					"$(SDKROOT)/usr/lib/system",
					"$(inherited)",
				);
				MACOSX_DEPLOYMENT_TARGET = 12.2;
				MARKETING_VERSION = 1.8;
				PRODUCT_BUNDLE_IDENTIFIER = org.eof.tools.VSPClient;
				PRODUCT_NAME = "$(TARGET_NAME)";
				PROVISIONING_PROFILE_SPECIFIER = "";
				REEXPORTED_LIBRARY_PATHS = "";
				SDKROOT = macosx;
				SWIFT_COMPILATION_MODE = wholemodule;
				SWIFT_EMIT_LOC_STRINGS = YES;
				SWIFT_OBJC_BRIDGING_HEADER = "VSPClient/VSPClient-Bridging-Header.h";
				SWIFT_OPTIMIZATION_LEVEL = "-O";
				SWIFT_VERSION = 5.0;
			};
			name = Release;
		};
		88B40D622D4B666700DFE7C5 /* Debug */ = {
			isa = XCBuildConfiguration;
			buildSettings = {
				ALWAYS_SEARCH_USER_PATHS = NO;
				CLANG_ANALYZER_NONNULL = YES;
				CLANG_ANALYZER_NUMBER_OBJECT_CONVERSION = YES_AGGRESSIVE;
				CLANG_CXX_LANGUAGE_STANDARD = "gnu++20";
				CLANG_ENABLE_MODULES = YES;
				CLANG_ENABLE_OBJC_ARC = YES;
				CLANG_ENABLE_OBJC_WEAK = YES;
				CLANG_WARN_BLOCK_CAPTURE_AUTORELEASING = YES;
				CLANG_WARN_BOOL_CONVERSION = YES;
				CLANG_WARN_COMMA = YES;
				CLANG_WARN_CONSTANT_CONVERSION = YES;
				CLANG_WARN_DEPRECATED_OBJC_IMPLEMENTATIONS = YES;
				CLANG_WARN_DIRECT_OBJC_ISA_USAGE = YES_ERROR;
				CLANG_WARN_DOCUMENTATION_COMMENTS = YES;
				CLANG_WARN_EMPTY_BODY = YES;
				CLANG_WARN_ENUM_CONVERSION = YES;
				CLANG_WARN_INFINITE_RECURSION = YES;
				CLANG_WARN_INT_CONVERSION = YES;
				CLANG_WARN_NON_LITERAL_NULL_CONVERSION = YES;
				CLANG_WARN_OBJC_IMPLICIT_RETAIN_SELF = YES;
				CLANG_WARN_OBJC_LITERAL_CONVERSION = YES;
				CLANG_WARN_OBJC_ROOT_CLASS = YES_ERROR;
				CLANG_WARN_QUOTED_INCLUDE_IN_FRAMEWORK_HEADER = YES;
				CLANG_WARN_RANGE_LOOP_ANALYSIS = YES;
				CLANG_WARN_STRICT_PROTOTYPES = YES;
				CLANG_WARN_SUSPICIOUS_MOVE = YES;
				CLANG_WARN_UNGUARDED_AVAILABILITY = YES_AGGRESSIVE;
				CLANG_WARN_UNREACHABLE_CODE = YES;
				CLANG_WARN__DUPLICATE_METHOD_MATCH = YES;
				COPY_PHASE_STRIP = NO;
				DEAD_CODE_STRIPPING = YES;
				DEBUG_INFORMATION_FORMAT = dwarf;
				DRIVERKIT_DEPLOYMENT_TARGET = 20.0;
				ENABLE_STRICT_OBJC_MSGSEND = YES;
				ENABLE_TESTABILITY = YES;
				ENABLE_USER_SCRIPT_SANDBOXING = YES;
				GCC_C_LANGUAGE_STANDARD = gnu11;
				GCC_DYNAMIC_NO_PIC = NO;
				GCC_NO_COMMON_BLOCKS = YES;
				GCC_OPTIMIZATION_LEVEL = 0;
				GCC_PREPROCESSOR_DEFINITIONS = (
					"DEBUG=1",
					"$(inherited)",
				);
				GCC_WARN_64_TO_32_BIT_CONVERSION = YES;
				GCC_WARN_ABOUT_RETURN_TYPE = YES_ERROR;
				GCC_WARN_UNDECLARED_SELECTOR = YES;
				GCC_WARN_UNINITIALIZED_AUTOS = YES_AGGRESSIVE;
				GCC_WARN_UNUSED_FUNCTION = YES;
				GCC_WARN_UNUSED_VARIABLE = YES;
				MACOSX_DEPLOYMENT_TARGET = 12.2;
				MTL_ENABLE_DEBUG_INFO = INCLUDE_SOURCE;
				MTL_FAST_MATH = YES;
				SDKROOT = macosx;
			};
			name = Debug;
		};
		88B40D632D4B666700DFE7C5 /* Release */ = {
			isa = XCBuildConfiguration;
			buildSettings = {
				ALWAYS_SEARCH_USER_PATHS = NO;
				CLANG_ANALYZER_NONNULL = YES;
				CLANG_ANALYZER_NUMBER_OBJECT_CONVERSION = YES_AGGRESSIVE;
				CLANG_CXX_LANGUAGE_STANDARD = "gnu++20";
				CLANG_ENABLE_MODULES = YES;
				CLANG_ENABLE_OBJC_ARC = YES;
				CLANG_ENABLE_OBJC_WEAK = YES;
				CLANG_WARN_BLOCK_CAPTURE_AUTORELEASING = YES;
				CLANG_WARN_BOOL_CONVERSION = YES;
				CLANG_WARN_COMMA = YES;
				CLANG_WARN_CONSTANT_CONVERSION = YES;
				CLANG_WARN_DEPRECATED_OBJC_IMPLEMENTATIONS = YES;
				CLANG_WARN_DIRECT_OBJC_ISA_USAGE = YES_ERROR;
				CLANG_WARN_DOCUMENTATION_COMMENTS = YES;
				CLANG_WARN_EMPTY_BODY = YES;
				CLANG_WARN_ENUM_CONVERSION = YES;
				CLANG_WARN_INFINITE_RECURSION = YES;
				CLANG_WARN_INT_CONVERSION = YES;
				CLANG_WARN_NON_LITERAL_NULL_CONVERSION = YES;
				CLANG_WARN_OBJC_IMPLICIT_RETAIN_SELF = YES;
				CLANG_WARN_OBJC_LITERAL_CONVERSION = YES;
				CLANG_WARN_OBJC_ROOT_CLASS = YES_ERROR;
				CLANG_WARN_QUOTED_INCLUDE_IN_FRAMEWORK_HEADER = YES;
				CLANG_WARN_RANGE_LOOP_ANALYSIS = YES;
				CLANG_WARN_STRICT_PROTOTYPES = YES;
				CLANG_WARN_SUSPICIOUS_MOVE = YES;
				CLANG_WARN_UNGUARDED_AVAILABILITY = YES_AGGRESSIVE;
				CLANG_WARN_UNREACHABLE_CODE = YES;
				CLANG_WARN__DUPLICATE_METHOD_MATCH = YES;
				COPY_PHASE_STRIP = NO;
				DEAD_CODE_STRIPPING = YES;
				DEBUG_INFORMATION_FORMAT = "dwarf-with-dsym";
				DRIVERKIT_DEPLOYMENT_TARGET = 20.0;
				ENABLE_NS_ASSERTIONS = NO;
				ENABLE_STRICT_OBJC_MSGSEND = YES;
				ENABLE_USER_SCRIPT_SANDBOXING = YES;
				GCC_C_LANGUAGE_STANDARD = gnu11;
				GCC_NO_COMMON_BLOCKS = YES;
				GCC_WARN_64_TO_32_BIT_CONVERSION = YES;
				GCC_WARN_ABOUT_RETURN_TYPE = YES_ERROR;
				GCC_WARN_UNDECLARED_SELECTOR = YES;
				GCC_WARN_UNINITIALIZED_AUTOS = YES_AGGRESSIVE;
				GCC_WARN_UNUSED_FUNCTION = YES;
				GCC_WARN_UNUSED_VARIABLE = YES;
				MACOSX_DEPLOYMENT_TARGET = 12.2;
				MTL_ENABLE_DEBUG_INFO = NO;
				MTL_FAST_MATH = YES;
				SDKROOT = macosx;
				SWIFT_COMPILATION_MODE = wholemodule;
			};
			name = Release;
		};
		88B40D652D4B666700DFE7C5 /* Debug */ = {
			isa = XCBuildConfiguration;
			buildSettings = {
				AD_HOC_CODE_SIGNING_ALLOWED = YES;
				CODE_SIGN_ENTITLEMENTS = VSPDriver/VSPDriver.entitlements;
				CODE_SIGN_IDENTITY = "Apple Development";
				CODE_SIGN_STYLE = Automatic;
				CURRENT_PROJECT_VERSION = 1;
				DEVELOPMENT_TEAM = 83NQU389JN;
				DRIVERKIT_DEPLOYMENT_TARGET = 21.6;
				ENABLE_USER_SELECTED_FILES = readonly;
				FRAMEWORK_SEARCH_PATHS = (
					"$(inherited)",
					"$(SDKROOT)/System/DriverKit/System/Library/Frameworks",
				);
				GENERATE_INFOPLIST_FILE = YES;
				INFOPLIST_FILE = VSPDriver/Info.plist;
				INFOPLIST_KEY_CFBundleDisplayName = "Virtual Serial Port Driver";
				INFOPLIST_KEY_NSHumanReadableCopyright = "Copyright © 2025 by EoF Software Labs";
				INFOPLIST_KEY_OSBundleUsageDescription = "Provide virtual serial port";
				LIBRARY_SEARCH_PATHS = (
					"$(inherited)",
					"$(SDKROOT)/System/DriverKit/usr/lib/system",
				);
				MARKETING_VERSION = 1.8;
				PRODUCT_BUNDLE_IDENTIFIER = org.eof.tools.VSPDriver;
				PRODUCT_NAME = "$(inherited)";
				PROVISIONING_PROFILE_SPECIFIER = "";
				RUN_CLANG_STATIC_ANALYZER = YES;
				SDKROOT = driverkit;
				SKIP_INSTALL = YES;
				SWIFT_EMIT_LOC_STRINGS = YES;
			};
			name = Debug;
		};
		88B40D662D4B666700DFE7C5 /* Release */ = {
			isa = XCBuildConfiguration;
			buildSettings = {
				AD_HOC_CODE_SIGNING_ALLOWED = YES;
				CODE_SIGN_ENTITLEMENTS = VSPDriver/VSPDriver.entitlements;
				CODE_SIGN_IDENTITY = "Apple Development";
				CODE_SIGN_STYLE = Automatic;
				CURRENT_PROJECT_VERSION = 1;
				DEVELOPMENT_TEAM = 83NQU389JN;
				DRIVERKIT_DEPLOYMENT_TARGET = 21.6;
				ENABLE_USER_SELECTED_FILES = readonly;
				FRAMEWORK_SEARCH_PATHS = (
					"$(inherited)",
					"$(SDKROOT)/System/DriverKit/System/Library/Frameworks",
				);
				GENERATE_INFOPLIST_FILE = YES;
				INFOPLIST_FILE = VSPDriver/Info.plist;
				INFOPLIST_KEY_CFBundleDisplayName = "Virtual Serial Port Driver";
				INFOPLIST_KEY_NSHumanReadableCopyright = "Copyright © 2025 by EoF Software Labs";
				INFOPLIST_KEY_OSBundleUsageDescription = "Provide virtual serial port";
				LIBRARY_SEARCH_PATHS = (
					"$(inherited)",
					"$(SDKROOT)/System/DriverKit/usr/lib/system",
				);
				MARKETING_VERSION = 1.8;
				PRODUCT_BUNDLE_IDENTIFIER = org.eof.tools.VSPDriver;
				PRODUCT_NAME = "$(inherited)";
				PROVISIONING_PROFILE_SPECIFIER = "";
				RUN_CLANG_STATIC_ANALYZER = YES;
				SDKROOT = driverkit;
				SKIP_INSTALL = YES;
				SWIFT_EMIT_LOC_STRINGS = YES;
			};
			name = Release;
		};
/* End XCBuildConfiguration section */

/* Begin XCConfigurationList section */
		880539F22D4BAFBF00E55104 /* Build configuration list for PBXNativeTarget "VSPClient" */ = {
			isa = XCConfigurationList;
			buildConfigurations = (
				880539F32D4BAFBF00E55104 /* Debug */,
				880539F42D4BAFBF00E55104 /* Release */,
			);
			defaultConfigurationIsVisible = 0;
			defaultConfigurationName = Release;
		};
		88B40D512D4B666700DFE7C5 /* Build configuration list for PBXProject "VSPDriver" */ = {
			isa = XCConfigurationList;
			buildConfigurations = (
				88B40D622D4B666700DFE7C5 /* Debug */,
				88B40D632D4B666700DFE7C5 /* Release */,
			);
			defaultConfigurationIsVisible = 0;
			defaultConfigurationName = Release;
		};
		88B40D642D4B666700DFE7C5 /* Build configuration list for PBXNativeTarget "VSPDriver" */ = {
			isa = XCConfigurationList;
			buildConfigurations = (
				88B40D652D4B666700DFE7C5 /* Debug */,
				88B40D662D4B666700DFE7C5 /* Release */,
			);
			defaultConfigurationIsVisible = 0;
			defaultConfigurationName = Release;
		};
/* End XCConfigurationList section */
	};
	rootObject = 88B40D4E2D4B666700DFE7C5 /* Project object */;
}
