// !$*UTF8*$!
{
	archiveVersion = 1;
	classes = {
	};
	objectVersion = 56;
	objects = {

/* Begin PBXBuildFile section */
		880539EB2D4BAFBD00E55104 /* AppDelegate.swift in Sources */ = {isa = PBXBuildFile; fileRef = 880539EA2D4BAFBD00E55104 /* AppDelegate.swift */; };
		880539ED2D4BAFBF00E55104 /* Assets.xcassets in Resources */ = {isa = PBXBuildFile; fileRef = 880539EC2D4BAFBF00E55104 /* Assets.xcassets */; };
		880539F02D4BAFBF00E55104 /* MainMenu.xib in Resources */ = {isa = PBXBuildFile; fileRef = 880539EE2D4BAFBF00E55104 /* MainMenu.xib */; };
		880539F82D4BB59900E55104 /* AppKit.framework in Frameworks */ = {isa = PBXBuildFile; fileRef = 880539F72D4BB59800E55104 /* AppKit.framework */; };
		880539FA2D4BB5AD00E55104 /* IOKit.framework in Frameworks */ = {isa = PBXBuildFile; fileRef = 880539F92D4BB5AD00E55104 /* IOKit.framework */; };
		881483502D53B906003FB561 /* build.sh in Resources */ = {isa = PBXBuildFile; fileRef = 8814834F2D53B906003FB561 /* build.sh */; };
		88667D6B2D53474900DFA26E /* VSPDriver-Start.log in Resources */ = {isa = PBXBuildFile; fileRef = 88667D692D53474900DFA26E /* VSPDriver-Start.log */; };
		88667D6C2D53474900DFA26E /* VSPDriver-Full.log in Resources */ = {isa = PBXBuildFile; fileRef = 88667D6A2D53474900DFA26E /* VSPDriver-Full.log */; };
		88906F482D4CCA9400E500BB /* VSPIOHelper.cpp in Sources */ = {isa = PBXBuildFile; fileRef = 88906F462D4CCA9400E500BB /* VSPIOHelper.cpp */; };
		8899C34A2D525AD800E17727 /* VSPSerialPort.iig in Sources */ = {isa = PBXBuildFile; fileRef = 8899C3492D525AD800E17727 /* VSPSerialPort.iig */; };
		8899C34C2D525AFB00E17727 /* VSPSerialPort.cpp in Sources */ = {isa = PBXBuildFile; fileRef = 8899C34B2D525AFB00E17727 /* VSPSerialPort.cpp */; };
		889E8EBC2D4DF4BF002F387A /* VSPLogger.h in Headers */ = {isa = PBXBuildFile; fileRef = 889E8EBB2D4DF4BF002F387A /* VSPLogger.h */; };
		88AEEFF72D5233D4007F2A4C /* IOReg-Outline.md in Resources */ = {isa = PBXBuildFile; fileRef = 88AEEFF62D5233D4007F2A4C /* IOReg-Outline.md */; };
		88B40D5E2D4B666700DFE7C5 /* VSPDriver.cpp in Sources */ = {isa = PBXBuildFile; fileRef = 88B40D5D2D4B666700DFE7C5 /* VSPDriver.cpp */; };
		88B40D602D4B666700DFE7C5 /* VSPDriver.iig in Sources */ = {isa = PBXBuildFile; fileRef = 88B40D5F2D4B666700DFE7C5 /* VSPDriver.iig */; };
		88B40D682D4B669100DFE7C5 /* DriverKit.framework in Frameworks */ = {isa = PBXBuildFile; fileRef = 88B40D672D4B669100DFE7C5 /* DriverKit.framework */; };
		88B40D6A2D4B669900DFE7C5 /* SerialDriverKit.framework in Frameworks */ = {isa = PBXBuildFile; fileRef = 88B40D692D4B669900DFE7C5 /* SerialDriverKit.framework */; };
		88B40D6C2D4B669E00DFE7C5 /* USBSerialDriverKit.framework in Frameworks */ = {isa = PBXBuildFile; fileRef = 88B40D6B2D4B669E00DFE7C5 /* USBSerialDriverKit.framework */; };
		88BEFD842D4BCF8900CD40E6 /* org.eof.tools.VSPDriver.dext in Embed System Extensions */ = {isa = PBXBuildFile; fileRef = 88B40D572D4B666700DFE7C5 /* org.eof.tools.VSPDriver.dext */; settings = {ATTRIBUTES = (RemoveHeadersOnCopy, ); }; };
		88D938132D53655E009AA45C /* ORSSerial in Frameworks */ = {isa = PBXBuildFile; productRef = 88D938122D53655E009AA45C /* ORSSerial */; };
		88DA7BA82D532C6800C8F759 /* README.md in Resources */ = {isa = PBXBuildFile; fileRef = 88DA7BA62D532C6700C8F759 /* README.md */; };
		88DA7BA92D532C6800C8F759 /* LICENSE in Resources */ = {isa = PBXBuildFile; fileRef = 88DA7BA72D532C6700C8F759 /* LICENSE */; };
/* End PBXBuildFile section */

/* Begin PBXContainerItemProxy section */
		88BEFD692D4BC16200CD40E6 /* PBXContainerItemProxy */ = {
			isa = PBXContainerItemProxy;
			containerPortal = 88B40D4E2D4B666700DFE7C5 /* Project object */;
			proxyType = 1;
			remoteGlobalIDString = 88B40D562D4B666700DFE7C5;
			remoteInfo = VSPDriver;
		};
/* End PBXContainerItemProxy section */

/* Begin PBXCopyFilesBuildPhase section */
		88BEFD792D4BC84A00CD40E6 /* Embed System Extensions */ = {
			isa = PBXCopyFilesBuildPhase;
			buildActionMask = 12;
			dstPath = "$(SYSTEM_EXTENSIONS_FOLDER_PATH)";
			dstSubfolderSpec = 16;
			files = (
				88BEFD842D4BCF8900CD40E6 /* org.eof.tools.VSPDriver.dext in Embed System Extensions */,
			);
			name = "Embed System Extensions";
			runOnlyForDeploymentPostprocessing = 0;
		};
/* End PBXCopyFilesBuildPhase section */

/* Begin PBXFileReference section */
		880539E82D4BAFBD00E55104 /* VSPInstall.app */ = {isa = PBXFileReference; explicitFileType = wrapper.application; includeInIndex = 0; path = VSPInstall.app; sourceTree = BUILT_PRODUCTS_DIR; };
		880539EA2D4BAFBD00E55104 /* AppDelegate.swift */ = {isa = PBXFileReference; lastKnownFileType = sourcecode.swift; path = AppDelegate.swift; sourceTree = "<group>"; };
		880539EC2D4BAFBF00E55104 /* Assets.xcassets */ = {isa = PBXFileReference; lastKnownFileType = folder.assetcatalog; path = Assets.xcassets; sourceTree = "<group>"; };
		880539EF2D4BAFBF00E55104 /* Base */ = {isa = PBXFileReference; lastKnownFileType = file.xib; name = Base; path = Base.lproj/MainMenu.xib; sourceTree = "<group>"; };
		880539F12D4BAFBF00E55104 /* VSPInstall.entitlements */ = {isa = PBXFileReference; lastKnownFileType = text.plist.entitlements; path = VSPInstall.entitlements; sourceTree = "<group>"; };
		880539F52D4BB0F900E55104 /* Info.plist */ = {isa = PBXFileReference; fileEncoding = 4; lastKnownFileType = text.plist.xml; path = Info.plist; sourceTree = "<group>"; };
		880539F72D4BB59800E55104 /* AppKit.framework */ = {isa = PBXFileReference; lastKnownFileType = wrapper.framework; name = AppKit.framework; path = Platforms/MacOSX.platform/Developer/SDKs/MacOSX13.1.sdk/System/Library/Frameworks/AppKit.framework; sourceTree = DEVELOPER_DIR; };
		880539F92D4BB5AD00E55104 /* IOKit.framework */ = {isa = PBXFileReference; lastKnownFileType = wrapper.framework; name = IOKit.framework; path = Platforms/MacOSX.platform/Developer/SDKs/MacOSX13.1.sdk/System/Library/Frameworks/IOKit.framework; sourceTree = DEVELOPER_DIR; };
		8814834F2D53B906003FB561 /* build.sh */ = {isa = PBXFileReference; fileEncoding = 4; lastKnownFileType = text.script.sh; path = build.sh; sourceTree = "<group>"; };
		88667D692D53474900DFA26E /* VSPDriver-Start.log */ = {isa = PBXFileReference; fileEncoding = 4; lastKnownFileType = text; path = "VSPDriver-Start.log"; sourceTree = "<group>"; };
		88667D6A2D53474900DFA26E /* VSPDriver-Full.log */ = {isa = PBXFileReference; fileEncoding = 4; lastKnownFileType = text; path = "VSPDriver-Full.log"; sourceTree = "<group>"; };
		88906F452D4CCA9400E500BB /* VSPInstall-Bridging-Header.h */ = {isa = PBXFileReference; lastKnownFileType = sourcecode.c.h; path = "VSPInstall-Bridging-Header.h"; sourceTree = "<group>"; };
		88906F462D4CCA9400E500BB /* VSPIOHelper.cpp */ = {isa = PBXFileReference; lastKnownFileType = sourcecode.cpp.cpp; path = VSPIOHelper.cpp; sourceTree = "<group>"; };
		88906F472D4CCA9400E500BB /* VSPIOHelper.hpp */ = {isa = PBXFileReference; lastKnownFileType = sourcecode.cpp.h; path = VSPIOHelper.hpp; sourceTree = "<group>"; };
		88906F492D4CCACB00E500BB /* DriverKit.framework */ = {isa = PBXFileReference; lastKnownFileType = wrapper.framework; name = DriverKit.framework; path = System/Library/Frameworks/DriverKit.framework; sourceTree = SDKROOT; };
		8899C3492D525AD800E17727 /* VSPSerialPort.iig */ = {isa = PBXFileReference; lastKnownFileType = sourcecode.iig; path = VSPSerialPort.iig; sourceTree = "<group>"; };
		8899C34B2D525AFB00E17727 /* VSPSerialPort.cpp */ = {isa = PBXFileReference; lastKnownFileType = sourcecode.cpp.cpp; path = VSPSerialPort.cpp; sourceTree = "<group>"; };
		889E8EBB2D4DF4BF002F387A /* VSPLogger.h */ = {isa = PBXFileReference; lastKnownFileType = sourcecode.c.h; path = VSPLogger.h; sourceTree = "<group>"; };
		88AEEFF62D5233D4007F2A4C /* IOReg-Outline.md */ = {isa = PBXFileReference; lastKnownFileType = net.daringfireball.markdown; path = "IOReg-Outline.md"; sourceTree = "<group>"; };
		88B40D572D4B666700DFE7C5 /* org.eof.tools.VSPDriver.dext */ = {isa = PBXFileReference; explicitFileType = "wrapper.driver-extension"; includeInIndex = 0; path = org.eof.tools.VSPDriver.dext; sourceTree = BUILT_PRODUCTS_DIR; };
		88B40D5D2D4B666700DFE7C5 /* VSPDriver.cpp */ = {isa = PBXFileReference; lastKnownFileType = sourcecode.cpp.cpp; path = VSPDriver.cpp; sourceTree = "<group>"; };
		88B40D5F2D4B666700DFE7C5 /* VSPDriver.iig */ = {isa = PBXFileReference; lastKnownFileType = sourcecode.iig; path = VSPDriver.iig; sourceTree = "<group>"; };
		88B40D612D4B666700DFE7C5 /* Info.plist */ = {isa = PBXFileReference; lastKnownFileType = text.plist.xml; path = Info.plist; sourceTree = "<group>"; };
		88B40D672D4B669100DFE7C5 /* DriverKit.framework */ = {isa = PBXFileReference; lastKnownFileType = wrapper.framework; name = DriverKit.framework; path = System/DriverKit/System/Library/Frameworks/DriverKit.framework; sourceTree = SDKROOT; };
		88B40D692D4B669900DFE7C5 /* SerialDriverKit.framework */ = {isa = PBXFileReference; lastKnownFileType = wrapper.framework; name = SerialDriverKit.framework; path = System/DriverKit/System/Library/Frameworks/SerialDriverKit.framework; sourceTree = SDKROOT; };
		88B40D6B2D4B669E00DFE7C5 /* USBSerialDriverKit.framework */ = {isa = PBXFileReference; lastKnownFileType = wrapper.framework; name = USBSerialDriverKit.framework; path = System/DriverKit/System/Library/Frameworks/USBSerialDriverKit.framework; sourceTree = SDKROOT; };
		88B40D702D4B85ED00DFE7C5 /* VSPDriver.entitlements */ = {isa = PBXFileReference; lastKnownFileType = text.plist.entitlements; path = VSPDriver.entitlements; sourceTree = "<group>"; };
		88B40D842D4B873C00DFE7C5 /* SystemExtensions.framework */ = {isa = PBXFileReference; lastKnownFileType = wrapper.framework; name = SystemExtensions.framework; path = Platforms/MacOSX.platform/Developer/SDKs/MacOSX13.1.sdk/System/Library/Frameworks/SystemExtensions.framework; sourceTree = DEVELOPER_DIR; };
		88BEFD702D4BC84A00CD40E6 /* libEndpointSecurity.tbd */ = {isa = PBXFileReference; lastKnownFileType = "sourcecode.text-based-dylib-definition"; name = libEndpointSecurity.tbd; path = usr/lib/libEndpointSecurity.tbd; sourceTree = SDKROOT; };
		88DA7BA62D532C6700C8F759 /* README.md */ = {isa = PBXFileReference; fileEncoding = 4; lastKnownFileType = net.daringfireball.markdown; path = README.md; sourceTree = "<group>"; };
		88DA7BA72D532C6700C8F759 /* LICENSE */ = {isa = PBXFileReference; fileEncoding = 4; lastKnownFileType = text; path = LICENSE; sourceTree = "<group>"; };
/* End PBXFileReference section */

/* Begin PBXFrameworksBuildPhase section */
		880539E52D4BAFBD00E55104 /* Frameworks */ = {
			isa = PBXFrameworksBuildPhase;
			buildActionMask = 2147483647;
			files = (
				88D938132D53655E009AA45C /* ORSSerial in Frameworks */,
				880539F82D4BB59900E55104 /* AppKit.framework in Frameworks */,
				880539FA2D4BB5AD00E55104 /* IOKit.framework in Frameworks */,
			);
			runOnlyForDeploymentPostprocessing = 0;
		};
		88B40D542D4B666700DFE7C5 /* Frameworks */ = {
			isa = PBXFrameworksBuildPhase;
			buildActionMask = 2147483647;
			files = (
				88B40D682D4B669100DFE7C5 /* DriverKit.framework in Frameworks */,
				88B40D6C2D4B669E00DFE7C5 /* USBSerialDriverKit.framework in Frameworks */,
				88B40D6A2D4B669900DFE7C5 /* SerialDriverKit.framework in Frameworks */,
			);
			runOnlyForDeploymentPostprocessing = 0;
		};
/* End PBXFrameworksBuildPhase section */

/* Begin PBXGroup section */
		880539E92D4BAFBD00E55104 /* VSPInstall */ = {
			isa = PBXGroup;
			children = (
				880539F52D4BB0F900E55104 /* Info.plist */,
				880539EA2D4BAFBD00E55104 /* AppDelegate.swift */,
				880539EC2D4BAFBF00E55104 /* Assets.xcassets */,
				880539EE2D4BAFBF00E55104 /* MainMenu.xib */,
				880539F12D4BAFBF00E55104 /* VSPInstall.entitlements */,
				88906F462D4CCA9400E500BB /* VSPIOHelper.cpp */,
				88906F472D4CCA9400E500BB /* VSPIOHelper.hpp */,
				88906F452D4CCA9400E500BB /* VSPInstall-Bridging-Header.h */,
			);
			path = VSPInstall;
			sourceTree = "<group>";
		};
		88B40D4D2D4B666700DFE7C5 = {
			isa = PBXGroup;
			children = (
				88B40D5C2D4B666700DFE7C5 /* VSPDriver */,
				880539E92D4BAFBD00E55104 /* VSPInstall */,
				88DA7BA72D532C6700C8F759 /* LICENSE */,
				88667D692D53474900DFA26E /* VSPDriver-Start.log */,
				88667D6A2D53474900DFA26E /* VSPDriver-Full.log */,
				88AEEFF62D5233D4007F2A4C /* IOReg-Outline.md */,
				88DA7BA62D532C6700C8F759 /* README.md */,
				8814834F2D53B906003FB561 /* build.sh */,
				88B40D592D4B666700DFE7C5 /* Frameworks */,
				88B40D582D4B666700DFE7C5 /* Products */,
			);
			sourceTree = "<group>";
		};
		88B40D582D4B666700DFE7C5 /* Products */ = {
			isa = PBXGroup;
			children = (
				88B40D572D4B666700DFE7C5 /* org.eof.tools.VSPDriver.dext */,
				880539E82D4BAFBD00E55104 /* VSPInstall.app */,
			);
			name = Products;
			sourceTree = "<group>";
		};
		88B40D592D4B666700DFE7C5 /* Frameworks */ = {
			isa = PBXGroup;
			children = (
				88906F492D4CCACB00E500BB /* DriverKit.framework */,
				880539F92D4BB5AD00E55104 /* IOKit.framework */,
				880539F72D4BB59800E55104 /* AppKit.framework */,
				88B40D842D4B873C00DFE7C5 /* SystemExtensions.framework */,
				88B40D6B2D4B669E00DFE7C5 /* USBSerialDriverKit.framework */,
				88B40D692D4B669900DFE7C5 /* SerialDriverKit.framework */,
				88B40D672D4B669100DFE7C5 /* DriverKit.framework */,
				88BEFD702D4BC84A00CD40E6 /* libEndpointSecurity.tbd */,
			);
			name = Frameworks;
			sourceTree = "<group>";
		};
		88B40D5C2D4B666700DFE7C5 /* VSPDriver */ = {
			isa = PBXGroup;
			children = (
				88B40D5F2D4B666700DFE7C5 /* VSPDriver.iig */,
				88B40D5D2D4B666700DFE7C5 /* VSPDriver.cpp */,
				8899C3492D525AD800E17727 /* VSPSerialPort.iig */,
				8899C34B2D525AFB00E17727 /* VSPSerialPort.cpp */,
				889E8EBB2D4DF4BF002F387A /* VSPLogger.h */,
				88B40D702D4B85ED00DFE7C5 /* VSPDriver.entitlements */,
				88B40D612D4B666700DFE7C5 /* Info.plist */,
			);
			path = VSPDriver;
			sourceTree = "<group>";
		};
/* End PBXGroup section */

/* Begin PBXHeadersBuildPhase section */
		88B40D522D4B666700DFE7C5 /* Headers */ = {
			isa = PBXHeadersBuildPhase;
			buildActionMask = 2147483647;
			files = (
				889E8EBC2D4DF4BF002F387A /* VSPLogger.h in Headers */,
			);
			runOnlyForDeploymentPostprocessing = 0;
		};
/* End PBXHeadersBuildPhase section */

/* Begin PBXNativeTarget section */
		880539E72D4BAFBD00E55104 /* VSPInstall */ = {
			isa = PBXNativeTarget;
			buildConfigurationList = 880539F22D4BAFBF00E55104 /* Build configuration list for PBXNativeTarget "VSPInstall" */;
			buildPhases = (
				880539E42D4BAFBD00E55104 /* Sources */,
				880539E52D4BAFBD00E55104 /* Frameworks */,
				880539E62D4BAFBD00E55104 /* Resources */,
				88BEFD792D4BC84A00CD40E6 /* Embed System Extensions */,
			);
			buildRules = (
			);
			dependencies = (
				8814834D2D5385EC003FB561 /* PBXTargetDependency */,
				88BEFD6A2D4BC16200CD40E6 /* PBXTargetDependency */,
			);
			name = VSPInstall;
			packageProductDependencies = (
				88D938122D53655E009AA45C /* ORSSerial */,
			);
			productName = VSPInstall;
			productReference = 880539E82D4BAFBD00E55104 /* VSPInstall.app */;
			productType = "com.apple.product-type.application";
		};
		88B40D562D4B666700DFE7C5 /* VSPDriver */ = {
			isa = PBXNativeTarget;
			buildConfigurationList = 88B40D642D4B666700DFE7C5 /* Build configuration list for PBXNativeTarget "VSPDriver" */;
			buildPhases = (
				88B40D522D4B666700DFE7C5 /* Headers */,
				88B40D532D4B666700DFE7C5 /* Sources */,
				88B40D542D4B666700DFE7C5 /* Frameworks */,
				88B40D552D4B666700DFE7C5 /* Resources */,
			);
			buildRules = (
			);
			dependencies = (
			);
			name = VSPDriver;
			productName = VSPDriver;
			productReference = 88B40D572D4B666700DFE7C5 /* org.eof.tools.VSPDriver.dext */;
			productType = "com.apple.product-type.driver-extension";
		};
/* End PBXNativeTarget section */

/* Begin PBXProject section */
		88B40D4E2D4B666700DFE7C5 /* Project object */ = {
			isa = PBXProject;
			attributes = {
				BuildIndependentTargetsInParallel = 1;
				LastSwiftUpdateCheck = 1420;
				LastUpgradeCheck = 1420;
				TargetAttributes = {
					880539E72D4BAFBD00E55104 = {
						CreatedOnToolsVersion = 14.2;
						LastSwiftMigration = 1420;
					};
					88B40D562D4B666700DFE7C5 = {
						CreatedOnToolsVersion = 14.2;
					};
				};
			};
			buildConfigurationList = 88B40D512D4B666700DFE7C5 /* Build configuration list for PBXProject "VSPDriver" */;
			compatibilityVersion = "Xcode 14.0";
			developmentRegion = en;
			hasScannedForEncodings = 0;
			knownRegions = (
				en,
				Base,
			);
			mainGroup = 88B40D4D2D4B666700DFE7C5;
			packageReferences = (
				88D938112D53655E009AA45C /* XCRemoteSwiftPackageReference "ORSSerialPort" */,
			);
			productRefGroup = 88B40D582D4B666700DFE7C5 /* Products */;
			projectDirPath = "";
			projectRoot = "";
			targets = (
				880539E72D4BAFBD00E55104 /* VSPInstall */,
				88B40D562D4B666700DFE7C5 /* VSPDriver */,
			);
		};
/* End PBXProject section */

/* Begin PBXResourcesBuildPhase section */
		880539E62D4BAFBD00E55104 /* Resources */ = {
			isa = PBXResourcesBuildPhase;
			buildActionMask = 2147483647;
			files = (
				88DA7BA82D532C6800C8F759 /* README.md in Resources */,
				880539ED2D4BAFBF00E55104 /* Assets.xcassets in Resources */,
				88667D6B2D53474900DFA26E /* VSPDriver-Start.log in Resources */,
				881483502D53B906003FB561 /* build.sh in Resources */,
				88DA7BA92D532C6800C8F759 /* LICENSE in Resources */,
				880539F02D4BAFBF00E55104 /* MainMenu.xib in Resources */,
				88667D6C2D53474900DFA26E /* VSPDriver-Full.log in Resources */,
			);
			runOnlyForDeploymentPostprocessing = 0;
		};
		88B40D552D4B666700DFE7C5 /* Resources */ = {
			isa = PBXResourcesBuildPhase;
			buildActionMask = 2147483647;
			files = (
				88AEEFF72D5233D4007F2A4C /* IOReg-Outline.md in Resources */,
			);
			runOnlyForDeploymentPostprocessing = 0;
		};
/* End PBXResourcesBuildPhase section */

/* Begin PBXSourcesBuildPhase section */
		880539E42D4BAFBD00E55104 /* Sources */ = {
			isa = PBXSourcesBuildPhase;
			buildActionMask = 2147483647;
			files = (
				880539EB2D4BAFBD00E55104 /* AppDelegate.swift in Sources */,
				88906F482D4CCA9400E500BB /* VSPIOHelper.cpp in Sources */,
			);
			runOnlyForDeploymentPostprocessing = 0;
		};
		88B40D532D4B666700DFE7C5 /* Sources */ = {
			isa = PBXSourcesBuildPhase;
			buildActionMask = 2147483647;
			files = (
				8899C34C2D525AFB00E17727 /* VSPSerialPort.cpp in Sources */,
				8899C34A2D525AD800E17727 /* VSPSerialPort.iig in Sources */,
				88B40D5E2D4B666700DFE7C5 /* VSPDriver.cpp in Sources */,
				88B40D602D4B666700DFE7C5 /* VSPDriver.iig in Sources */,
			);
			runOnlyForDeploymentPostprocessing = 0;
		};
/* End PBXSourcesBuildPhase section */

/* Begin PBXTargetDependency section */
		8814834D2D5385EC003FB561 /* PBXTargetDependency */ = {
			isa = PBXTargetDependency;
			productRef = 8814834C2D5385EC003FB561 /* ORSSerial */;
		};
		88BEFD6A2D4BC16200CD40E6 /* PBXTargetDependency */ = {
			isa = PBXTargetDependency;
			target = 88B40D562D4B666700DFE7C5 /* VSPDriver */;
			targetProxy = 88BEFD692D4BC16200CD40E6 /* PBXContainerItemProxy */;
		};
/* End PBXTargetDependency section */

/* Begin PBXVariantGroup section */
		880539EE2D4BAFBF00E55104 /* MainMenu.xib */ = {
			isa = PBXVariantGroup;
			children = (
				880539EF2D4BAFBF00E55104 /* Base */,
			);
			name = MainMenu.xib;
			sourceTree = "<group>";
		};
/* End PBXVariantGroup section */

/* Begin XCBuildConfiguration section */
		880539F32D4BAFBF00E55104 /* Debug */ = {
			isa = XCBuildConfiguration;
			buildSettings = {
				ALWAYS_EMBED_SWIFT_STANDARD_LIBRARIES = YES;
				ASSETCATALOG_COMPILER_APPICON_NAME = AppIcon;
				ASSETCATALOG_COMPILER_GLOBAL_ACCENT_COLOR_NAME = AccentColor;
				CLANG_ENABLE_MODULES = YES;
				CODE_SIGN_ENTITLEMENTS = VSPInstall/VSPInstall.entitlements;
				CODE_SIGN_IDENTITY = "Apple Development";
				CODE_SIGN_STYLE = Automatic;
				COMBINE_HIDPI_IMAGES = YES;
				CURRENT_PROJECT_VERSION = 23;
				DEVELOPMENT_TEAM = 83NQU389JN;
				ENABLE_APP_SANDBOX = NO;
				ENABLE_HARDENED_RUNTIME = YES;
				GENERATE_INFOPLIST_FILE = YES;
				INFOPLIST_FILE = VSPInstall/Info.plist;
				INFOPLIST_KEY_CFBundleDisplayName = "VSP Installer";
				INFOPLIST_KEY_LSApplicationCategoryType = "public.app-category.developer-tools";
				INFOPLIST_KEY_NSHumanReadableCopyright = "Copyright © 2025 by EoF Software Labs.";
				INFOPLIST_KEY_NSMainNibFile = MainMenu;
				INFOPLIST_KEY_NSPrincipalClass = NSApplication;
				LD_RUNPATH_SEARCH_PATHS = (
					"$(inherited)",
					"@executable_path/../Frameworks",
				);
				LIBRARY_SEARCH_PATHS = (
					"$(inherited)",
					"$(SDKROOT)/usr/lib/system",
				);
				MACOSX_DEPLOYMENT_TARGET = 12.0;
				MARKETING_VERSION = 1.1;
				ONLY_ACTIVE_ARCH = YES;
				PRODUCT_BUNDLE_IDENTIFIER = org.eof.tools.VSPInstall;
				PRODUCT_NAME = "$(TARGET_NAME)";
				PROVISIONING_PROFILE_SPECIFIER = "";
				SDKROOT = macosx;
				SWIFT_ACTIVE_COMPILATION_CONDITIONS = DEBUG;
				SWIFT_EMIT_LOC_STRINGS = YES;
				SWIFT_OBJC_BRIDGING_HEADER = "VSPInstall/VSPInstall-Bridging-Header.h";
				SWIFT_OPTIMIZATION_LEVEL = "-Onone";
				SWIFT_VERSION = 5.0;
			};
			name = Debug;
		};
		880539F42D4BAFBF00E55104 /* Release */ = {
			isa = XCBuildConfiguration;
			buildSettings = {
				ALWAYS_EMBED_SWIFT_STANDARD_LIBRARIES = YES;
				ASSETCATALOG_COMPILER_APPICON_NAME = AppIcon;
				ASSETCATALOG_COMPILER_GLOBAL_ACCENT_COLOR_NAME = AccentColor;
				CLANG_ENABLE_MODULES = YES;
				CODE_SIGN_ENTITLEMENTS = VSPInstall/VSPInstall.entitlements;
				CODE_SIGN_IDENTITY = "Apple Development";
				CODE_SIGN_STYLE = Automatic;
				COMBINE_HIDPI_IMAGES = YES;
				CURRENT_PROJECT_VERSION = 23;
				DEVELOPMENT_TEAM = 83NQU389JN;
				ENABLE_APP_SANDBOX = NO;
				ENABLE_HARDENED_RUNTIME = YES;
				GENERATE_INFOPLIST_FILE = YES;
				INFOPLIST_FILE = VSPInstall/Info.plist;
				INFOPLIST_KEY_CFBundleDisplayName = "VSP Installer";
				INFOPLIST_KEY_LSApplicationCategoryType = "public.app-category.developer-tools";
				INFOPLIST_KEY_NSHumanReadableCopyright = "Copyright © 2025 by EoF Software Labs.";
				INFOPLIST_KEY_NSMainNibFile = MainMenu;
				INFOPLIST_KEY_NSPrincipalClass = NSApplication;
				LD_RUNPATH_SEARCH_PATHS = (
					"$(inherited)",
					"@executable_path/../Frameworks",
				);
				LIBRARY_SEARCH_PATHS = (
					"$(inherited)",
					"$(SDKROOT)/usr/lib/system",
				);
				MACOSX_DEPLOYMENT_TARGET = 12.0;
				MARKETING_VERSION = 1.1;
				ONLY_ACTIVE_ARCH = YES;
				PRODUCT_BUNDLE_IDENTIFIER = org.eof.tools.VSPInstall;
				PRODUCT_NAME = "$(TARGET_NAME)";
				PROVISIONING_PROFILE_SPECIFIER = "";
				SDKROOT = macosx;
				SWIFT_COMPILATION_MODE = wholemodule;
				SWIFT_EMIT_LOC_STRINGS = YES;
				SWIFT_OBJC_BRIDGING_HEADER = "VSPInstall/VSPInstall-Bridging-Header.h";
				SWIFT_OPTIMIZATION_LEVEL = "-O";
				SWIFT_VERSION = 5.0;
			};
			name = Release;
		};
		88B40D622D4B666700DFE7C5 /* Debug */ = {
			isa = XCBuildConfiguration;
			buildSettings = {
				ALWAYS_SEARCH_USER_PATHS = NO;
				CLANG_ANALYZER_NONNULL = YES;
				CLANG_ANALYZER_NUMBER_OBJECT_CONVERSION = YES_AGGRESSIVE;
				CLANG_CXX_LANGUAGE_STANDARD = "gnu++20";
				CLANG_ENABLE_MODULES = YES;
				CLANG_ENABLE_OBJC_ARC = YES;
				CLANG_ENABLE_OBJC_WEAK = YES;
				CLANG_WARN_BLOCK_CAPTURE_AUTORELEASING = YES;
				CLANG_WARN_BOOL_CONVERSION = YES;
				CLANG_WARN_COMMA = YES;
				CLANG_WARN_CONSTANT_CONVERSION = YES;
				CLANG_WARN_DEPRECATED_OBJC_IMPLEMENTATIONS = YES;
				CLANG_WARN_DIRECT_OBJC_ISA_USAGE = YES_ERROR;
				CLANG_WARN_DOCUMENTATION_COMMENTS = YES;
				CLANG_WARN_EMPTY_BODY = YES;
				CLANG_WARN_ENUM_CONVERSION = YES;
				CLANG_WARN_INFINITE_RECURSION = YES;
				CLANG_WARN_INT_CONVERSION = YES;
				CLANG_WARN_NON_LITERAL_NULL_CONVERSION = YES;
				CLANG_WARN_OBJC_IMPLICIT_RETAIN_SELF = YES;
				CLANG_WARN_OBJC_LITERAL_CONVERSION = YES;
				CLANG_WARN_OBJC_ROOT_CLASS = YES_ERROR;
				CLANG_WARN_QUOTED_INCLUDE_IN_FRAMEWORK_HEADER = YES;
				CLANG_WARN_RANGE_LOOP_ANALYSIS = YES;
				CLANG_WARN_STRICT_PROTOTYPES = YES;
				CLANG_WARN_SUSPICIOUS_MOVE = YES;
				CLANG_WARN_UNGUARDED_AVAILABILITY = YES_AGGRESSIVE;
				CLANG_WARN_UNREACHABLE_CODE = YES;
				CLANG_WARN__DUPLICATE_METHOD_MATCH = YES;
				COPY_PHASE_STRIP = NO;
				DEBUG_INFORMATION_FORMAT = dwarf;
				DRIVERKIT_DEPLOYMENT_TARGET = 20.0;
				ENABLE_STRICT_OBJC_MSGSEND = YES;
				ENABLE_TESTABILITY = YES;
				GCC_C_LANGUAGE_STANDARD = gnu11;
				GCC_DYNAMIC_NO_PIC = NO;
				GCC_NO_COMMON_BLOCKS = YES;
				GCC_OPTIMIZATION_LEVEL = 0;
				GCC_PREPROCESSOR_DEFINITIONS = (
					"DEBUG=1",
					"$(inherited)",
				);
				GCC_WARN_64_TO_32_BIT_CONVERSION = YES;
				GCC_WARN_ABOUT_RETURN_TYPE = YES_ERROR;
				GCC_WARN_UNDECLARED_SELECTOR = YES;
				GCC_WARN_UNINITIALIZED_AUTOS = YES_AGGRESSIVE;
				GCC_WARN_UNUSED_FUNCTION = YES;
				GCC_WARN_UNUSED_VARIABLE = YES;
				MACOSX_DEPLOYMENT_TARGET = 12.2;
				MTL_ENABLE_DEBUG_INFO = INCLUDE_SOURCE;
				MTL_FAST_MATH = YES;
				ONLY_ACTIVE_ARCH = YES;
				SDKROOT = macosx;
			};
			name = Debug;
		};
		88B40D632D4B666700DFE7C5 /* Release */ = {
			isa = XCBuildConfiguration;
			buildSettings = {
				ALWAYS_SEARCH_USER_PATHS = NO;
				CLANG_ANALYZER_NONNULL = YES;
				CLANG_ANALYZER_NUMBER_OBJECT_CONVERSION = YES_AGGRESSIVE;
				CLANG_CXX_LANGUAGE_STANDARD = "gnu++20";
				CLANG_ENABLE_MODULES = YES;
				CLANG_ENABLE_OBJC_ARC = YES;
				CLANG_ENABLE_OBJC_WEAK = YES;
				CLANG_WARN_BLOCK_CAPTURE_AUTORELEASING = YES;
				CLANG_WARN_BOOL_CONVERSION = YES;
				CLANG_WARN_COMMA = YES;
				CLANG_WARN_CONSTANT_CONVERSION = YES;
				CLANG_WARN_DEPRECATED_OBJC_IMPLEMENTATIONS = YES;
				CLANG_WARN_DIRECT_OBJC_ISA_USAGE = YES_ERROR;
				CLANG_WARN_DOCUMENTATION_COMMENTS = YES;
				CLANG_WARN_EMPTY_BODY = YES;
				CLANG_WARN_ENUM_CONVERSION = YES;
				CLANG_WARN_INFINITE_RECURSION = YES;
				CLANG_WARN_INT_CONVERSION = YES;
				CLANG_WARN_NON_LITERAL_NULL_CONVERSION = YES;
				CLANG_WARN_OBJC_IMPLICIT_RETAIN_SELF = YES;
				CLANG_WARN_OBJC_LITERAL_CONVERSION = YES;
				CLANG_WARN_OBJC_ROOT_CLASS = YES_ERROR;
				CLANG_WARN_QUOTED_INCLUDE_IN_FRAMEWORK_HEADER = YES;
				CLANG_WARN_RANGE_LOOP_ANALYSIS = YES;
				CLANG_WARN_STRICT_PROTOTYPES = YES;
				CLANG_WARN_SUSPICIOUS_MOVE = YES;
				CLANG_WARN_UNGUARDED_AVAILABILITY = YES_AGGRESSIVE;
				CLANG_WARN_UNREACHABLE_CODE = YES;
				CLANG_WARN__DUPLICATE_METHOD_MATCH = YES;
				COPY_PHASE_STRIP = NO;
				DEBUG_INFORMATION_FORMAT = "dwarf-with-dsym";
				DRIVERKIT_DEPLOYMENT_TARGET = 20.0;
				ENABLE_NS_ASSERTIONS = NO;
				ENABLE_STRICT_OBJC_MSGSEND = YES;
				GCC_C_LANGUAGE_STANDARD = gnu11;
				GCC_NO_COMMON_BLOCKS = YES;
				GCC_WARN_64_TO_32_BIT_CONVERSION = YES;
				GCC_WARN_ABOUT_RETURN_TYPE = YES_ERROR;
				GCC_WARN_UNDECLARED_SELECTOR = YES;
				GCC_WARN_UNINITIALIZED_AUTOS = YES_AGGRESSIVE;
				GCC_WARN_UNUSED_FUNCTION = YES;
				GCC_WARN_UNUSED_VARIABLE = YES;
				MACOSX_DEPLOYMENT_TARGET = 12.2;
				MTL_ENABLE_DEBUG_INFO = NO;
				MTL_FAST_MATH = YES;
				ONLY_ACTIVE_ARCH = YES;
				SDKROOT = macosx;
			};
			name = Release;
		};
		88B40D652D4B666700DFE7C5 /* Debug */ = {
			isa = XCBuildConfiguration;
			buildSettings = {
				CODE_SIGN_ENTITLEMENTS = VSPDriver/VSPDriver.entitlements;
				CODE_SIGN_IDENTITY = "Apple Development";
				CODE_SIGN_STYLE = Automatic;
				CURRENT_PROJECT_VERSION = 2;
				DEVELOPMENT_TEAM = 83NQU389JN;
				DRIVERKIT_DEPLOYMENT_TARGET = 21.6;
				FRAMEWORK_SEARCH_PATHS = (
					"$(inherited)",
					"$(SDKROOT)/System/DriverKit/System/Library/Frameworks",
				);
				GENERATE_INFOPLIST_FILE = YES;
				INFOPLIST_FILE = VSPDriver/Info.plist;
				INFOPLIST_KEY_CFBundleDisplayName = "Virtual Serial Port Driver";
				INFOPLIST_KEY_OSBundleUsageDescription = "Virtual Serial Port Device using DriverKit";
				LIBRARY_SEARCH_PATHS = (
					"$(inherited)",
					"$(SDKROOT)/System/DriverKit/usr/lib/system",
				);
				MARKETING_VERSION = 1.1;
				PRODUCT_BUNDLE_IDENTIFIER = org.eof.tools.VSPDriver;
				PRODUCT_NAME = "$(inherited)";
				PROVISIONING_PROFILE_SPECIFIER = "";
				RUN_CLANG_STATIC_ANALYZER = YES;
				SDKROOT = driverkit;
				SKIP_INSTALL = YES;
				SWIFT_EMIT_LOC_STRINGS = YES;
			};
			name = Debug;
		};
		88B40D662D4B666700DFE7C5 /* Release */ = {
			isa = XCBuildConfiguration;
			buildSettings = {
				CODE_SIGN_ENTITLEMENTS = VSPDriver/VSPDriver.entitlements;
				CODE_SIGN_IDENTITY = "Apple Development";
				CODE_SIGN_STYLE = Automatic;
				CURRENT_PROJECT_VERSION = 2;
				DEVELOPMENT_TEAM = 83NQU389JN;
				DRIVERKIT_DEPLOYMENT_TARGET = 21.6;
				FRAMEWORK_SEARCH_PATHS = (
					"$(inherited)",
					"$(SDKROOT)/System/DriverKit/System/Library/Frameworks",
				);
				GENERATE_INFOPLIST_FILE = YES;
				INFOPLIST_FILE = VSPDriver/Info.plist;
				INFOPLIST_KEY_CFBundleDisplayName = "Virtual Serial Port Driver";
				INFOPLIST_KEY_OSBundleUsageDescription = "Virtual Serial Port Device using DriverKit";
				LIBRARY_SEARCH_PATHS = (
					"$(inherited)",
					"$(SDKROOT)/System/DriverKit/usr/lib/system",
				);
				MARKETING_VERSION = 1.1;
				ONLY_ACTIVE_ARCH = YES;
				PRODUCT_BUNDLE_IDENTIFIER = org.eof.tools.VSPDriver;
				PRODUCT_NAME = "$(inherited)";
				PROVISIONING_PROFILE_SPECIFIER = "";
				RUN_CLANG_STATIC_ANALYZER = YES;
				SDKROOT = driverkit;
				SKIP_INSTALL = YES;
				SWIFT_EMIT_LOC_STRINGS = YES;
			};
			name = Release;
		};
/* End XCBuildConfiguration section */

/* Begin XCConfigurationList section */
		880539F22D4BAFBF00E55104 /* Build configuration list for PBXNativeTarget "VSPInstall" */ = {
			isa = XCConfigurationList;
			buildConfigurations = (
				880539F32D4BAFBF00E55104 /* Debug */,
				880539F42D4BAFBF00E55104 /* Release */,
			);
			defaultConfigurationIsVisible = 0;
			defaultConfigurationName = Debug;
		};
		88B40D512D4B666700DFE7C5 /* Build configuration list for PBXProject "VSPDriver" */ = {
			isa = XCConfigurationList;
			buildConfigurations = (
				88B40D622D4B666700DFE7C5 /* Debug */,
				88B40D632D4B666700DFE7C5 /* Release */,
			);
			defaultConfigurationIsVisible = 0;
			defaultConfigurationName = Debug;
		};
		88B40D642D4B666700DFE7C5 /* Build configuration list for PBXNativeTarget "VSPDriver" */ = {
			isa = XCConfigurationList;
			buildConfigurations = (
				88B40D652D4B666700DFE7C5 /* Debug */,
				88B40D662D4B666700DFE7C5 /* Release */,
			);
			defaultConfigurationIsVisible = 0;
			defaultConfigurationName = Debug;
		};
/* End XCConfigurationList section */

/* Begin XCRemoteSwiftPackageReference section */
		88D938112D53655E009AA45C /* XCRemoteSwiftPackageReference "ORSSerialPort" */ = {
			isa = XCRemoteSwiftPackageReference;
			repositoryURL = "https://github.com/armadsen/ORSSerialPort";
			requirement = {
				kind = upToNextMajorVersion;
				minimumVersion = 2.0.0;
			};
		};
/* End XCRemoteSwiftPackageReference section */

/* Begin XCSwiftPackageProductDependency section */
		8814834C2D5385EC003FB561 /* ORSSerial */ = {
			isa = XCSwiftPackageProductDependency;
			package = 88D938112D53655E009AA45C /* XCRemoteSwiftPackageReference "ORSSerialPort" */;
			productName = ORSSerial;
		};
		88D938122D53655E009AA45C /* ORSSerial */ = {
			isa = XCSwiftPackageProductDependency;
			package = 88D938112D53655E009AA45C /* XCRemoteSwiftPackageReference "ORSSerialPort" */;
			productName = ORSSerial;
		};
/* End XCSwiftPackageProductDependency section */
	};
	rootObject = 88B40D4E2D4B666700DFE7C5 /* Project object */;
}
